// !$*UTF8*$!
{
	archiveVersion = 1;
	classes = {
	};
	objectVersion = 46;
	objects = {

/* Begin PBXBuildFile section */
		CC3431ED1EF6888A00C48A8D /* libiconv.tbd in Frameworks */ = {isa = PBXBuildFile; fileRef = CC3431EC1EF6888A00C48A8D /* libiconv.tbd */; };
		CC84218D1F02C7A90092C7D8 /* CGAffineTransform.m in Sources */ = {isa = PBXBuildFile; fileRef = CC8420BD1F02C7A90092C7D8 /* CGAffineTransform.m */; };
		CC84218E1F02C7A90092C7D8 /* CGPoint.m in Sources */ = {isa = PBXBuildFile; fileRef = CC8420BF1F02C7A90092C7D8 /* CGPoint.m */; };
		CC84218F1F02C7A90092C7D8 /* CGRect.m in Sources */ = {isa = PBXBuildFile; fileRef = CC8420C11F02C7A90092C7D8 /* CGRect.m */; };
		CC8421901F02C7A90092C7D8 /* CGSize.m in Sources */ = {isa = PBXBuildFile; fileRef = CC8420C31F02C7A90092C7D8 /* CGSize.m */; };
		CC8421911F02C7A90092C7D8 /* NSArray.m in Sources */ = {isa = PBXBuildFile; fileRef = CC8420C61F02C7A90092C7D8 /* NSArray.m */; };
		CC8421921F02C7A90092C7D8 /* NSAttributedString.m in Sources */ = {isa = PBXBuildFile; fileRef = CC8420C81F02C7A90092C7D8 /* NSAttributedString.m */; };
		CC8421931F02C7A90092C7D8 /* NSDictionary.m in Sources */ = {isa = PBXBuildFile; fileRef = CC8420CA1F02C7A90092C7D8 /* NSDictionary.m */; };
		CC8421941F02C7A90092C7D8 /* NSError.m in Sources */ = {isa = PBXBuildFile; fileRef = CC8420CC1F02C7A90092C7D8 /* NSError.m */; };
		CC8421951F02C7A90092C7D8 /* NSObject.m in Sources */ = {isa = PBXBuildFile; fileRef = CC8420CE1F02C7A90092C7D8 /* NSObject.m */; };
		CC8421961F02C7A90092C7D8 /* NSURL.m in Sources */ = {isa = PBXBuildFile; fileRef = CC8420D01F02C7A90092C7D8 /* NSURL.m */; };
		CC8421971F02C7A90092C7D8 /* NSURLRequest.m in Sources */ = {isa = PBXBuildFile; fileRef = CC8420D21F02C7A90092C7D8 /* NSURLRequest.m */; };
		CC8421981F02C7A90092C7D8 /* MyWebView.m in Sources */ = {isa = PBXBuildFile; fileRef = CC8420D41F02C7A90092C7D8 /* MyWebView.m */; };
		CC8421991F02C7A90092C7D8 /* Showcase.m in Sources */ = {isa = PBXBuildFile; fileRef = CC8420D61F02C7A90092C7D8 /* Showcase.m */; };
		CC84219A1F02C7A90092C7D8 /* NSLayoutAnchor.m in Sources */ = {isa = PBXBuildFile; fileRef = CC8420D91F02C7A90092C7D8 /* NSLayoutAnchor.m */; };
		CC84219B1F02C7A90092C7D8 /* NSLayoutConstraint.m in Sources */ = {isa = PBXBuildFile; fileRef = CC8420DB1F02C7A90092C7D8 /* NSLayoutConstraint.m */; };
		CC84219C1F02C7A90092C7D8 /* NSLayoutDimension.m in Sources */ = {isa = PBXBuildFile; fileRef = CC8420DD1F02C7A90092C7D8 /* NSLayoutDimension.m */; };
		CC84219D1F02C7A90092C7D8 /* NSLayoutXAxisAnchor.m in Sources */ = {isa = PBXBuildFile; fileRef = CC8420DF1F02C7A90092C7D8 /* NSLayoutXAxisAnchor.m */; };
		CC84219E1F02C7A90092C7D8 /* NSLayoutYAxisAnchor.m in Sources */ = {isa = PBXBuildFile; fileRef = CC8420E11F02C7A90092C7D8 /* NSLayoutYAxisAnchor.m */; };
		CC84219F1F02C7A90092C7D8 /* NSLineBreakMode.m in Sources */ = {isa = PBXBuildFile; fileRef = CC8420E31F02C7A90092C7D8 /* NSLineBreakMode.m */; };
		CC8421A01F02C7A90092C7D8 /* NSTextAlignmentLeft.m in Sources */ = {isa = PBXBuildFile; fileRef = CC8420E51F02C7A90092C7D8 /* NSTextAlignmentLeft.m */; };
		CC8421A11F02C7A90092C7D8 /* UIActivityIndicatorView.m in Sources */ = {isa = PBXBuildFile; fileRef = CC8420E71F02C7A90092C7D8 /* UIActivityIndicatorView.m */; };
		CC8421A21F02C7A90092C7D8 /* UIActivityIndicatorViewStub.m in Sources */ = {isa = PBXBuildFile; fileRef = CC8420E91F02C7A90092C7D8 /* UIActivityIndicatorViewStub.m */; };
		CC8421A31F02C7A90092C7D8 /* UIApplication.m in Sources */ = {isa = PBXBuildFile; fileRef = CC8420EB1F02C7A90092C7D8 /* UIApplication.m */; };
		CC8421A41F02C7A90092C7D8 /* UIApplicationDelegate.m in Sources */ = {isa = PBXBuildFile; fileRef = CC8420ED1F02C7A90092C7D8 /* UIApplicationDelegate.m */; };
		CC8421A51F02C7A90092C7D8 /* UIButton.m in Sources */ = {isa = PBXBuildFile; fileRef = CC8420EF1F02C7A90092C7D8 /* UIButton.m */; };
		CC8421A61F02C7A90092C7D8 /* UIButtonStub.m in Sources */ = {isa = PBXBuildFile; fileRef = CC8420F11F02C7A90092C7D8 /* UIButtonStub.m */; };
		CC8421A71F02C7A90092C7D8 /* UIButtonType.m in Sources */ = {isa = PBXBuildFile; fileRef = CC8420F31F02C7A90092C7D8 /* UIButtonType.m */; };
		CC8421A81F02C7A90092C7D8 /* UIColor.m in Sources */ = {isa = PBXBuildFile; fileRef = CC8420F51F02C7A90092C7D8 /* UIColor.m */; };
		CC8421A91F02C7A90092C7D8 /* UIColorStub.m in Sources */ = {isa = PBXBuildFile; fileRef = CC8420F71F02C7A90092C7D8 /* UIColorStub.m */; };
		CC8421AA1F02C7A90092C7D8 /* UIControl.m in Sources */ = {isa = PBXBuildFile; fileRef = CC8420F91F02C7A90092C7D8 /* UIControl.m */; };
		CC8421AB1F02C7A90092C7D8 /* UIControlContentHorizontalAlignment.m in Sources */ = {isa = PBXBuildFile; fileRef = CC8420FB1F02C7A90092C7D8 /* UIControlContentHorizontalAlignment.m */; };
		CC8421AC1F02C7A90092C7D8 /* UIControlContentVerticalAlignment.m in Sources */ = {isa = PBXBuildFile; fileRef = CC8420FD1F02C7A90092C7D8 /* UIControlContentVerticalAlignment.m */; };
		CC8421AD1F02C7A90092C7D8 /* UIControlEvents.m in Sources */ = {isa = PBXBuildFile; fileRef = CC8420FF1F02C7A90092C7D8 /* UIControlEvents.m */; };
		CC8421AE1F02C7A90092C7D8 /* UIControlState.m in Sources */ = {isa = PBXBuildFile; fileRef = CC8421011F02C7A90092C7D8 /* UIControlState.m */; };
		CC8421AF1F02C7A90092C7D8 /* UIControlStub.m in Sources */ = {isa = PBXBuildFile; fileRef = CC8421031F02C7A90092C7D8 /* UIControlStub.m */; };
		CC8421B01F02C7A90092C7D8 /* UIDatePicker.m in Sources */ = {isa = PBXBuildFile; fileRef = CC8421061F02C7A90092C7D8 /* UIDatePicker.m */; };
		CC8421B11F02C7A90092C7D8 /* UIDatePickerStub.m in Sources */ = {isa = PBXBuildFile; fileRef = CC8421081F02C7A90092C7D8 /* UIDatePickerStub.m */; };
		CC8421B21F02C7A90092C7D8 /* UIEvent.m in Sources */ = {isa = PBXBuildFile; fileRef = CC84210A1F02C7A90092C7D8 /* UIEvent.m */; };
		CC8421B31F02C7A90092C7D8 /* UIEventHandler.m in Sources */ = {isa = PBXBuildFile; fileRef = CC84210C1F02C7A90092C7D8 /* UIEventHandler.m */; };
		CC8421B41F02C7A90092C7D8 /* UIFont.m in Sources */ = {isa = PBXBuildFile; fileRef = CC84210E1F02C7A90092C7D8 /* UIFont.m */; };
		CC8421B51F02C7A90092C7D8 /* UIImage.m in Sources */ = {isa = PBXBuildFile; fileRef = CC8421101F02C7A90092C7D8 /* UIImage.m */; };
		CC8421B61F02C7A90092C7D8 /* UIImageView.m in Sources */ = {isa = PBXBuildFile; fileRef = CC8421121F02C7A90092C7D8 /* UIImageView.m */; };
		CC8421B71F02C7A90092C7D8 /* UIImageViewStub.m in Sources */ = {isa = PBXBuildFile; fileRef = CC8421141F02C7A90092C7D8 /* UIImageViewStub.m */; };
		CC8421B81F02C7A90092C7D8 /* UILabel.m in Sources */ = {isa = PBXBuildFile; fileRef = CC8421161F02C7A90092C7D8 /* UILabel.m */; };
		CC8421B91F02C7A90092C7D8 /* UILabelStub.m in Sources */ = {isa = PBXBuildFile; fileRef = CC8421181F02C7A90092C7D8 /* UILabelStub.m */; };
		CC8421BA1F02C7A90092C7D8 /* UINavigationController.m in Sources */ = {isa = PBXBuildFile; fileRef = CC84211A1F02C7A90092C7D8 /* UINavigationController.m */; };
		CC8421BB1F02C7A90092C7D8 /* UIPageControl.m in Sources */ = {isa = PBXBuildFile; fileRef = CC84211C1F02C7A90092C7D8 /* UIPageControl.m */; };
		CC8421BC1F02C7A90092C7D8 /* UIPageControlStub.m in Sources */ = {isa = PBXBuildFile; fileRef = CC84211E1F02C7A90092C7D8 /* UIPageControlStub.m */; };
		CC8421BD1F02C7A90092C7D8 /* UIPageViewController.m in Sources */ = {isa = PBXBuildFile; fileRef = CC8421201F02C7A90092C7D8 /* UIPageViewController.m */; };
		CC8421BE1F02C7A90092C7D8 /* UIPickerView.m in Sources */ = {isa = PBXBuildFile; fileRef = CC8421221F02C7A90092C7D8 /* UIPickerView.m */; };
		CC8421BF1F02C7A90092C7D8 /* UIPickerViewStub.m in Sources */ = {isa = PBXBuildFile; fileRef = CC8421241F02C7A90092C7D8 /* UIPickerViewStub.m */; };
		CC8421C01F02C7A90092C7D8 /* UIProgressView.m in Sources */ = {isa = PBXBuildFile; fileRef = CC8421261F02C7A90092C7D8 /* UIProgressView.m */; };
		CC8421C11F02C7A90092C7D8 /* UIProgressViewStub.m in Sources */ = {isa = PBXBuildFile; fileRef = CC8421281F02C7A90092C7D8 /* UIProgressViewStub.m */; };
		CC8421C21F02C7A90092C7D8 /* UIResponder.m in Sources */ = {isa = PBXBuildFile; fileRef = CC84212A1F02C7A90092C7D8 /* UIResponder.m */; };
		CC8421C31F02C7A90092C7D8 /* UIResponderStub.m in Sources */ = {isa = PBXBuildFile; fileRef = CC84212C1F02C7A90092C7D8 /* UIResponderStub.m */; };
		CC8421C41F02C7A90092C7D8 /* UIScreen.m in Sources */ = {isa = PBXBuildFile; fileRef = CC84212F1F02C7A90092C7D8 /* UIScreen.m */; };
		CC8421C51F02C7A90092C7D8 /* UIScreenStub.m in Sources */ = {isa = PBXBuildFile; fileRef = CC8421311F02C7A90092C7D8 /* UIScreenStub.m */; };
		CC8421C61F02C7A90092C7D8 /* UIScrollView.m in Sources */ = {isa = PBXBuildFile; fileRef = CC8421341F02C7A90092C7D8 /* UIScrollView.m */; };
		CC8421C71F02C7A90092C7D8 /* UIScrollViewStub.m in Sources */ = {isa = PBXBuildFile; fileRef = CC8421361F02C7A90092C7D8 /* UIScrollViewStub.m */; };
		CC8421C81F02C7A90092C7D8 /* UISegmentedControl.m in Sources */ = {isa = PBXBuildFile; fileRef = CC8421381F02C7A90092C7D8 /* UISegmentedControl.m */; };
		CC8421C91F02C7A90092C7D8 /* UISegmentedControlStub.m in Sources */ = {isa = PBXBuildFile; fileRef = CC84213A1F02C7A90092C7D8 /* UISegmentedControlStub.m */; };
		CC8421CA1F02C7A90092C7D8 /* UISlider.m in Sources */ = {isa = PBXBuildFile; fileRef = CC84213C1F02C7A90092C7D8 /* UISlider.m */; };
		CC8421CB1F02C7A90092C7D8 /* UISliderStub.m in Sources */ = {isa = PBXBuildFile; fileRef = CC84213E1F02C7A90092C7D8 /* UISliderStub.m */; };
		CC8421CC1F02C7AA0092C7D8 /* UISplitViewController.m in Sources */ = {isa = PBXBuildFile; fileRef = CC8421401F02C7A90092C7D8 /* UISplitViewController.m */; };
		CC8421CD1F02C7AA0092C7D8 /* UIStackView.m in Sources */ = {isa = PBXBuildFile; fileRef = CC8421421F02C7A90092C7D8 /* UIStackView.m */; };
		CC8421CE1F02C7AA0092C7D8 /* UIStackViewStub.m in Sources */ = {isa = PBXBuildFile; fileRef = CC8421441F02C7A90092C7D8 /* UIStackViewStub.m */; };
		CC8421CF1F02C7AA0092C7D8 /* UIStepper.m in Sources */ = {isa = PBXBuildFile; fileRef = CC8421461F02C7A90092C7D8 /* UIStepper.m */; };
		CC8421D01F02C7AA0092C7D8 /* UIStepperStub.m in Sources */ = {isa = PBXBuildFile; fileRef = CC8421481F02C7A90092C7D8 /* UIStepperStub.m */; };
		CC8421D11F02C7AA0092C7D8 /* UISwitch.m in Sources */ = {isa = PBXBuildFile; fileRef = CC84214A1F02C7A90092C7D8 /* UISwitch.m */; };
		CC8421D21F02C7AA0092C7D8 /* UISwitchStub.m in Sources */ = {isa = PBXBuildFile; fileRef = CC84214C1F02C7A90092C7D8 /* UISwitchStub.m */; };
		CC8421D31F02C7AA0092C7D8 /* UITextField.m in Sources */ = {isa = PBXBuildFile; fileRef = CC84214E1F02C7A90092C7D8 /* UITextField.m */; };
		CC8421D41F02C7AA0092C7D8 /* UITextFieldStub.m in Sources */ = {isa = PBXBuildFile; fileRef = CC8421501F02C7A90092C7D8 /* UITextFieldStub.m */; };
		CC8421D51F02C7AA0092C7D8 /* UITextView.m in Sources */ = {isa = PBXBuildFile; fileRef = CC8421521F02C7A90092C7D8 /* UITextView.m */; };
		CC8421D61F02C7AA0092C7D8 /* UITextViewStub.m in Sources */ = {isa = PBXBuildFile; fileRef = CC8421541F02C7A90092C7D8 /* UITextViewStub.m */; };
		CC8421D71F02C7AA0092C7D8 /* UIView.m in Sources */ = {isa = PBXBuildFile; fileRef = CC8421561F02C7A90092C7D8 /* UIView.m */; };
		CC8421D81F02C7AA0092C7D8 /* UIViewAutoresizing.m in Sources */ = {isa = PBXBuildFile; fileRef = CC8421581F02C7A90092C7D8 /* UIViewAutoresizing.m */; };
		CC8421D91F02C7AA0092C7D8 /* UIViewContentMode.m in Sources */ = {isa = PBXBuildFile; fileRef = CC84215A1F02C7A90092C7D8 /* UIViewContentMode.m */; };
		CC8421DA1F02C7AA0092C7D8 /* UIViewController.m in Sources */ = {isa = PBXBuildFile; fileRef = CC84215C1F02C7A90092C7D8 /* UIViewController.m */; };
		CC8421DB1F02C7AA0092C7D8 /* UIViewControllerStub.m in Sources */ = {isa = PBXBuildFile; fileRef = CC84215E1F02C7A90092C7D8 /* UIViewControllerStub.m */; };
		CC8421DC1F02C7AA0092C7D8 /* UIViewStub.m in Sources */ = {isa = PBXBuildFile; fileRef = CC8421601F02C7A90092C7D8 /* UIViewStub.m */; };
		CC8421DD1F02C7AA0092C7D8 /* UIViewTintAdjustmentMode.m in Sources */ = {isa = PBXBuildFile; fileRef = CC8421631F02C7A90092C7D8 /* UIViewTintAdjustmentMode.m */; };
		CC8421DE1F02C7AA0092C7D8 /* UIWindow.m in Sources */ = {isa = PBXBuildFile; fileRef = CC8421651F02C7A90092C7D8 /* UIWindow.m */; };
		CC8421DF1F02C7AA0092C7D8 /* UIWindowStub.m in Sources */ = {isa = PBXBuildFile; fileRef = CC8421671F02C7A90092C7D8 /* UIWindowStub.m */; };
		CC8421E01F02C7AA0092C7D8 /* NSURLAuthenticationChallenge.m in Sources */ = {isa = PBXBuildFile; fileRef = CC84216B1F02C7A90092C7D8 /* NSURLAuthenticationChallenge.m */; };
		CC8421E11F02C7AA0092C7D8 /* WKBackForwardList.m in Sources */ = {isa = PBXBuildFile; fileRef = CC84216D1F02C7A90092C7D8 /* WKBackForwardList.m */; };
		CC8421E21F02C7AA0092C7D8 /* WKFrameInfo.m in Sources */ = {isa = PBXBuildFile; fileRef = CC84216F1F02C7A90092C7D8 /* WKFrameInfo.m */; };
		CC8421E31F02C7AA0092C7D8 /* WKNavigation.m in Sources */ = {isa = PBXBuildFile; fileRef = CC8421711F02C7A90092C7D8 /* WKNavigation.m */; };
		CC8421E41F02C7AA0092C7D8 /* WKNavigationAction.m in Sources */ = {isa = PBXBuildFile; fileRef = CC8421731F02C7A90092C7D8 /* WKNavigationAction.m */; };
		CC8421E51F02C7AA0092C7D8 /* WKNavigationActionPolicy.m in Sources */ = {isa = PBXBuildFile; fileRef = CC8421751F02C7A90092C7D8 /* WKNavigationActionPolicy.m */; };
		CC8421E61F02C7AA0092C7D8 /* WKNavigationDelegate.m in Sources */ = {isa = PBXBuildFile; fileRef = CC8421771F02C7A90092C7D8 /* WKNavigationDelegate.m */; };
		CC8421E71F02C7AA0092C7D8 /* WKNavigationResponse.m in Sources */ = {isa = PBXBuildFile; fileRef = CC8421791F02C7A90092C7D8 /* WKNavigationResponse.m */; };
		CC8421E81F02C7AA0092C7D8 /* WKNavigationResponsePolicy.m in Sources */ = {isa = PBXBuildFile; fileRef = CC84217B1F02C7A90092C7D8 /* WKNavigationResponsePolicy.m */; };
		CC8421E91F02C7AA0092C7D8 /* WKOpenPanelParameters.m in Sources */ = {isa = PBXBuildFile; fileRef = CC84217D1F02C7A90092C7D8 /* WKOpenPanelParameters.m */; };
		CC8421EA1F02C7AA0092C7D8 /* WKPreviewElementInfo.m in Sources */ = {isa = PBXBuildFile; fileRef = CC84217F1F02C7A90092C7D8 /* WKPreviewElementInfo.m */; };
		CC8421EB1F02C7AA0092C7D8 /* WKUIDelegate.m in Sources */ = {isa = PBXBuildFile; fileRef = CC8421811F02C7A90092C7D8 /* WKUIDelegate.m */; };
		CC8421EC1F02C7AA0092C7D8 /* WKWebView.m in Sources */ = {isa = PBXBuildFile; fileRef = CC8421831F02C7A90092C7D8 /* WKWebView.m */; };
		CC8421ED1F02C7AA0092C7D8 /* WKWebViewConfiguration.m in Sources */ = {isa = PBXBuildFile; fileRef = CC8421851F02C7A90092C7D8 /* WKWebViewConfiguration.m */; };
		CC8421EE1F02C7AA0092C7D8 /* WKWebViewStub.m in Sources */ = {isa = PBXBuildFile; fileRef = CC8421871F02C7A90092C7D8 /* WKWebViewStub.m */; };
		CC8421EF1F02C7AA0092C7D8 /* WKWindowFeatures.m in Sources */ = {isa = PBXBuildFile; fileRef = CC84218A1F02C7A90092C7D8 /* WKWindowFeatures.m */; };
		CC8421F01F02C7AA0092C7D8 /* WKWebViewDemo.m in Sources */ = {isa = PBXBuildFile; fileRef = CC84218C1F02C7A90092C7D8 /* WKWebViewDemo.m */; };
		CCB521F71EF687E5008AC52F /* main.m in Sources */ = {isa = PBXBuildFile; fileRef = CCB521F61EF687E5008AC52F /* main.m */; };
		CCB522021EF687E5008AC52F /* Assets.xcassets in Resources */ = {isa = PBXBuildFile; fileRef = CCB522011EF687E5008AC52F /* Assets.xcassets */; };
		CCB522051EF687E5008AC52F /* LaunchScreen.storyboard in Resources */ = {isa = PBXBuildFile; fileRef = CCB522031EF687E5008AC52F /* LaunchScreen.storyboard */; };
/* End PBXBuildFile section */

/* Begin PBXFileReference section */
		CC3431EC1EF6888A00C48A8D /* libiconv.tbd */ = {isa = PBXFileReference; lastKnownFileType = "sourcecode.text-based-dylib-definition"; name = libiconv.tbd; path = usr/lib/libiconv.tbd; sourceTree = SDKROOT; };
		CC8420BC1F02C7A90092C7D8 /* CGAffineTransform.h */ = {isa = PBXFileReference; fileEncoding = 4; lastKnownFileType = sourcecode.c.h; path = CGAffineTransform.h; sourceTree = "<group>"; };
		CC8420BD1F02C7A90092C7D8 /* CGAffineTransform.m */ = {isa = PBXFileReference; fileEncoding = 4; lastKnownFileType = sourcecode.c.objc; path = CGAffineTransform.m; sourceTree = "<group>"; };
		CC8420BE1F02C7A90092C7D8 /* CGPoint.h */ = {isa = PBXFileReference; fileEncoding = 4; lastKnownFileType = sourcecode.c.h; path = CGPoint.h; sourceTree = "<group>"; };
		CC8420BF1F02C7A90092C7D8 /* CGPoint.m */ = {isa = PBXFileReference; fileEncoding = 4; lastKnownFileType = sourcecode.c.objc; path = CGPoint.m; sourceTree = "<group>"; };
		CC8420C01F02C7A90092C7D8 /* CGRect.h */ = {isa = PBXFileReference; fileEncoding = 4; lastKnownFileType = sourcecode.c.h; path = CGRect.h; sourceTree = "<group>"; };
		CC8420C11F02C7A90092C7D8 /* CGRect.m */ = {isa = PBXFileReference; fileEncoding = 4; lastKnownFileType = sourcecode.c.objc; path = CGRect.m; sourceTree = "<group>"; };
		CC8420C21F02C7A90092C7D8 /* CGSize.h */ = {isa = PBXFileReference; fileEncoding = 4; lastKnownFileType = sourcecode.c.h; path = CGSize.h; sourceTree = "<group>"; };
		CC8420C31F02C7A90092C7D8 /* CGSize.m */ = {isa = PBXFileReference; fileEncoding = 4; lastKnownFileType = sourcecode.c.objc; path = CGSize.m; sourceTree = "<group>"; };
		CC8420C51F02C7A90092C7D8 /* NSArray.h */ = {isa = PBXFileReference; fileEncoding = 4; lastKnownFileType = sourcecode.c.h; path = NSArray.h; sourceTree = "<group>"; };
		CC8420C61F02C7A90092C7D8 /* NSArray.m */ = {isa = PBXFileReference; fileEncoding = 4; lastKnownFileType = sourcecode.c.objc; path = NSArray.m; sourceTree = "<group>"; };
		CC8420C71F02C7A90092C7D8 /* NSAttributedString.h */ = {isa = PBXFileReference; fileEncoding = 4; lastKnownFileType = sourcecode.c.h; path = NSAttributedString.h; sourceTree = "<group>"; };
		CC8420C81F02C7A90092C7D8 /* NSAttributedString.m */ = {isa = PBXFileReference; fileEncoding = 4; lastKnownFileType = sourcecode.c.objc; path = NSAttributedString.m; sourceTree = "<group>"; };
		CC8420C91F02C7A90092C7D8 /* NSDictionary.h */ = {isa = PBXFileReference; fileEncoding = 4; lastKnownFileType = sourcecode.c.h; path = NSDictionary.h; sourceTree = "<group>"; };
		CC8420CA1F02C7A90092C7D8 /* NSDictionary.m */ = {isa = PBXFileReference; fileEncoding = 4; lastKnownFileType = sourcecode.c.objc; path = NSDictionary.m; sourceTree = "<group>"; };
		CC8420CB1F02C7A90092C7D8 /* NSError.h */ = {isa = PBXFileReference; fileEncoding = 4; lastKnownFileType = sourcecode.c.h; path = NSError.h; sourceTree = "<group>"; };
		CC8420CC1F02C7A90092C7D8 /* NSError.m */ = {isa = PBXFileReference; fileEncoding = 4; lastKnownFileType = sourcecode.c.objc; path = NSError.m; sourceTree = "<group>"; };
		CC8420CD1F02C7A90092C7D8 /* NSObject.h */ = {isa = PBXFileReference; fileEncoding = 4; lastKnownFileType = sourcecode.c.h; path = NSObject.h; sourceTree = "<group>"; };
		CC8420CE1F02C7A90092C7D8 /* NSObject.m */ = {isa = PBXFileReference; fileEncoding = 4; lastKnownFileType = sourcecode.c.objc; path = NSObject.m; sourceTree = "<group>"; };
		CC8420CF1F02C7A90092C7D8 /* NSURL.h */ = {isa = PBXFileReference; fileEncoding = 4; lastKnownFileType = sourcecode.c.h; path = NSURL.h; sourceTree = "<group>"; };
		CC8420D01F02C7A90092C7D8 /* NSURL.m */ = {isa = PBXFileReference; fileEncoding = 4; lastKnownFileType = sourcecode.c.objc; path = NSURL.m; sourceTree = "<group>"; };
		CC8420D11F02C7A90092C7D8 /* NSURLRequest.h */ = {isa = PBXFileReference; fileEncoding = 4; lastKnownFileType = sourcecode.c.h; path = NSURLRequest.h; sourceTree = "<group>"; };
		CC8420D21F02C7A90092C7D8 /* NSURLRequest.m */ = {isa = PBXFileReference; fileEncoding = 4; lastKnownFileType = sourcecode.c.objc; path = NSURLRequest.m; sourceTree = "<group>"; };
		CC8420D31F02C7A90092C7D8 /* MyWebView.h */ = {isa = PBXFileReference; fileEncoding = 4; lastKnownFileType = sourcecode.c.h; path = MyWebView.h; sourceTree = "<group>"; };
		CC8420D41F02C7A90092C7D8 /* MyWebView.m */ = {isa = PBXFileReference; fileEncoding = 4; lastKnownFileType = sourcecode.c.objc; path = MyWebView.m; sourceTree = "<group>"; };
		CC8420D51F02C7A90092C7D8 /* Showcase.h */ = {isa = PBXFileReference; fileEncoding = 4; lastKnownFileType = sourcecode.c.h; path = Showcase.h; sourceTree = "<group>"; };
		CC8420D61F02C7A90092C7D8 /* Showcase.m */ = {isa = PBXFileReference; fileEncoding = 4; lastKnownFileType = sourcecode.c.objc; path = Showcase.m; sourceTree = "<group>"; };
		CC8420D81F02C7A90092C7D8 /* NSLayoutAnchor.h */ = {isa = PBXFileReference; fileEncoding = 4; lastKnownFileType = sourcecode.c.h; path = NSLayoutAnchor.h; sourceTree = "<group>"; };
		CC8420D91F02C7A90092C7D8 /* NSLayoutAnchor.m */ = {isa = PBXFileReference; fileEncoding = 4; lastKnownFileType = sourcecode.c.objc; path = NSLayoutAnchor.m; sourceTree = "<group>"; };
		CC8420DA1F02C7A90092C7D8 /* NSLayoutConstraint.h */ = {isa = PBXFileReference; fileEncoding = 4; lastKnownFileType = sourcecode.c.h; path = NSLayoutConstraint.h; sourceTree = "<group>"; };
		CC8420DB1F02C7A90092C7D8 /* NSLayoutConstraint.m */ = {isa = PBXFileReference; fileEncoding = 4; lastKnownFileType = sourcecode.c.objc; path = NSLayoutConstraint.m; sourceTree = "<group>"; };
		CC8420DC1F02C7A90092C7D8 /* NSLayoutDimension.h */ = {isa = PBXFileReference; fileEncoding = 4; lastKnownFileType = sourcecode.c.h; path = NSLayoutDimension.h; sourceTree = "<group>"; };
		CC8420DD1F02C7A90092C7D8 /* NSLayoutDimension.m */ = {isa = PBXFileReference; fileEncoding = 4; lastKnownFileType = sourcecode.c.objc; path = NSLayoutDimension.m; sourceTree = "<group>"; };
		CC8420DE1F02C7A90092C7D8 /* NSLayoutXAxisAnchor.h */ = {isa = PBXFileReference; fileEncoding = 4; lastKnownFileType = sourcecode.c.h; path = NSLayoutXAxisAnchor.h; sourceTree = "<group>"; };
		CC8420DF1F02C7A90092C7D8 /* NSLayoutXAxisAnchor.m */ = {isa = PBXFileReference; fileEncoding = 4; lastKnownFileType = sourcecode.c.objc; path = NSLayoutXAxisAnchor.m; sourceTree = "<group>"; };
		CC8420E01F02C7A90092C7D8 /* NSLayoutYAxisAnchor.h */ = {isa = PBXFileReference; fileEncoding = 4; lastKnownFileType = sourcecode.c.h; path = NSLayoutYAxisAnchor.h; sourceTree = "<group>"; };
		CC8420E11F02C7A90092C7D8 /* NSLayoutYAxisAnchor.m */ = {isa = PBXFileReference; fileEncoding = 4; lastKnownFileType = sourcecode.c.objc; path = NSLayoutYAxisAnchor.m; sourceTree = "<group>"; };
		CC8420E21F02C7A90092C7D8 /* NSLineBreakMode.h */ = {isa = PBXFileReference; fileEncoding = 4; lastKnownFileType = sourcecode.c.h; path = NSLineBreakMode.h; sourceTree = "<group>"; };
		CC8420E31F02C7A90092C7D8 /* NSLineBreakMode.m */ = {isa = PBXFileReference; fileEncoding = 4; lastKnownFileType = sourcecode.c.objc; path = NSLineBreakMode.m; sourceTree = "<group>"; };
		CC8420E41F02C7A90092C7D8 /* NSTextAlignmentLeft.h */ = {isa = PBXFileReference; fileEncoding = 4; lastKnownFileType = sourcecode.c.h; path = NSTextAlignmentLeft.h; sourceTree = "<group>"; };
		CC8420E51F02C7A90092C7D8 /* NSTextAlignmentLeft.m */ = {isa = PBXFileReference; fileEncoding = 4; lastKnownFileType = sourcecode.c.objc; path = NSTextAlignmentLeft.m; sourceTree = "<group>"; };
		CC8420E61F02C7A90092C7D8 /* UIActivityIndicatorView.h */ = {isa = PBXFileReference; fileEncoding = 4; lastKnownFileType = sourcecode.c.h; path = UIActivityIndicatorView.h; sourceTree = "<group>"; };
		CC8420E71F02C7A90092C7D8 /* UIActivityIndicatorView.m */ = {isa = PBXFileReference; fileEncoding = 4; lastKnownFileType = sourcecode.c.objc; path = UIActivityIndicatorView.m; sourceTree = "<group>"; };
		CC8420E81F02C7A90092C7D8 /* UIActivityIndicatorViewStub.h */ = {isa = PBXFileReference; fileEncoding = 4; lastKnownFileType = sourcecode.c.h; path = UIActivityIndicatorViewStub.h; sourceTree = "<group>"; };
		CC8420E91F02C7A90092C7D8 /* UIActivityIndicatorViewStub.m */ = {isa = PBXFileReference; fileEncoding = 4; lastKnownFileType = sourcecode.c.objc; path = UIActivityIndicatorViewStub.m; sourceTree = "<group>"; };
		CC8420EA1F02C7A90092C7D8 /* UIApplication.h */ = {isa = PBXFileReference; fileEncoding = 4; lastKnownFileType = sourcecode.c.h; path = UIApplication.h; sourceTree = "<group>"; };
		CC8420EB1F02C7A90092C7D8 /* UIApplication.m */ = {isa = PBXFileReference; fileEncoding = 4; lastKnownFileType = sourcecode.c.objc; path = UIApplication.m; sourceTree = "<group>"; };
		CC8420EC1F02C7A90092C7D8 /* UIApplicationDelegate.h */ = {isa = PBXFileReference; fileEncoding = 4; lastKnownFileType = sourcecode.c.h; path = UIApplicationDelegate.h; sourceTree = "<group>"; };
		CC8420ED1F02C7A90092C7D8 /* UIApplicationDelegate.m */ = {isa = PBXFileReference; fileEncoding = 4; lastKnownFileType = sourcecode.c.objc; path = UIApplicationDelegate.m; sourceTree = "<group>"; };
		CC8420EE1F02C7A90092C7D8 /* UIButton.h */ = {isa = PBXFileReference; fileEncoding = 4; lastKnownFileType = sourcecode.c.h; path = UIButton.h; sourceTree = "<group>"; };
		CC8420EF1F02C7A90092C7D8 /* UIButton.m */ = {isa = PBXFileReference; fileEncoding = 4; lastKnownFileType = sourcecode.c.objc; path = UIButton.m; sourceTree = "<group>"; };
		CC8420F01F02C7A90092C7D8 /* UIButtonStub.h */ = {isa = PBXFileReference; fileEncoding = 4; lastKnownFileType = sourcecode.c.h; path = UIButtonStub.h; sourceTree = "<group>"; };
		CC8420F11F02C7A90092C7D8 /* UIButtonStub.m */ = {isa = PBXFileReference; fileEncoding = 4; lastKnownFileType = sourcecode.c.objc; path = UIButtonStub.m; sourceTree = "<group>"; };
		CC8420F21F02C7A90092C7D8 /* UIButtonType.h */ = {isa = PBXFileReference; fileEncoding = 4; lastKnownFileType = sourcecode.c.h; path = UIButtonType.h; sourceTree = "<group>"; };
		CC8420F31F02C7A90092C7D8 /* UIButtonType.m */ = {isa = PBXFileReference; fileEncoding = 4; lastKnownFileType = sourcecode.c.objc; path = UIButtonType.m; sourceTree = "<group>"; };
		CC8420F41F02C7A90092C7D8 /* UIColor.h */ = {isa = PBXFileReference; fileEncoding = 4; lastKnownFileType = sourcecode.c.h; path = UIColor.h; sourceTree = "<group>"; };
		CC8420F51F02C7A90092C7D8 /* UIColor.m */ = {isa = PBXFileReference; fileEncoding = 4; lastKnownFileType = sourcecode.c.objc; path = UIColor.m; sourceTree = "<group>"; };
		CC8420F61F02C7A90092C7D8 /* UIColorStub.h */ = {isa = PBXFileReference; fileEncoding = 4; lastKnownFileType = sourcecode.c.h; path = UIColorStub.h; sourceTree = "<group>"; };
		CC8420F71F02C7A90092C7D8 /* UIColorStub.m */ = {isa = PBXFileReference; fileEncoding = 4; lastKnownFileType = sourcecode.c.objc; path = UIColorStub.m; sourceTree = "<group>"; };
		CC8420F81F02C7A90092C7D8 /* UIControl.h */ = {isa = PBXFileReference; fileEncoding = 4; lastKnownFileType = sourcecode.c.h; path = UIControl.h; sourceTree = "<group>"; };
		CC8420F91F02C7A90092C7D8 /* UIControl.m */ = {isa = PBXFileReference; fileEncoding = 4; lastKnownFileType = sourcecode.c.objc; path = UIControl.m; sourceTree = "<group>"; };
		CC8420FA1F02C7A90092C7D8 /* UIControlContentHorizontalAlignment.h */ = {isa = PBXFileReference; fileEncoding = 4; lastKnownFileType = sourcecode.c.h; path = UIControlContentHorizontalAlignment.h; sourceTree = "<group>"; };
		CC8420FB1F02C7A90092C7D8 /* UIControlContentHorizontalAlignment.m */ = {isa = PBXFileReference; fileEncoding = 4; lastKnownFileType = sourcecode.c.objc; path = UIControlContentHorizontalAlignment.m; sourceTree = "<group>"; };
		CC8420FC1F02C7A90092C7D8 /* UIControlContentVerticalAlignment.h */ = {isa = PBXFileReference; fileEncoding = 4; lastKnownFileType = sourcecode.c.h; path = UIControlContentVerticalAlignment.h; sourceTree = "<group>"; };
		CC8420FD1F02C7A90092C7D8 /* UIControlContentVerticalAlignment.m */ = {isa = PBXFileReference; fileEncoding = 4; lastKnownFileType = sourcecode.c.objc; path = UIControlContentVerticalAlignment.m; sourceTree = "<group>"; };
		CC8420FE1F02C7A90092C7D8 /* UIControlEvents.h */ = {isa = PBXFileReference; fileEncoding = 4; lastKnownFileType = sourcecode.c.h; path = UIControlEvents.h; sourceTree = "<group>"; };
		CC8420FF1F02C7A90092C7D8 /* UIControlEvents.m */ = {isa = PBXFileReference; fileEncoding = 4; lastKnownFileType = sourcecode.c.objc; path = UIControlEvents.m; sourceTree = "<group>"; };
		CC8421001F02C7A90092C7D8 /* UIControlState.h */ = {isa = PBXFileReference; fileEncoding = 4; lastKnownFileType = sourcecode.c.h; path = UIControlState.h; sourceTree = "<group>"; };
		CC8421011F02C7A90092C7D8 /* UIControlState.m */ = {isa = PBXFileReference; fileEncoding = 4; lastKnownFileType = sourcecode.c.objc; path = UIControlState.m; sourceTree = "<group>"; };
		CC8421021F02C7A90092C7D8 /* UIControlStub.h */ = {isa = PBXFileReference; fileEncoding = 4; lastKnownFileType = sourcecode.c.h; path = UIControlStub.h; sourceTree = "<group>"; };
		CC8421031F02C7A90092C7D8 /* UIControlStub.m */ = {isa = PBXFileReference; fileEncoding = 4; lastKnownFileType = sourcecode.c.objc; path = UIControlStub.m; sourceTree = "<group>"; };
		CC8421041F02C7A90092C7D8 /* UIControlStubImpl.h */ = {isa = PBXFileReference; fileEncoding = 4; lastKnownFileType = sourcecode.c.h; path = UIControlStubImpl.h; sourceTree = "<group>"; };
		CC8421051F02C7A90092C7D8 /* UIDatePicker.h */ = {isa = PBXFileReference; fileEncoding = 4; lastKnownFileType = sourcecode.c.h; path = UIDatePicker.h; sourceTree = "<group>"; };
		CC8421061F02C7A90092C7D8 /* UIDatePicker.m */ = {isa = PBXFileReference; fileEncoding = 4; lastKnownFileType = sourcecode.c.objc; path = UIDatePicker.m; sourceTree = "<group>"; };
		CC8421071F02C7A90092C7D8 /* UIDatePickerStub.h */ = {isa = PBXFileReference; fileEncoding = 4; lastKnownFileType = sourcecode.c.h; path = UIDatePickerStub.h; sourceTree = "<group>"; };
		CC8421081F02C7A90092C7D8 /* UIDatePickerStub.m */ = {isa = PBXFileReference; fileEncoding = 4; lastKnownFileType = sourcecode.c.objc; path = UIDatePickerStub.m; sourceTree = "<group>"; };
		CC8421091F02C7A90092C7D8 /* UIEvent.h */ = {isa = PBXFileReference; fileEncoding = 4; lastKnownFileType = sourcecode.c.h; path = UIEvent.h; sourceTree = "<group>"; };
		CC84210A1F02C7A90092C7D8 /* UIEvent.m */ = {isa = PBXFileReference; fileEncoding = 4; lastKnownFileType = sourcecode.c.objc; path = UIEvent.m; sourceTree = "<group>"; };
		CC84210B1F02C7A90092C7D8 /* UIEventHandler.h */ = {isa = PBXFileReference; fileEncoding = 4; lastKnownFileType = sourcecode.c.h; path = UIEventHandler.h; sourceTree = "<group>"; };
		CC84210C1F02C7A90092C7D8 /* UIEventHandler.m */ = {isa = PBXFileReference; fileEncoding = 4; lastKnownFileType = sourcecode.c.objc; path = UIEventHandler.m; sourceTree = "<group>"; };
		CC84210D1F02C7A90092C7D8 /* UIFont.h */ = {isa = PBXFileReference; fileEncoding = 4; lastKnownFileType = sourcecode.c.h; path = UIFont.h; sourceTree = "<group>"; };
		CC84210E1F02C7A90092C7D8 /* UIFont.m */ = {isa = PBXFileReference; fileEncoding = 4; lastKnownFileType = sourcecode.c.objc; path = UIFont.m; sourceTree = "<group>"; };
		CC84210F1F02C7A90092C7D8 /* UIImage.h */ = {isa = PBXFileReference; fileEncoding = 4; lastKnownFileType = sourcecode.c.h; path = UIImage.h; sourceTree = "<group>"; };
		CC8421101F02C7A90092C7D8 /* UIImage.m */ = {isa = PBXFileReference; fileEncoding = 4; lastKnownFileType = sourcecode.c.objc; path = UIImage.m; sourceTree = "<group>"; };
		CC8421111F02C7A90092C7D8 /* UIImageView.h */ = {isa = PBXFileReference; fileEncoding = 4; lastKnownFileType = sourcecode.c.h; path = UIImageView.h; sourceTree = "<group>"; };
		CC8421121F02C7A90092C7D8 /* UIImageView.m */ = {isa = PBXFileReference; fileEncoding = 4; lastKnownFileType = sourcecode.c.objc; path = UIImageView.m; sourceTree = "<group>"; };
		CC8421131F02C7A90092C7D8 /* UIImageViewStub.h */ = {isa = PBXFileReference; fileEncoding = 4; lastKnownFileType = sourcecode.c.h; path = UIImageViewStub.h; sourceTree = "<group>"; };
		CC8421141F02C7A90092C7D8 /* UIImageViewStub.m */ = {isa = PBXFileReference; fileEncoding = 4; lastKnownFileType = sourcecode.c.objc; path = UIImageViewStub.m; sourceTree = "<group>"; };
		CC8421151F02C7A90092C7D8 /* UILabel.h */ = {isa = PBXFileReference; fileEncoding = 4; lastKnownFileType = sourcecode.c.h; path = UILabel.h; sourceTree = "<group>"; };
		CC8421161F02C7A90092C7D8 /* UILabel.m */ = {isa = PBXFileReference; fileEncoding = 4; lastKnownFileType = sourcecode.c.objc; path = UILabel.m; sourceTree = "<group>"; };
		CC8421171F02C7A90092C7D8 /* UILabelStub.h */ = {isa = PBXFileReference; fileEncoding = 4; lastKnownFileType = sourcecode.c.h; path = UILabelStub.h; sourceTree = "<group>"; };
		CC8421181F02C7A90092C7D8 /* UILabelStub.m */ = {isa = PBXFileReference; fileEncoding = 4; lastKnownFileType = sourcecode.c.objc; path = UILabelStub.m; sourceTree = "<group>"; };
		CC8421191F02C7A90092C7D8 /* UINavigationController.h */ = {isa = PBXFileReference; fileEncoding = 4; lastKnownFileType = sourcecode.c.h; path = UINavigationController.h; sourceTree = "<group>"; };
		CC84211A1F02C7A90092C7D8 /* UINavigationController.m */ = {isa = PBXFileReference; fileEncoding = 4; lastKnownFileType = sourcecode.c.objc; path = UINavigationController.m; sourceTree = "<group>"; };
		CC84211B1F02C7A90092C7D8 /* UIPageControl.h */ = {isa = PBXFileReference; fileEncoding = 4; lastKnownFileType = sourcecode.c.h; path = UIPageControl.h; sourceTree = "<group>"; };
		CC84211C1F02C7A90092C7D8 /* UIPageControl.m */ = {isa = PBXFileReference; fileEncoding = 4; lastKnownFileType = sourcecode.c.objc; path = UIPageControl.m; sourceTree = "<group>"; };
		CC84211D1F02C7A90092C7D8 /* UIPageControlStub.h */ = {isa = PBXFileReference; fileEncoding = 4; lastKnownFileType = sourcecode.c.h; path = UIPageControlStub.h; sourceTree = "<group>"; };
		CC84211E1F02C7A90092C7D8 /* UIPageControlStub.m */ = {isa = PBXFileReference; fileEncoding = 4; lastKnownFileType = sourcecode.c.objc; path = UIPageControlStub.m; sourceTree = "<group>"; };
		CC84211F1F02C7A90092C7D8 /* UIPageViewController.h */ = {isa = PBXFileReference; fileEncoding = 4; lastKnownFileType = sourcecode.c.h; path = UIPageViewController.h; sourceTree = "<group>"; };
		CC8421201F02C7A90092C7D8 /* UIPageViewController.m */ = {isa = PBXFileReference; fileEncoding = 4; lastKnownFileType = sourcecode.c.objc; path = UIPageViewController.m; sourceTree = "<group>"; };
		CC8421211F02C7A90092C7D8 /* UIPickerView.h */ = {isa = PBXFileReference; fileEncoding = 4; lastKnownFileType = sourcecode.c.h; path = UIPickerView.h; sourceTree = "<group>"; };
		CC8421221F02C7A90092C7D8 /* UIPickerView.m */ = {isa = PBXFileReference; fileEncoding = 4; lastKnownFileType = sourcecode.c.objc; path = UIPickerView.m; sourceTree = "<group>"; };
		CC8421231F02C7A90092C7D8 /* UIPickerViewStub.h */ = {isa = PBXFileReference; fileEncoding = 4; lastKnownFileType = sourcecode.c.h; path = UIPickerViewStub.h; sourceTree = "<group>"; };
		CC8421241F02C7A90092C7D8 /* UIPickerViewStub.m */ = {isa = PBXFileReference; fileEncoding = 4; lastKnownFileType = sourcecode.c.objc; path = UIPickerViewStub.m; sourceTree = "<group>"; };
		CC8421251F02C7A90092C7D8 /* UIProgressView.h */ = {isa = PBXFileReference; fileEncoding = 4; lastKnownFileType = sourcecode.c.h; path = UIProgressView.h; sourceTree = "<group>"; };
		CC8421261F02C7A90092C7D8 /* UIProgressView.m */ = {isa = PBXFileReference; fileEncoding = 4; lastKnownFileType = sourcecode.c.objc; path = UIProgressView.m; sourceTree = "<group>"; };
		CC8421271F02C7A90092C7D8 /* UIProgressViewStub.h */ = {isa = PBXFileReference; fileEncoding = 4; lastKnownFileType = sourcecode.c.h; path = UIProgressViewStub.h; sourceTree = "<group>"; };
		CC8421281F02C7A90092C7D8 /* UIProgressViewStub.m */ = {isa = PBXFileReference; fileEncoding = 4; lastKnownFileType = sourcecode.c.objc; path = UIProgressViewStub.m; sourceTree = "<group>"; };
		CC8421291F02C7A90092C7D8 /* UIResponder.h */ = {isa = PBXFileReference; fileEncoding = 4; lastKnownFileType = sourcecode.c.h; path = UIResponder.h; sourceTree = "<group>"; };
		CC84212A1F02C7A90092C7D8 /* UIResponder.m */ = {isa = PBXFileReference; fileEncoding = 4; lastKnownFileType = sourcecode.c.objc; path = UIResponder.m; sourceTree = "<group>"; };
		CC84212B1F02C7A90092C7D8 /* UIResponderStub.h */ = {isa = PBXFileReference; fileEncoding = 4; lastKnownFileType = sourcecode.c.h; path = UIResponderStub.h; sourceTree = "<group>"; };
		CC84212C1F02C7A90092C7D8 /* UIResponderStub.m */ = {isa = PBXFileReference; fileEncoding = 4; lastKnownFileType = sourcecode.c.objc; path = UIResponderStub.m; sourceTree = "<group>"; };
		CC84212D1F02C7A90092C7D8 /* UIResponderStubImpl.h */ = {isa = PBXFileReference; fileEncoding = 4; lastKnownFileType = sourcecode.c.h; path = UIResponderStubImpl.h; sourceTree = "<group>"; };
		CC84212E1F02C7A90092C7D8 /* UIScreen.h */ = {isa = PBXFileReference; fileEncoding = 4; lastKnownFileType = sourcecode.c.h; path = UIScreen.h; sourceTree = "<group>"; };
		CC84212F1F02C7A90092C7D8 /* UIScreen.m */ = {isa = PBXFileReference; fileEncoding = 4; lastKnownFileType = sourcecode.c.objc; path = UIScreen.m; sourceTree = "<group>"; };
		CC8421301F02C7A90092C7D8 /* UIScreenStub.h */ = {isa = PBXFileReference; fileEncoding = 4; lastKnownFileType = sourcecode.c.h; path = UIScreenStub.h; sourceTree = "<group>"; };
		CC8421311F02C7A90092C7D8 /* UIScreenStub.m */ = {isa = PBXFileReference; fileEncoding = 4; lastKnownFileType = sourcecode.c.objc; path = UIScreenStub.m; sourceTree = "<group>"; };
		CC8421321F02C7A90092C7D8 /* UIScreenStubImpl.h */ = {isa = PBXFileReference; fileEncoding = 4; lastKnownFileType = sourcecode.c.h; path = UIScreenStubImpl.h; sourceTree = "<group>"; };
		CC8421331F02C7A90092C7D8 /* UIScrollView.h */ = {isa = PBXFileReference; fileEncoding = 4; lastKnownFileType = sourcecode.c.h; path = UIScrollView.h; sourceTree = "<group>"; };
		CC8421341F02C7A90092C7D8 /* UIScrollView.m */ = {isa = PBXFileReference; fileEncoding = 4; lastKnownFileType = sourcecode.c.objc; path = UIScrollView.m; sourceTree = "<group>"; };
		CC8421351F02C7A90092C7D8 /* UIScrollViewStub.h */ = {isa = PBXFileReference; fileEncoding = 4; lastKnownFileType = sourcecode.c.h; path = UIScrollViewStub.h; sourceTree = "<group>"; };
		CC8421361F02C7A90092C7D8 /* UIScrollViewStub.m */ = {isa = PBXFileReference; fileEncoding = 4; lastKnownFileType = sourcecode.c.objc; path = UIScrollViewStub.m; sourceTree = "<group>"; };
		CC8421371F02C7A90092C7D8 /* UISegmentedControl.h */ = {isa = PBXFileReference; fileEncoding = 4; lastKnownFileType = sourcecode.c.h; path = UISegmentedControl.h; sourceTree = "<group>"; };
		CC8421381F02C7A90092C7D8 /* UISegmentedControl.m */ = {isa = PBXFileReference; fileEncoding = 4; lastKnownFileType = sourcecode.c.objc; path = UISegmentedControl.m; sourceTree = "<group>"; };
		CC8421391F02C7A90092C7D8 /* UISegmentedControlStub.h */ = {isa = PBXFileReference; fileEncoding = 4; lastKnownFileType = sourcecode.c.h; path = UISegmentedControlStub.h; sourceTree = "<group>"; };
		CC84213A1F02C7A90092C7D8 /* UISegmentedControlStub.m */ = {isa = PBXFileReference; fileEncoding = 4; lastKnownFileType = sourcecode.c.objc; path = UISegmentedControlStub.m; sourceTree = "<group>"; };
		CC84213B1F02C7A90092C7D8 /* UISlider.h */ = {isa = PBXFileReference; fileEncoding = 4; lastKnownFileType = sourcecode.c.h; path = UISlider.h; sourceTree = "<group>"; };
		CC84213C1F02C7A90092C7D8 /* UISlider.m */ = {isa = PBXFileReference; fileEncoding = 4; lastKnownFileType = sourcecode.c.objc; path = UISlider.m; sourceTree = "<group>"; };
		CC84213D1F02C7A90092C7D8 /* UISliderStub.h */ = {isa = PBXFileReference; fileEncoding = 4; lastKnownFileType = sourcecode.c.h; path = UISliderStub.h; sourceTree = "<group>"; };
		CC84213E1F02C7A90092C7D8 /* UISliderStub.m */ = {isa = PBXFileReference; fileEncoding = 4; lastKnownFileType = sourcecode.c.objc; path = UISliderStub.m; sourceTree = "<group>"; };
		CC84213F1F02C7A90092C7D8 /* UISplitViewController.h */ = {isa = PBXFileReference; fileEncoding = 4; lastKnownFileType = sourcecode.c.h; path = UISplitViewController.h; sourceTree = "<group>"; };
		CC8421401F02C7A90092C7D8 /* UISplitViewController.m */ = {isa = PBXFileReference; fileEncoding = 4; lastKnownFileType = sourcecode.c.objc; path = UISplitViewController.m; sourceTree = "<group>"; };
		CC8421411F02C7A90092C7D8 /* UIStackView.h */ = {isa = PBXFileReference; fileEncoding = 4; lastKnownFileType = sourcecode.c.h; path = UIStackView.h; sourceTree = "<group>"; };
		CC8421421F02C7A90092C7D8 /* UIStackView.m */ = {isa = PBXFileReference; fileEncoding = 4; lastKnownFileType = sourcecode.c.objc; path = UIStackView.m; sourceTree = "<group>"; };
		CC8421431F02C7A90092C7D8 /* UIStackViewStub.h */ = {isa = PBXFileReference; fileEncoding = 4; lastKnownFileType = sourcecode.c.h; path = UIStackViewStub.h; sourceTree = "<group>"; };
		CC8421441F02C7A90092C7D8 /* UIStackViewStub.m */ = {isa = PBXFileReference; fileEncoding = 4; lastKnownFileType = sourcecode.c.objc; path = UIStackViewStub.m; sourceTree = "<group>"; };
		CC8421451F02C7A90092C7D8 /* UIStepper.h */ = {isa = PBXFileReference; fileEncoding = 4; lastKnownFileType = sourcecode.c.h; path = UIStepper.h; sourceTree = "<group>"; };
		CC8421461F02C7A90092C7D8 /* UIStepper.m */ = {isa = PBXFileReference; fileEncoding = 4; lastKnownFileType = sourcecode.c.objc; path = UIStepper.m; sourceTree = "<group>"; };
		CC8421471F02C7A90092C7D8 /* UIStepperStub.h */ = {isa = PBXFileReference; fileEncoding = 4; lastKnownFileType = sourcecode.c.h; path = UIStepperStub.h; sourceTree = "<group>"; };
		CC8421481F02C7A90092C7D8 /* UIStepperStub.m */ = {isa = PBXFileReference; fileEncoding = 4; lastKnownFileType = sourcecode.c.objc; path = UIStepperStub.m; sourceTree = "<group>"; };
		CC8421491F02C7A90092C7D8 /* UISwitch.h */ = {isa = PBXFileReference; fileEncoding = 4; lastKnownFileType = sourcecode.c.h; path = UISwitch.h; sourceTree = "<group>"; };
		CC84214A1F02C7A90092C7D8 /* UISwitch.m */ = {isa = PBXFileReference; fileEncoding = 4; lastKnownFileType = sourcecode.c.objc; path = UISwitch.m; sourceTree = "<group>"; };
		CC84214B1F02C7A90092C7D8 /* UISwitchStub.h */ = {isa = PBXFileReference; fileEncoding = 4; lastKnownFileType = sourcecode.c.h; path = UISwitchStub.h; sourceTree = "<group>"; };
		CC84214C1F02C7A90092C7D8 /* UISwitchStub.m */ = {isa = PBXFileReference; fileEncoding = 4; lastKnownFileType = sourcecode.c.objc; path = UISwitchStub.m; sourceTree = "<group>"; };
		CC84214D1F02C7A90092C7D8 /* UITextField.h */ = {isa = PBXFileReference; fileEncoding = 4; lastKnownFileType = sourcecode.c.h; path = UITextField.h; sourceTree = "<group>"; };
		CC84214E1F02C7A90092C7D8 /* UITextField.m */ = {isa = PBXFileReference; fileEncoding = 4; lastKnownFileType = sourcecode.c.objc; path = UITextField.m; sourceTree = "<group>"; };
		CC84214F1F02C7A90092C7D8 /* UITextFieldStub.h */ = {isa = PBXFileReference; fileEncoding = 4; lastKnownFileType = sourcecode.c.h; path = UITextFieldStub.h; sourceTree = "<group>"; };
		CC8421501F02C7A90092C7D8 /* UITextFieldStub.m */ = {isa = PBXFileReference; fileEncoding = 4; lastKnownFileType = sourcecode.c.objc; path = UITextFieldStub.m; sourceTree = "<group>"; };
		CC8421511F02C7A90092C7D8 /* UITextView.h */ = {isa = PBXFileReference; fileEncoding = 4; lastKnownFileType = sourcecode.c.h; path = UITextView.h; sourceTree = "<group>"; };
		CC8421521F02C7A90092C7D8 /* UITextView.m */ = {isa = PBXFileReference; fileEncoding = 4; lastKnownFileType = sourcecode.c.objc; path = UITextView.m; sourceTree = "<group>"; };
		CC8421531F02C7A90092C7D8 /* UITextViewStub.h */ = {isa = PBXFileReference; fileEncoding = 4; lastKnownFileType = sourcecode.c.h; path = UITextViewStub.h; sourceTree = "<group>"; };
		CC8421541F02C7A90092C7D8 /* UITextViewStub.m */ = {isa = PBXFileReference; fileEncoding = 4; lastKnownFileType = sourcecode.c.objc; path = UITextViewStub.m; sourceTree = "<group>"; };
		CC8421551F02C7A90092C7D8 /* UIView.h */ = {isa = PBXFileReference; fileEncoding = 4; lastKnownFileType = sourcecode.c.h; path = UIView.h; sourceTree = "<group>"; };
		CC8421561F02C7A90092C7D8 /* UIView.m */ = {isa = PBXFileReference; fileEncoding = 4; lastKnownFileType = sourcecode.c.objc; path = UIView.m; sourceTree = "<group>"; };
		CC8421571F02C7A90092C7D8 /* UIViewAutoresizing.h */ = {isa = PBXFileReference; fileEncoding = 4; lastKnownFileType = sourcecode.c.h; path = UIViewAutoresizing.h; sourceTree = "<group>"; };
		CC8421581F02C7A90092C7D8 /* UIViewAutoresizing.m */ = {isa = PBXFileReference; fileEncoding = 4; lastKnownFileType = sourcecode.c.objc; path = UIViewAutoresizing.m; sourceTree = "<group>"; };
		CC8421591F02C7A90092C7D8 /* UIViewContentMode.h */ = {isa = PBXFileReference; fileEncoding = 4; lastKnownFileType = sourcecode.c.h; path = UIViewContentMode.h; sourceTree = "<group>"; };
		CC84215A1F02C7A90092C7D8 /* UIViewContentMode.m */ = {isa = PBXFileReference; fileEncoding = 4; lastKnownFileType = sourcecode.c.objc; path = UIViewContentMode.m; sourceTree = "<group>"; };
		CC84215B1F02C7A90092C7D8 /* UIViewController.h */ = {isa = PBXFileReference; fileEncoding = 4; lastKnownFileType = sourcecode.c.h; path = UIViewController.h; sourceTree = "<group>"; };
		CC84215C1F02C7A90092C7D8 /* UIViewController.m */ = {isa = PBXFileReference; fileEncoding = 4; lastKnownFileType = sourcecode.c.objc; path = UIViewController.m; sourceTree = "<group>"; };
		CC84215D1F02C7A90092C7D8 /* UIViewControllerStub.h */ = {isa = PBXFileReference; fileEncoding = 4; lastKnownFileType = sourcecode.c.h; path = UIViewControllerStub.h; sourceTree = "<group>"; };
		CC84215E1F02C7A90092C7D8 /* UIViewControllerStub.m */ = {isa = PBXFileReference; fileEncoding = 4; lastKnownFileType = sourcecode.c.objc; path = UIViewControllerStub.m; sourceTree = "<group>"; };
		CC84215F1F02C7A90092C7D8 /* UIViewStub.h */ = {isa = PBXFileReference; fileEncoding = 4; lastKnownFileType = sourcecode.c.h; path = UIViewStub.h; sourceTree = "<group>"; };
		CC8421601F02C7A90092C7D8 /* UIViewStub.m */ = {isa = PBXFileReference; fileEncoding = 4; lastKnownFileType = sourcecode.c.objc; path = UIViewStub.m; sourceTree = "<group>"; };
		CC8421611F02C7A90092C7D8 /* UIViewStubImpl.h */ = {isa = PBXFileReference; fileEncoding = 4; lastKnownFileType = sourcecode.c.h; path = UIViewStubImpl.h; sourceTree = "<group>"; };
		CC8421621F02C7A90092C7D8 /* UIViewTintAdjustmentMode.h */ = {isa = PBXFileReference; fileEncoding = 4; lastKnownFileType = sourcecode.c.h; path = UIViewTintAdjustmentMode.h; sourceTree = "<group>"; };
		CC8421631F02C7A90092C7D8 /* UIViewTintAdjustmentMode.m */ = {isa = PBXFileReference; fileEncoding = 4; lastKnownFileType = sourcecode.c.objc; path = UIViewTintAdjustmentMode.m; sourceTree = "<group>"; };
		CC8421641F02C7A90092C7D8 /* UIWindow.h */ = {isa = PBXFileReference; fileEncoding = 4; lastKnownFileType = sourcecode.c.h; path = UIWindow.h; sourceTree = "<group>"; };
		CC8421651F02C7A90092C7D8 /* UIWindow.m */ = {isa = PBXFileReference; fileEncoding = 4; lastKnownFileType = sourcecode.c.objc; path = UIWindow.m; sourceTree = "<group>"; };
		CC8421661F02C7A90092C7D8 /* UIWindowStub.h */ = {isa = PBXFileReference; fileEncoding = 4; lastKnownFileType = sourcecode.c.h; path = UIWindowStub.h; sourceTree = "<group>"; };
		CC8421671F02C7A90092C7D8 /* UIWindowStub.m */ = {isa = PBXFileReference; fileEncoding = 4; lastKnownFileType = sourcecode.c.objc; path = UIWindowStub.m; sourceTree = "<group>"; };
		CC8421681F02C7A90092C7D8 /* UIWindowStubImpl.h */ = {isa = PBXFileReference; fileEncoding = 4; lastKnownFileType = sourcecode.c.h; path = UIWindowStubImpl.h; sourceTree = "<group>"; };
		CC84216A1F02C7A90092C7D8 /* NSURLAuthenticationChallenge.h */ = {isa = PBXFileReference; fileEncoding = 4; lastKnownFileType = sourcecode.c.h; path = NSURLAuthenticationChallenge.h; sourceTree = "<group>"; };
		CC84216B1F02C7A90092C7D8 /* NSURLAuthenticationChallenge.m */ = {isa = PBXFileReference; fileEncoding = 4; lastKnownFileType = sourcecode.c.objc; path = NSURLAuthenticationChallenge.m; sourceTree = "<group>"; };
		CC84216C1F02C7A90092C7D8 /* WKBackForwardList.h */ = {isa = PBXFileReference; fileEncoding = 4; lastKnownFileType = sourcecode.c.h; path = WKBackForwardList.h; sourceTree = "<group>"; };
		CC84216D1F02C7A90092C7D8 /* WKBackForwardList.m */ = {isa = PBXFileReference; fileEncoding = 4; lastKnownFileType = sourcecode.c.objc; path = WKBackForwardList.m; sourceTree = "<group>"; };
		CC84216E1F02C7A90092C7D8 /* WKFrameInfo.h */ = {isa = PBXFileReference; fileEncoding = 4; lastKnownFileType = sourcecode.c.h; path = WKFrameInfo.h; sourceTree = "<group>"; };
		CC84216F1F02C7A90092C7D8 /* WKFrameInfo.m */ = {isa = PBXFileReference; fileEncoding = 4; lastKnownFileType = sourcecode.c.objc; path = WKFrameInfo.m; sourceTree = "<group>"; };
		CC8421701F02C7A90092C7D8 /* WKNavigation.h */ = {isa = PBXFileReference; fileEncoding = 4; lastKnownFileType = sourcecode.c.h; path = WKNavigation.h; sourceTree = "<group>"; };
		CC8421711F02C7A90092C7D8 /* WKNavigation.m */ = {isa = PBXFileReference; fileEncoding = 4; lastKnownFileType = sourcecode.c.objc; path = WKNavigation.m; sourceTree = "<group>"; };
		CC8421721F02C7A90092C7D8 /* WKNavigationAction.h */ = {isa = PBXFileReference; fileEncoding = 4; lastKnownFileType = sourcecode.c.h; path = WKNavigationAction.h; sourceTree = "<group>"; };
		CC8421731F02C7A90092C7D8 /* WKNavigationAction.m */ = {isa = PBXFileReference; fileEncoding = 4; lastKnownFileType = sourcecode.c.objc; path = WKNavigationAction.m; sourceTree = "<group>"; };
		CC8421741F02C7A90092C7D8 /* WKNavigationActionPolicy.h */ = {isa = PBXFileReference; fileEncoding = 4; lastKnownFileType = sourcecode.c.h; path = WKNavigationActionPolicy.h; sourceTree = "<group>"; };
		CC8421751F02C7A90092C7D8 /* WKNavigationActionPolicy.m */ = {isa = PBXFileReference; fileEncoding = 4; lastKnownFileType = sourcecode.c.objc; path = WKNavigationActionPolicy.m; sourceTree = "<group>"; };
		CC8421761F02C7A90092C7D8 /* WKNavigationDelegate.h */ = {isa = PBXFileReference; fileEncoding = 4; lastKnownFileType = sourcecode.c.h; path = WKNavigationDelegate.h; sourceTree = "<group>"; };
		CC8421771F02C7A90092C7D8 /* WKNavigationDelegate.m */ = {isa = PBXFileReference; fileEncoding = 4; lastKnownFileType = sourcecode.c.objc; path = WKNavigationDelegate.m; sourceTree = "<group>"; };
		CC8421781F02C7A90092C7D8 /* WKNavigationResponse.h */ = {isa = PBXFileReference; fileEncoding = 4; lastKnownFileType = sourcecode.c.h; path = WKNavigationResponse.h; sourceTree = "<group>"; };
		CC8421791F02C7A90092C7D8 /* WKNavigationResponse.m */ = {isa = PBXFileReference; fileEncoding = 4; lastKnownFileType = sourcecode.c.objc; path = WKNavigationResponse.m; sourceTree = "<group>"; };
		CC84217A1F02C7A90092C7D8 /* WKNavigationResponsePolicy.h */ = {isa = PBXFileReference; fileEncoding = 4; lastKnownFileType = sourcecode.c.h; path = WKNavigationResponsePolicy.h; sourceTree = "<group>"; };
		CC84217B1F02C7A90092C7D8 /* WKNavigationResponsePolicy.m */ = {isa = PBXFileReference; fileEncoding = 4; lastKnownFileType = sourcecode.c.objc; path = WKNavigationResponsePolicy.m; sourceTree = "<group>"; };
		CC84217C1F02C7A90092C7D8 /* WKOpenPanelParameters.h */ = {isa = PBXFileReference; fileEncoding = 4; lastKnownFileType = sourcecode.c.h; path = WKOpenPanelParameters.h; sourceTree = "<group>"; };
		CC84217D1F02C7A90092C7D8 /* WKOpenPanelParameters.m */ = {isa = PBXFileReference; fileEncoding = 4; lastKnownFileType = sourcecode.c.objc; path = WKOpenPanelParameters.m; sourceTree = "<group>"; };
		CC84217E1F02C7A90092C7D8 /* WKPreviewElementInfo.h */ = {isa = PBXFileReference; fileEncoding = 4; lastKnownFileType = sourcecode.c.h; path = WKPreviewElementInfo.h; sourceTree = "<group>"; };
		CC84217F1F02C7A90092C7D8 /* WKPreviewElementInfo.m */ = {isa = PBXFileReference; fileEncoding = 4; lastKnownFileType = sourcecode.c.objc; path = WKPreviewElementInfo.m; sourceTree = "<group>"; };
		CC8421801F02C7A90092C7D8 /* WKUIDelegate.h */ = {isa = PBXFileReference; fileEncoding = 4; lastKnownFileType = sourcecode.c.h; path = WKUIDelegate.h; sourceTree = "<group>"; };
		CC8421811F02C7A90092C7D8 /* WKUIDelegate.m */ = {isa = PBXFileReference; fileEncoding = 4; lastKnownFileType = sourcecode.c.objc; path = WKUIDelegate.m; sourceTree = "<group>"; };
		CC8421821F02C7A90092C7D8 /* WKWebView.h */ = {isa = PBXFileReference; fileEncoding = 4; lastKnownFileType = sourcecode.c.h; path = WKWebView.h; sourceTree = "<group>"; };
		CC8421831F02C7A90092C7D8 /* WKWebView.m */ = {isa = PBXFileReference; fileEncoding = 4; lastKnownFileType = sourcecode.c.objc; path = WKWebView.m; sourceTree = "<group>"; };
		CC8421841F02C7A90092C7D8 /* WKWebViewConfiguration.h */ = {isa = PBXFileReference; fileEncoding = 4; lastKnownFileType = sourcecode.c.h; path = WKWebViewConfiguration.h; sourceTree = "<group>"; };
		CC8421851F02C7A90092C7D8 /* WKWebViewConfiguration.m */ = {isa = PBXFileReference; fileEncoding = 4; lastKnownFileType = sourcecode.c.objc; path = WKWebViewConfiguration.m; sourceTree = "<group>"; };
		CC8421861F02C7A90092C7D8 /* WKWebViewStub.h */ = {isa = PBXFileReference; fileEncoding = 4; lastKnownFileType = sourcecode.c.h; path = WKWebViewStub.h; sourceTree = "<group>"; };
		CC8421871F02C7A90092C7D8 /* WKWebViewStub.m */ = {isa = PBXFileReference; fileEncoding = 4; lastKnownFileType = sourcecode.c.objc; path = WKWebViewStub.m; sourceTree = "<group>"; };
		CC8421881F02C7A90092C7D8 /* WKWebViewStubImpl.h */ = {isa = PBXFileReference; fileEncoding = 4; lastKnownFileType = sourcecode.c.h; path = WKWebViewStubImpl.h; sourceTree = "<group>"; };
		CC8421891F02C7A90092C7D8 /* WKWindowFeatures.h */ = {isa = PBXFileReference; fileEncoding = 4; lastKnownFileType = sourcecode.c.h; path = WKWindowFeatures.h; sourceTree = "<group>"; };
		CC84218A1F02C7A90092C7D8 /* WKWindowFeatures.m */ = {isa = PBXFileReference; fileEncoding = 4; lastKnownFileType = sourcecode.c.objc; path = WKWindowFeatures.m; sourceTree = "<group>"; };
		CC84218B1F02C7A90092C7D8 /* WKWebViewDemo.h */ = {isa = PBXFileReference; fileEncoding = 4; lastKnownFileType = sourcecode.c.h; path = WKWebViewDemo.h; sourceTree = "<group>"; };
		CC84218C1F02C7A90092C7D8 /* WKWebViewDemo.m */ = {isa = PBXFileReference; fileEncoding = 4; lastKnownFileType = sourcecode.c.objc; path = WKWebViewDemo.m; sourceTree = "<group>"; };
		CCB521F21EF687E5008AC52F /* UIKit4J.app */ = {isa = PBXFileReference; explicitFileType = wrapper.application; includeInIndex = 0; path = UIKit4J.app; sourceTree = BUILT_PRODUCTS_DIR; };
		CCB521F61EF687E5008AC52F /* main.m */ = {isa = PBXFileReference; lastKnownFileType = sourcecode.c.objc; path = main.m; sourceTree = "<group>"; };
		CCB522011EF687E5008AC52F /* Assets.xcassets */ = {isa = PBXFileReference; lastKnownFileType = folder.assetcatalog; path = Assets.xcassets; sourceTree = "<group>"; };
		CCB522041EF687E5008AC52F /* Base */ = {isa = PBXFileReference; lastKnownFileType = file.storyboard; name = Base; path = Base.lproj/LaunchScreen.storyboard; sourceTree = "<group>"; };
		CCB522061EF687E5008AC52F /* Info.plist */ = {isa = PBXFileReference; lastKnownFileType = text.plist.xml; path = Info.plist; sourceTree = "<group>"; };
/* End PBXFileReference section */

/* Begin PBXFrameworksBuildPhase section */
		CCB521EF1EF687E5008AC52F /* Frameworks */ = {
			isa = PBXFrameworksBuildPhase;
			buildActionMask = 2147483647;
			files = (
				CC3431ED1EF6888A00C48A8D /* libiconv.tbd in Frameworks */,
			);
			runOnlyForDeploymentPostprocessing = 0;
		};
/* End PBXFrameworksBuildPhase section */

/* Begin PBXGroup section */
		CC3431EB1EF6888A00C48A8D /* Frameworks */ = {
			isa = PBXGroup;
			children = (
				CC3431EC1EF6888A00C48A8D /* libiconv.tbd */,
			);
			name = Frameworks;
			sourceTree = "<group>";
		};
		CC3431EF1EF68D6900C48A8D /* java */ = {
			isa = PBXGroup;
			children = (
				CC8420B71F02C7A90092C7D8 /* org */,
			);
			name = java;
			sourceTree = "<group>";
		};
		CC8420B71F02C7A90092C7D8 /* org */ = {
			isa = PBXGroup;
			children = (
				CC8420B81F02C7A90092C7D8 /* chamomile */,
			);
			name = org;
			path = ../build/objc/org;
			sourceTree = "<group>";
		};
		CC8420B81F02C7A90092C7D8 /* chamomile */ = {
			isa = PBXGroup;
			children = (
				CC8420B91F02C7A90092C7D8 /* ios */,
			);
			path = chamomile;
			sourceTree = "<group>";
		};
		CC8420B91F02C7A90092C7D8 /* ios */ = {
			isa = PBXGroup;
			children = (
				CC8420BA1F02C7A90092C7D8 /* core */,
				CC8420C41F02C7A90092C7D8 /* foundation */,
				CC8420D31F02C7A90092C7D8 /* MyWebView.h */,
				CC8420D41F02C7A90092C7D8 /* MyWebView.m */,
				CC8420D51F02C7A90092C7D8 /* Showcase.h */,
				CC8420D61F02C7A90092C7D8 /* Showcase.m */,
				CC8420D71F02C7A90092C7D8 /* uikit */,
				CC8421691F02C7A90092C7D8 /* webkit */,
				CC84218B1F02C7A90092C7D8 /* WKWebViewDemo.h */,
				CC84218C1F02C7A90092C7D8 /* WKWebViewDemo.m */,
			);
			path = ios;
			sourceTree = "<group>";
		};
		CC8420BA1F02C7A90092C7D8 /* core */ = {
			isa = PBXGroup;
			children = (
				CC8420BB1F02C7A90092C7D8 /* graphics */,
			);
			path = core;
			sourceTree = "<group>";
		};
		CC8420BB1F02C7A90092C7D8 /* graphics */ = {
			isa = PBXGroup;
			children = (
				CC8420BC1F02C7A90092C7D8 /* CGAffineTransform.h */,
				CC8420BD1F02C7A90092C7D8 /* CGAffineTransform.m */,
				CC8420BE1F02C7A90092C7D8 /* CGPoint.h */,
				CC8420BF1F02C7A90092C7D8 /* CGPoint.m */,
				CC8420C01F02C7A90092C7D8 /* CGRect.h */,
				CC8420C11F02C7A90092C7D8 /* CGRect.m */,
				CC8420C21F02C7A90092C7D8 /* CGSize.h */,
				CC8420C31F02C7A90092C7D8 /* CGSize.m */,
			);
			path = graphics;
			sourceTree = "<group>";
		};
		CC8420C41F02C7A90092C7D8 /* foundation */ = {
			isa = PBXGroup;
			children = (
				CC8420C51F02C7A90092C7D8 /* NSArray.h */,
				CC8420C61F02C7A90092C7D8 /* NSArray.m */,
				CC8420C71F02C7A90092C7D8 /* NSAttributedString.h */,
				CC8420C81F02C7A90092C7D8 /* NSAttributedString.m */,
				CC8420C91F02C7A90092C7D8 /* NSDictionary.h */,
				CC8420CA1F02C7A90092C7D8 /* NSDictionary.m */,
				CC8420CB1F02C7A90092C7D8 /* NSError.h */,
				CC8420CC1F02C7A90092C7D8 /* NSError.m */,
				CC8420CD1F02C7A90092C7D8 /* NSObject.h */,
				CC8420CE1F02C7A90092C7D8 /* NSObject.m */,
				CC8420CF1F02C7A90092C7D8 /* NSURL.h */,
				CC8420D01F02C7A90092C7D8 /* NSURL.m */,
				CC8420D11F02C7A90092C7D8 /* NSURLRequest.h */,
				CC8420D21F02C7A90092C7D8 /* NSURLRequest.m */,
			);
			path = foundation;
			sourceTree = "<group>";
		};
		CC8420D71F02C7A90092C7D8 /* uikit */ = {
			isa = PBXGroup;
			children = (
				CC8420D81F02C7A90092C7D8 /* NSLayoutAnchor.h */,
				CC8420D91F02C7A90092C7D8 /* NSLayoutAnchor.m */,
				CC8420DA1F02C7A90092C7D8 /* NSLayoutConstraint.h */,
				CC8420DB1F02C7A90092C7D8 /* NSLayoutConstraint.m */,
				CC8420DC1F02C7A90092C7D8 /* NSLayoutDimension.h */,
				CC8420DD1F02C7A90092C7D8 /* NSLayoutDimension.m */,
				CC8420DE1F02C7A90092C7D8 /* NSLayoutXAxisAnchor.h */,
				CC8420DF1F02C7A90092C7D8 /* NSLayoutXAxisAnchor.m */,
				CC8420E01F02C7A90092C7D8 /* NSLayoutYAxisAnchor.h */,
				CC8420E11F02C7A90092C7D8 /* NSLayoutYAxisAnchor.m */,
				CC8420E21F02C7A90092C7D8 /* NSLineBreakMode.h */,
				CC8420E31F02C7A90092C7D8 /* NSLineBreakMode.m */,
				CC8420E41F02C7A90092C7D8 /* NSTextAlignmentLeft.h */,
				CC8420E51F02C7A90092C7D8 /* NSTextAlignmentLeft.m */,
				CC8420E61F02C7A90092C7D8 /* UIActivityIndicatorView.h */,
				CC8420E71F02C7A90092C7D8 /* UIActivityIndicatorView.m */,
				CC8420E81F02C7A90092C7D8 /* UIActivityIndicatorViewStub.h */,
				CC8420E91F02C7A90092C7D8 /* UIActivityIndicatorViewStub.m */,
				CC8420EA1F02C7A90092C7D8 /* UIApplication.h */,
				CC8420EB1F02C7A90092C7D8 /* UIApplication.m */,
				CC8420EC1F02C7A90092C7D8 /* UIApplicationDelegate.h */,
				CC8420ED1F02C7A90092C7D8 /* UIApplicationDelegate.m */,
				CC8420EE1F02C7A90092C7D8 /* UIButton.h */,
				CC8420EF1F02C7A90092C7D8 /* UIButton.m */,
				CC8420F01F02C7A90092C7D8 /* UIButtonStub.h */,
				CC8420F11F02C7A90092C7D8 /* UIButtonStub.m */,
				CC8420F21F02C7A90092C7D8 /* UIButtonType.h */,
				CC8420F31F02C7A90092C7D8 /* UIButtonType.m */,
				CC8420F41F02C7A90092C7D8 /* UIColor.h */,
				CC8420F51F02C7A90092C7D8 /* UIColor.m */,
				CC8420F61F02C7A90092C7D8 /* UIColorStub.h */,
				CC8420F71F02C7A90092C7D8 /* UIColorStub.m */,
				CC8420F81F02C7A90092C7D8 /* UIControl.h */,
				CC8420F91F02C7A90092C7D8 /* UIControl.m */,
				CC8420FA1F02C7A90092C7D8 /* UIControlContentHorizontalAlignment.h */,
				CC8420FB1F02C7A90092C7D8 /* UIControlContentHorizontalAlignment.m */,
				CC8420FC1F02C7A90092C7D8 /* UIControlContentVerticalAlignment.h */,
				CC8420FD1F02C7A90092C7D8 /* UIControlContentVerticalAlignment.m */,
				CC8420FE1F02C7A90092C7D8 /* UIControlEvents.h */,
				CC8420FF1F02C7A90092C7D8 /* UIControlEvents.m */,
				CC8421001F02C7A90092C7D8 /* UIControlState.h */,
				CC8421011F02C7A90092C7D8 /* UIControlState.m */,
				CC8421021F02C7A90092C7D8 /* UIControlStub.h */,
				CC8421031F02C7A90092C7D8 /* UIControlStub.m */,
				CC8421041F02C7A90092C7D8 /* UIControlStubImpl.h */,
				CC8421051F02C7A90092C7D8 /* UIDatePicker.h */,
				CC8421061F02C7A90092C7D8 /* UIDatePicker.m */,
				CC8421071F02C7A90092C7D8 /* UIDatePickerStub.h */,
				CC8421081F02C7A90092C7D8 /* UIDatePickerStub.m */,
				CC8421091F02C7A90092C7D8 /* UIEvent.h */,
				CC84210A1F02C7A90092C7D8 /* UIEvent.m */,
				CC84210B1F02C7A90092C7D8 /* UIEventHandler.h */,
				CC84210C1F02C7A90092C7D8 /* UIEventHandler.m */,
				CC84210D1F02C7A90092C7D8 /* UIFont.h */,
				CC84210E1F02C7A90092C7D8 /* UIFont.m */,
				CC84210F1F02C7A90092C7D8 /* UIImage.h */,
				CC8421101F02C7A90092C7D8 /* UIImage.m */,
				CC8421111F02C7A90092C7D8 /* UIImageView.h */,
				CC8421121F02C7A90092C7D8 /* UIImageView.m */,
				CC8421131F02C7A90092C7D8 /* UIImageViewStub.h */,
				CC8421141F02C7A90092C7D8 /* UIImageViewStub.m */,
				CC8421151F02C7A90092C7D8 /* UILabel.h */,
				CC8421161F02C7A90092C7D8 /* UILabel.m */,
				CC8421171F02C7A90092C7D8 /* UILabelStub.h */,
				CC8421181F02C7A90092C7D8 /* UILabelStub.m */,
				CC8421191F02C7A90092C7D8 /* UINavigationController.h */,
				CC84211A1F02C7A90092C7D8 /* UINavigationController.m */,
				CC84211B1F02C7A90092C7D8 /* UIPageControl.h */,
				CC84211C1F02C7A90092C7D8 /* UIPageControl.m */,
				CC84211D1F02C7A90092C7D8 /* UIPageControlStub.h */,
				CC84211E1F02C7A90092C7D8 /* UIPageControlStub.m */,
				CC84211F1F02C7A90092C7D8 /* UIPageViewController.h */,
				CC8421201F02C7A90092C7D8 /* UIPageViewController.m */,
				CC8421211F02C7A90092C7D8 /* UIPickerView.h */,
				CC8421221F02C7A90092C7D8 /* UIPickerView.m */,
				CC8421231F02C7A90092C7D8 /* UIPickerViewStub.h */,
				CC8421241F02C7A90092C7D8 /* UIPickerViewStub.m */,
				CC8421251F02C7A90092C7D8 /* UIProgressView.h */,
				CC8421261F02C7A90092C7D8 /* UIProgressView.m */,
				CC8421271F02C7A90092C7D8 /* UIProgressViewStub.h */,
				CC8421281F02C7A90092C7D8 /* UIProgressViewStub.m */,
				CC8421291F02C7A90092C7D8 /* UIResponder.h */,
				CC84212A1F02C7A90092C7D8 /* UIResponder.m */,
				CC84212B1F02C7A90092C7D8 /* UIResponderStub.h */,
				CC84212C1F02C7A90092C7D8 /* UIResponderStub.m */,
				CC84212D1F02C7A90092C7D8 /* UIResponderStubImpl.h */,
				CC84212E1F02C7A90092C7D8 /* UIScreen.h */,
				CC84212F1F02C7A90092C7D8 /* UIScreen.m */,
				CC8421301F02C7A90092C7D8 /* UIScreenStub.h */,
				CC8421311F02C7A90092C7D8 /* UIScreenStub.m */,
				CC8421321F02C7A90092C7D8 /* UIScreenStubImpl.h */,
				CC8421331F02C7A90092C7D8 /* UIScrollView.h */,
				CC8421341F02C7A90092C7D8 /* UIScrollView.m */,
				CC8421351F02C7A90092C7D8 /* UIScrollViewStub.h */,
				CC8421361F02C7A90092C7D8 /* UIScrollViewStub.m */,
				CC8421371F02C7A90092C7D8 /* UISegmentedControl.h */,
				CC8421381F02C7A90092C7D8 /* UISegmentedControl.m */,
				CC8421391F02C7A90092C7D8 /* UISegmentedControlStub.h */,
				CC84213A1F02C7A90092C7D8 /* UISegmentedControlStub.m */,
				CC84213B1F02C7A90092C7D8 /* UISlider.h */,
				CC84213C1F02C7A90092C7D8 /* UISlider.m */,
				CC84213D1F02C7A90092C7D8 /* UISliderStub.h */,
				CC84213E1F02C7A90092C7D8 /* UISliderStub.m */,
				CC84213F1F02C7A90092C7D8 /* UISplitViewController.h */,
				CC8421401F02C7A90092C7D8 /* UISplitViewController.m */,
				CC8421411F02C7A90092C7D8 /* UIStackView.h */,
				CC8421421F02C7A90092C7D8 /* UIStackView.m */,
				CC8421431F02C7A90092C7D8 /* UIStackViewStub.h */,
				CC8421441F02C7A90092C7D8 /* UIStackViewStub.m */,
				CC8421451F02C7A90092C7D8 /* UIStepper.h */,
				CC8421461F02C7A90092C7D8 /* UIStepper.m */,
				CC8421471F02C7A90092C7D8 /* UIStepperStub.h */,
				CC8421481F02C7A90092C7D8 /* UIStepperStub.m */,
				CC8421491F02C7A90092C7D8 /* UISwitch.h */,
				CC84214A1F02C7A90092C7D8 /* UISwitch.m */,
				CC84214B1F02C7A90092C7D8 /* UISwitchStub.h */,
				CC84214C1F02C7A90092C7D8 /* UISwitchStub.m */,
				CC84214D1F02C7A90092C7D8 /* UITextField.h */,
				CC84214E1F02C7A90092C7D8 /* UITextField.m */,
				CC84214F1F02C7A90092C7D8 /* UITextFieldStub.h */,
				CC8421501F02C7A90092C7D8 /* UITextFieldStub.m */,
				CC8421511F02C7A90092C7D8 /* UITextView.h */,
				CC8421521F02C7A90092C7D8 /* UITextView.m */,
				CC8421531F02C7A90092C7D8 /* UITextViewStub.h */,
				CC8421541F02C7A90092C7D8 /* UITextViewStub.m */,
				CC8421551F02C7A90092C7D8 /* UIView.h */,
				CC8421561F02C7A90092C7D8 /* UIView.m */,
				CC8421571F02C7A90092C7D8 /* UIViewAutoresizing.h */,
				CC8421581F02C7A90092C7D8 /* UIViewAutoresizing.m */,
				CC8421591F02C7A90092C7D8 /* UIViewContentMode.h */,
				CC84215A1F02C7A90092C7D8 /* UIViewContentMode.m */,
				CC84215B1F02C7A90092C7D8 /* UIViewController.h */,
				CC84215C1F02C7A90092C7D8 /* UIViewController.m */,
				CC84215D1F02C7A90092C7D8 /* UIViewControllerStub.h */,
				CC84215E1F02C7A90092C7D8 /* UIViewControllerStub.m */,
				CC84215F1F02C7A90092C7D8 /* UIViewStub.h */,
				CC8421601F02C7A90092C7D8 /* UIViewStub.m */,
				CC8421611F02C7A90092C7D8 /* UIViewStubImpl.h */,
				CC8421621F02C7A90092C7D8 /* UIViewTintAdjustmentMode.h */,
				CC8421631F02C7A90092C7D8 /* UIViewTintAdjustmentMode.m */,
				CC8421641F02C7A90092C7D8 /* UIWindow.h */,
				CC8421651F02C7A90092C7D8 /* UIWindow.m */,
				CC8421661F02C7A90092C7D8 /* UIWindowStub.h */,
				CC8421671F02C7A90092C7D8 /* UIWindowStub.m */,
				CC8421681F02C7A90092C7D8 /* UIWindowStubImpl.h */,
			);
			path = uikit;
			sourceTree = "<group>";
		};
		CC8421691F02C7A90092C7D8 /* webkit */ = {
			isa = PBXGroup;
			children = (
				CC84216A1F02C7A90092C7D8 /* NSURLAuthenticationChallenge.h */,
				CC84216B1F02C7A90092C7D8 /* NSURLAuthenticationChallenge.m */,
				CC84216C1F02C7A90092C7D8 /* WKBackForwardList.h */,
				CC84216D1F02C7A90092C7D8 /* WKBackForwardList.m */,
				CC84216E1F02C7A90092C7D8 /* WKFrameInfo.h */,
				CC84216F1F02C7A90092C7D8 /* WKFrameInfo.m */,
				CC8421701F02C7A90092C7D8 /* WKNavigation.h */,
				CC8421711F02C7A90092C7D8 /* WKNavigation.m */,
				CC8421721F02C7A90092C7D8 /* WKNavigationAction.h */,
				CC8421731F02C7A90092C7D8 /* WKNavigationAction.m */,
				CC8421741F02C7A90092C7D8 /* WKNavigationActionPolicy.h */,
				CC8421751F02C7A90092C7D8 /* WKNavigationActionPolicy.m */,
				CC8421761F02C7A90092C7D8 /* WKNavigationDelegate.h */,
				CC8421771F02C7A90092C7D8 /* WKNavigationDelegate.m */,
				CC8421781F02C7A90092C7D8 /* WKNavigationResponse.h */,
				CC8421791F02C7A90092C7D8 /* WKNavigationResponse.m */,
				CC84217A1F02C7A90092C7D8 /* WKNavigationResponsePolicy.h */,
				CC84217B1F02C7A90092C7D8 /* WKNavigationResponsePolicy.m */,
				CC84217C1F02C7A90092C7D8 /* WKOpenPanelParameters.h */,
				CC84217D1F02C7A90092C7D8 /* WKOpenPanelParameters.m */,
				CC84217E1F02C7A90092C7D8 /* WKPreviewElementInfo.h */,
				CC84217F1F02C7A90092C7D8 /* WKPreviewElementInfo.m */,
				CC8421801F02C7A90092C7D8 /* WKUIDelegate.h */,
				CC8421811F02C7A90092C7D8 /* WKUIDelegate.m */,
				CC8421821F02C7A90092C7D8 /* WKWebView.h */,
				CC8421831F02C7A90092C7D8 /* WKWebView.m */,
				CC8421841F02C7A90092C7D8 /* WKWebViewConfiguration.h */,
				CC8421851F02C7A90092C7D8 /* WKWebViewConfiguration.m */,
				CC8421861F02C7A90092C7D8 /* WKWebViewStub.h */,
				CC8421871F02C7A90092C7D8 /* WKWebViewStub.m */,
				CC8421881F02C7A90092C7D8 /* WKWebViewStubImpl.h */,
				CC8421891F02C7A90092C7D8 /* WKWindowFeatures.h */,
				CC84218A1F02C7A90092C7D8 /* WKWindowFeatures.m */,
			);
			path = webkit;
			sourceTree = "<group>";
		};
		CCB521E91EF687E5008AC52F = {
			isa = PBXGroup;
			children = (
				CC3431EF1EF68D6900C48A8D /* java */,
				CCB521F41EF687E5008AC52F /* UIKit4J */,
				CCB521F31EF687E5008AC52F /* Products */,
				CC3431EB1EF6888A00C48A8D /* Frameworks */,
			);
			sourceTree = "<group>";
		};
		CCB521F31EF687E5008AC52F /* Products */ = {
			isa = PBXGroup;
			children = (
				CCB521F21EF687E5008AC52F /* UIKit4J.app */,
			);
			name = Products;
			sourceTree = "<group>";
		};
		CCB521F41EF687E5008AC52F /* UIKit4J */ = {
			isa = PBXGroup;
			children = (
				CCB522011EF687E5008AC52F /* Assets.xcassets */,
				CCB522031EF687E5008AC52F /* LaunchScreen.storyboard */,
				CCB522061EF687E5008AC52F /* Info.plist */,
				CCB521F51EF687E5008AC52F /* Supporting Files */,
			);
			path = UIKit4J;
			sourceTree = "<group>";
		};
		CCB521F51EF687E5008AC52F /* Supporting Files */ = {
			isa = PBXGroup;
			children = (
				CCB521F61EF687E5008AC52F /* main.m */,
			);
			name = "Supporting Files";
			sourceTree = "<group>";
		};
/* End PBXGroup section */

/* Begin PBXNativeTarget section */
		CCB521F11EF687E5008AC52F /* UIKit4J */ = {
			isa = PBXNativeTarget;
			buildConfigurationList = CCB522091EF687E5008AC52F /* Build configuration list for PBXNativeTarget "UIKit4J" */;
			buildPhases = (
				CCB521EE1EF687E5008AC52F /* Sources */,
				CCB521EF1EF687E5008AC52F /* Frameworks */,
				CCB521F01EF687E5008AC52F /* Resources */,
			);
			buildRules = (
			);
			dependencies = (
			);
			name = UIKit4J;
			productName = UIKit4J;
			productReference = CCB521F21EF687E5008AC52F /* UIKit4J.app */;
			productType = "com.apple.product-type.application";
		};
/* End PBXNativeTarget section */

/* Begin PBXProject section */
		CCB521EA1EF687E5008AC52F /* Project object */ = {
			isa = PBXProject;
			attributes = {
				LastUpgradeCheck = 0830;
				ORGANIZATIONNAME = Chamomile;
				TargetAttributes = {
					CCB521F11EF687E5008AC52F = {
						CreatedOnToolsVersion = 8.3.3;
						DevelopmentTeam = ME833V5D8D;
						ProvisioningStyle = Automatic;
					};
				};
			};
			buildConfigurationList = CCB521ED1EF687E5008AC52F /* Build configuration list for PBXProject "UIKit4J" */;
			compatibilityVersion = "Xcode 3.2";
			developmentRegion = English;
			hasScannedForEncodings = 0;
			knownRegions = (
				en,
				Base,
			);
			mainGroup = CCB521E91EF687E5008AC52F;
			productRefGroup = CCB521F31EF687E5008AC52F /* Products */;
			projectDirPath = "";
			projectRoot = "";
			targets = (
				CCB521F11EF687E5008AC52F /* UIKit4J */,
			);
		};
/* End PBXProject section */

/* Begin PBXResourcesBuildPhase section */
		CCB521F01EF687E5008AC52F /* Resources */ = {
			isa = PBXResourcesBuildPhase;
			buildActionMask = 2147483647;
			files = (
				CCB522051EF687E5008AC52F /* LaunchScreen.storyboard in Resources */,
				CCB522021EF687E5008AC52F /* Assets.xcassets in Resources */,
			);
			runOnlyForDeploymentPostprocessing = 0;
		};
/* End PBXResourcesBuildPhase section */

/* Begin PBXSourcesBuildPhase section */
		CCB521EE1EF687E5008AC52F /* Sources */ = {
			isa = PBXSourcesBuildPhase;
			buildActionMask = 2147483647;
			files = (
				CC8421DA1F02C7AA0092C7D8 /* UIViewController.m in Sources */,
				CC8421DF1F02C7AA0092C7D8 /* UIWindowStub.m in Sources */,
				CC8421BE1F02C7A90092C7D8 /* UIPickerView.m in Sources */,
				CC8421AD1F02C7A90092C7D8 /* UIControlEvents.m in Sources */,
				CC8421EB1F02C7AA0092C7D8 /* WKUIDelegate.m in Sources */,
				CC84219E1F02C7A90092C7D8 /* NSLayoutYAxisAnchor.m in Sources */,
				CC8421EF1F02C7AA0092C7D8 /* WKWindowFeatures.m in Sources */,
				CC8421D91F02C7AA0092C7D8 /* UIViewContentMode.m in Sources */,
				CC8421A71F02C7A90092C7D8 /* UIButtonType.m in Sources */,
				CC8421CE1F02C7AA0092C7D8 /* UIStackViewStub.m in Sources */,
				CC8421A11F02C7A90092C7D8 /* UIActivityIndicatorView.m in Sources */,
				CC8421DE1F02C7AA0092C7D8 /* UIWindow.m in Sources */,
				CC8421AB1F02C7A90092C7D8 /* UIControlContentHorizontalAlignment.m in Sources */,
				CC8421D31F02C7AA0092C7D8 /* UITextField.m in Sources */,
				CC8421931F02C7A90092C7D8 /* NSDictionary.m in Sources */,
				CC8421BB1F02C7A90092C7D8 /* UIPageControl.m in Sources */,
				CC8421CB1F02C7A90092C7D8 /* UISliderStub.m in Sources */,
				CC8421CC1F02C7AA0092C7D8 /* UISplitViewController.m in Sources */,
				CC8421EE1F02C7AA0092C7D8 /* WKWebViewStub.m in Sources */,
				CC8421D71F02C7AA0092C7D8 /* UIView.m in Sources */,
				CC8421C81F02C7A90092C7D8 /* UISegmentedControl.m in Sources */,
				CC8421B71F02C7A90092C7D8 /* UIImageViewStub.m in Sources */,
				CC8421C51F02C7A90092C7D8 /* UIScreenStub.m in Sources */,
				CC84219D1F02C7A90092C7D8 /* NSLayoutXAxisAnchor.m in Sources */,
				CC8421961F02C7A90092C7D8 /* NSURL.m in Sources */,
				CC8421EA1F02C7AA0092C7D8 /* WKPreviewElementInfo.m in Sources */,
				CC8421E11F02C7AA0092C7D8 /* WKBackForwardList.m in Sources */,
				CC8421BC1F02C7A90092C7D8 /* UIPageControlStub.m in Sources */,
				CC8421ED1F02C7AA0092C7D8 /* WKWebViewConfiguration.m in Sources */,
				CC8421BD1F02C7A90092C7D8 /* UIPageViewController.m in Sources */,
				CC8421971F02C7A90092C7D8 /* NSURLRequest.m in Sources */,
				CC8421E71F02C7AA0092C7D8 /* WKNavigationResponse.m in Sources */,
				CC8421DC1F02C7AA0092C7D8 /* UIViewStub.m in Sources */,
				CC8421EC1F02C7AA0092C7D8 /* WKWebView.m in Sources */,
				CC8421D21F02C7AA0092C7D8 /* UISwitchStub.m in Sources */,
				CC84219B1F02C7A90092C7D8 /* NSLayoutConstraint.m in Sources */,
				CC8421B81F02C7A90092C7D8 /* UILabel.m in Sources */,
				CC8421E41F02C7AA0092C7D8 /* WKNavigationAction.m in Sources */,
				CC8421AA1F02C7A90092C7D8 /* UIControl.m in Sources */,
				CC8421B21F02C7A90092C7D8 /* UIEvent.m in Sources */,
				CC8421E51F02C7AA0092C7D8 /* WKNavigationActionPolicy.m in Sources */,
				CC84219A1F02C7A90092C7D8 /* NSLayoutAnchor.m in Sources */,
				CC8421A21F02C7A90092C7D8 /* UIActivityIndicatorViewStub.m in Sources */,
				CC8421A51F02C7A90092C7D8 /* UIButton.m in Sources */,
				CC8421E91F02C7AA0092C7D8 /* WKOpenPanelParameters.m in Sources */,
				CC8421B41F02C7A90092C7D8 /* UIFont.m in Sources */,
				CC84219F1F02C7A90092C7D8 /* NSLineBreakMode.m in Sources */,
				CC8421981F02C7A90092C7D8 /* MyWebView.m in Sources */,
				CC8421D51F02C7AA0092C7D8 /* UITextView.m in Sources */,
				CC8421B31F02C7A90092C7D8 /* UIEventHandler.m in Sources */,
				CC8421A91F02C7A90092C7D8 /* UIColorStub.m in Sources */,
				CC8421921F02C7A90092C7D8 /* NSAttributedString.m in Sources */,
				CC8421A31F02C7A90092C7D8 /* UIApplication.m in Sources */,
				CC8421E61F02C7AA0092C7D8 /* WKNavigationDelegate.m in Sources */,
				CC8421B01F02C7A90092C7D8 /* UIDatePicker.m in Sources */,
				CC8421BA1F02C7A90092C7D8 /* UINavigationController.m in Sources */,
				CCB521F71EF687E5008AC52F /* main.m in Sources */,
				CC8421901F02C7A90092C7D8 /* CGSize.m in Sources */,
				CC8421AC1F02C7A90092C7D8 /* UIControlContentVerticalAlignment.m in Sources */,
				CC8421DB1F02C7AA0092C7D8 /* UIViewControllerStub.m in Sources */,
				CC8421F01F02C7AA0092C7D8 /* WKWebViewDemo.m in Sources */,
				CC8421CA1F02C7A90092C7D8 /* UISlider.m in Sources */,
				CC8421E21F02C7AA0092C7D8 /* WKFrameInfo.m in Sources */,
				CC8421E31F02C7AA0092C7D8 /* WKNavigation.m in Sources */,
				CC8421911F02C7A90092C7D8 /* NSArray.m in Sources */,
				CC8421D81F02C7AA0092C7D8 /* UIViewAutoresizing.m in Sources */,
				CC8421BF1F02C7A90092C7D8 /* UIPickerViewStub.m in Sources */,
				CC8421A41F02C7A90092C7D8 /* UIApplicationDelegate.m in Sources */,
				CC8421B91F02C7A90092C7D8 /* UILabelStub.m in Sources */,
				CC8421991F02C7A90092C7D8 /* Showcase.m in Sources */,
				CC8421D41F02C7AA0092C7D8 /* UITextFieldStub.m in Sources */,
				CC8421C71F02C7A90092C7D8 /* UIScrollViewStub.m in Sources */,
				CC8421C41F02C7A90092C7D8 /* UIScreen.m in Sources */,
				CC8421C01F02C7A90092C7D8 /* UIProgressView.m in Sources */,
				CC8421D11F02C7AA0092C7D8 /* UISwitch.m in Sources */,
				CC8421B61F02C7A90092C7D8 /* UIImageView.m in Sources */,
				CC8421C61F02C7A90092C7D8 /* UIScrollView.m in Sources */,
				CC8421951F02C7A90092C7D8 /* NSObject.m in Sources */,
				CC8421DD1F02C7AA0092C7D8 /* UIViewTintAdjustmentMode.m in Sources */,
				CC8421941F02C7A90092C7D8 /* NSError.m in Sources */,
				CC84218D1F02C7A90092C7D8 /* CGAffineTransform.m in Sources */,
				CC8421A01F02C7A90092C7D8 /* NSTextAlignmentLeft.m in Sources */,
				CC8421C21F02C7A90092C7D8 /* UIResponder.m in Sources */,
				CC8421C91F02C7A90092C7D8 /* UISegmentedControlStub.m in Sources */,
				CC8421CF1F02C7AA0092C7D8 /* UIStepper.m in Sources */,
				CC8421A81F02C7A90092C7D8 /* UIColor.m in Sources */,
				CC8421E01F02C7AA0092C7D8 /* NSURLAuthenticationChallenge.m in Sources */,
				CC8421CD1F02C7AA0092C7D8 /* UIStackView.m in Sources */,
				CC8421AE1F02C7A90092C7D8 /* UIControlState.m in Sources */,
				CC84218E1F02C7A90092C7D8 /* CGPoint.m in Sources */,
				CC8421A61F02C7A90092C7D8 /* UIButtonStub.m in Sources */,
				CC84219C1F02C7A90092C7D8 /* NSLayoutDimension.m in Sources */,
				CC8421C31F02C7A90092C7D8 /* UIResponderStub.m in Sources */,
				CC8421C11F02C7A90092C7D8 /* UIProgressViewStub.m in Sources */,
				CC84218F1F02C7A90092C7D8 /* CGRect.m in Sources */,
				CC8421AF1F02C7A90092C7D8 /* UIControlStub.m in Sources */,
				CC8421D61F02C7AA0092C7D8 /* UITextViewStub.m in Sources */,
				CC8421D01F02C7AA0092C7D8 /* UIStepperStub.m in Sources */,
				CC8421B11F02C7A90092C7D8 /* UIDatePickerStub.m in Sources */,
				CC8421B51F02C7A90092C7D8 /* UIImage.m in Sources */,
				CC8421E81F02C7AA0092C7D8 /* WKNavigationResponsePolicy.m in Sources */,
			);
			runOnlyForDeploymentPostprocessing = 0;
		};
/* End PBXSourcesBuildPhase section */

/* Begin PBXVariantGroup section */
		CCB522031EF687E5008AC52F /* LaunchScreen.storyboard */ = {
			isa = PBXVariantGroup;
			children = (
				CCB522041EF687E5008AC52F /* Base */,
			);
			name = LaunchScreen.storyboard;
			sourceTree = "<group>";
		};
/* End PBXVariantGroup section */

/* Begin XCBuildConfiguration section */
		CCB522071EF687E5008AC52F /* Debug */ = {
			isa = XCBuildConfiguration;
			buildSettings = {
				ALWAYS_SEARCH_USER_PATHS = NO;
				CLANG_ANALYZER_NONNULL = YES;
				CLANG_ANALYZER_NUMBER_OBJECT_CONVERSION = YES_AGGRESSIVE;
				CLANG_CXX_LANGUAGE_STANDARD = "gnu++0x";
				CLANG_CXX_LIBRARY = "libc++";
				CLANG_ENABLE_MODULES = YES;
				CLANG_ENABLE_OBJC_ARC = YES;
				CLANG_WARN_BOOL_CONVERSION = YES;
				CLANG_WARN_CONSTANT_CONVERSION = YES;
				CLANG_WARN_DIRECT_OBJC_ISA_USAGE = YES_ERROR;
				CLANG_WARN_DOCUMENTATION_COMMENTS = YES;
				CLANG_WARN_EMPTY_BODY = YES;
				CLANG_WARN_ENUM_CONVERSION = YES;
				CLANG_WARN_INFINITE_RECURSION = YES;
				CLANG_WARN_INT_CONVERSION = YES;
				CLANG_WARN_OBJC_ROOT_CLASS = YES_ERROR;
				CLANG_WARN_SUSPICIOUS_MOVE = YES;
				CLANG_WARN_UNREACHABLE_CODE = YES;
				CLANG_WARN__DUPLICATE_METHOD_MATCH = YES;
				"CODE_SIGN_IDENTITY[sdk=iphoneos*]" = "iPhone Developer";
				COPY_PHASE_STRIP = NO;
				DEBUG_INFORMATION_FORMAT = dwarf;
				ENABLE_STRICT_OBJC_MSGSEND = YES;
				ENABLE_TESTABILITY = YES;
				GCC_C_LANGUAGE_STANDARD = gnu99;
				GCC_DYNAMIC_NO_PIC = NO;
				GCC_NO_COMMON_BLOCKS = YES;
				GCC_OPTIMIZATION_LEVEL = 0;
				GCC_PREPROCESSOR_DEFINITIONS = (
					"DEBUG=1",
					"$(inherited)",
				);
				GCC_WARN_64_TO_32_BIT_CONVERSION = YES;
				GCC_WARN_ABOUT_RETURN_TYPE = YES_ERROR;
				GCC_WARN_UNDECLARED_SELECTOR = YES;
				GCC_WARN_UNINITIALIZED_AUTOS = YES_AGGRESSIVE;
				GCC_WARN_UNUSED_FUNCTION = YES;
				GCC_WARN_UNUSED_VARIABLE = YES;
				IPHONEOS_DEPLOYMENT_TARGET = 10.3;
				MTL_ENABLE_DEBUG_INFO = YES;
				ONLY_ACTIVE_ARCH = YES;
				SDKROOT = iphoneos;
				TARGETED_DEVICE_FAMILY = "1,2";
			};
			name = Debug;
		};
		CCB522081EF687E5008AC52F /* Release */ = {
			isa = XCBuildConfiguration;
			buildSettings = {
				ALWAYS_SEARCH_USER_PATHS = NO;
				CLANG_ANALYZER_NONNULL = YES;
				CLANG_ANALYZER_NUMBER_OBJECT_CONVERSION = YES_AGGRESSIVE;
				CLANG_CXX_LANGUAGE_STANDARD = "gnu++0x";
				CLANG_CXX_LIBRARY = "libc++";
				CLANG_ENABLE_MODULES = YES;
				CLANG_ENABLE_OBJC_ARC = YES;
				CLANG_WARN_BOOL_CONVERSION = YES;
				CLANG_WARN_CONSTANT_CONVERSION = YES;
				CLANG_WARN_DIRECT_OBJC_ISA_USAGE = YES_ERROR;
				CLANG_WARN_DOCUMENTATION_COMMENTS = YES;
				CLANG_WARN_EMPTY_BODY = YES;
				CLANG_WARN_ENUM_CONVERSION = YES;
				CLANG_WARN_INFINITE_RECURSION = YES;
				CLANG_WARN_INT_CONVERSION = YES;
				CLANG_WARN_OBJC_ROOT_CLASS = YES_ERROR;
				CLANG_WARN_SUSPICIOUS_MOVE = YES;
				CLANG_WARN_UNREACHABLE_CODE = YES;
				CLANG_WARN__DUPLICATE_METHOD_MATCH = YES;
				"CODE_SIGN_IDENTITY[sdk=iphoneos*]" = "iPhone Developer";
				COPY_PHASE_STRIP = NO;
				DEBUG_INFORMATION_FORMAT = "dwarf-with-dsym";
				ENABLE_NS_ASSERTIONS = NO;
				ENABLE_STRICT_OBJC_MSGSEND = YES;
				GCC_C_LANGUAGE_STANDARD = gnu99;
				GCC_NO_COMMON_BLOCKS = YES;
				GCC_WARN_64_TO_32_BIT_CONVERSION = YES;
				GCC_WARN_ABOUT_RETURN_TYPE = YES_ERROR;
				GCC_WARN_UNDECLARED_SELECTOR = YES;
				GCC_WARN_UNINITIALIZED_AUTOS = YES_AGGRESSIVE;
				GCC_WARN_UNUSED_FUNCTION = YES;
				GCC_WARN_UNUSED_VARIABLE = YES;
				IPHONEOS_DEPLOYMENT_TARGET = 10.3;
				MTL_ENABLE_DEBUG_INFO = NO;
				SDKROOT = iphoneos;
				TARGETED_DEVICE_FAMILY = "1,2";
				VALIDATE_PRODUCT = YES;
			};
			name = Release;
		};
		CCB5220A1EF687E5008AC52F /* Debug */ = {
			isa = XCBuildConfiguration;
			buildSettings = {
				ALWAYS_SEARCH_USER_PATHS = NO;
				ASSETCATALOG_COMPILER_APPICON_NAME = AppIcon;
				CLANG_ENABLE_OBJC_ARC = NO;
				DEVELOPMENT_TEAM = ME833V5D8D;
				FRAMEWORK_SEARCH_PATHS = "${J2OBJC_HOME}/frameworks";
				HEADER_SEARCH_PATHS = "${J2OBJC_HOME}/include";
				INFOPLIST_FILE = UIKit4J/Info.plist;
				J2OBJC_HOME = "/Users/ggeorg/Applications/j2objc-2.0.1";
				LD_RUNPATH_SEARCH_PATHS = "$(inherited) @executable_path/Frameworks";
				LIBRARY_SEARCH_PATHS = "${J2OBJC_HOME}/lib";
				OTHER_LDFLAGS = "-ljre_emul";
				PRODUCT_BUNDLE_IDENTIFIER = org.chamomile.UIKit4J;
				PRODUCT_NAME = "$(TARGET_NAME)";
				SCAN_ALL_SOURCE_FILES_FOR_INCLUDES = NO;
				USER_HEADER_SEARCH_PATHS = ../build/objc;
			};
			name = Debug;
		};
		CCB5220B1EF687E5008AC52F /* Release */ = {
			isa = XCBuildConfiguration;
			buildSettings = {
				ALWAYS_SEARCH_USER_PATHS = NO;
				ASSETCATALOG_COMPILER_APPICON_NAME = AppIcon;
				CLANG_ENABLE_OBJC_ARC = NO;
				DEVELOPMENT_TEAM = ME833V5D8D;
				FRAMEWORK_SEARCH_PATHS = "${J2OBJC_HOME}/frameworks";
				HEADER_SEARCH_PATHS = "${J2OBJC_HOME}/include";
				INFOPLIST_FILE = UIKit4J/Info.plist;
				J2OBJC_HOME = "/Users/ggeorg/Applications/j2objc-2.0.1";
				LD_RUNPATH_SEARCH_PATHS = "$(inherited) @executable_path/Frameworks";
				LIBRARY_SEARCH_PATHS = "${J2OBJC_HOME}/lib";
				OTHER_LDFLAGS = "-ljre_emul";
				PRODUCT_BUNDLE_IDENTIFIER = org.chamomile.UIKit4J;
				PRODUCT_NAME = "$(TARGET_NAME)";
				SCAN_ALL_SOURCE_FILES_FOR_INCLUDES = NO;
				USER_HEADER_SEARCH_PATHS = ../build/objc;
			};
			name = Release;
		};
/* End XCBuildConfiguration section */

/* Begin XCConfigurationList section */
		CCB521ED1EF687E5008AC52F /* Build configuration list for PBXProject "UIKit4J" */ = {
			isa = XCConfigurationList;
			buildConfigurations = (
				CCB522071EF687E5008AC52F /* Debug */,
				CCB522081EF687E5008AC52F /* Release */,
			);
			defaultConfigurationIsVisible = 0;
			defaultConfigurationName = Release;
		};
		CCB522091EF687E5008AC52F /* Build configuration list for PBXNativeTarget "UIKit4J" */ = {
			isa = XCConfigurationList;
			buildConfigurations = (
				CCB5220A1EF687E5008AC52F /* Debug */,
				CCB5220B1EF687E5008AC52F /* Release */,
			);
			defaultConfigurationIsVisible = 0;
			defaultConfigurationName = Release;
		};
/* End XCConfigurationList section */
	};
	rootObject = CCB521EA1EF687E5008AC52F /* Project object */;
}
