// !$*UTF8*$!
{
	archiveVersion = 1;
	classes = {
	};
	objectVersion = 46;
	objects = {

/* Begin PBXBuildFile section */
		CC3431ED1EF6888A00C48A8D /* libiconv.tbd in Frameworks */ = {isa = PBXBuildFile; fileRef = CC3431EC1EF6888A00C48A8D /* libiconv.tbd */; };
		CCB521F71EF687E5008AC52F /* main.m in Sources */ = {isa = PBXBuildFile; fileRef = CCB521F61EF687E5008AC52F /* main.m */; };
		CCB521FA1EF687E5008AC52F /* AppDelegate.m in Sources */ = {isa = PBXBuildFile; fileRef = CCB521F91EF687E5008AC52F /* AppDelegate.m */; };
		CCB521FD1EF687E5008AC52F /* ViewController.m in Sources */ = {isa = PBXBuildFile; fileRef = CCB521FC1EF687E5008AC52F /* ViewController.m */; };
		CCB522021EF687E5008AC52F /* Assets.xcassets in Resources */ = {isa = PBXBuildFile; fileRef = CCB522011EF687E5008AC52F /* Assets.xcassets */; };
		CCB522051EF687E5008AC52F /* LaunchScreen.storyboard in Resources */ = {isa = PBXBuildFile; fileRef = CCB522031EF687E5008AC52F /* LaunchScreen.storyboard */; };
		CCD51E2A1EFFC87000F795A4 /* CGAffineTransform.m in Sources */ = {isa = PBXBuildFile; fileRef = CCD51D7F1EFFC87000F795A4 /* CGAffineTransform.m */; };
		CCD51E2B1EFFC87000F795A4 /* CGPoint.m in Sources */ = {isa = PBXBuildFile; fileRef = CCD51D811EFFC87000F795A4 /* CGPoint.m */; };
		CCD51E2C1EFFC87000F795A4 /* CGRect.m in Sources */ = {isa = PBXBuildFile; fileRef = CCD51D831EFFC87000F795A4 /* CGRect.m */; };
		CCD51E2D1EFFC87000F795A4 /* CGSize.m in Sources */ = {isa = PBXBuildFile; fileRef = CCD51D851EFFC87000F795A4 /* CGSize.m */; };
		CCD51E2E1EFFC87000F795A4 /* NSArray.m in Sources */ = {isa = PBXBuildFile; fileRef = CCD51D881EFFC87000F795A4 /* NSArray.m */; };
		CCD51E2F1EFFC87000F795A4 /* NSAttributedString.m in Sources */ = {isa = PBXBuildFile; fileRef = CCD51D8A1EFFC87000F795A4 /* NSAttributedString.m */; };
		CCD51E301EFFC87000F795A4 /* NSError.m in Sources */ = {isa = PBXBuildFile; fileRef = CCD51D8C1EFFC87000F795A4 /* NSError.m */; };
		CCD51E311EFFC87000F795A4 /* NSObject.m in Sources */ = {isa = PBXBuildFile; fileRef = CCD51D8E1EFFC87000F795A4 /* NSObject.m */; };
		CCD51E321EFFC87000F795A4 /* NSURL.m in Sources */ = {isa = PBXBuildFile; fileRef = CCD51D901EFFC87000F795A4 /* NSURL.m */; };
		CCD51E331EFFC87000F795A4 /* NSURLRequest.m in Sources */ = {isa = PBXBuildFile; fileRef = CCD51D921EFFC87000F795A4 /* NSURLRequest.m */; };
		CCD51E341EFFC87000F795A4 /* Showcase.m in Sources */ = {isa = PBXBuildFile; fileRef = CCD51D941EFFC87000F795A4 /* Showcase.m */; };
		CCD51E351EFFC87000F795A4 /* NSLayoutAnchor.m in Sources */ = {isa = PBXBuildFile; fileRef = CCD51D971EFFC87000F795A4 /* NSLayoutAnchor.m */; };
		CCD51E361EFFC87000F795A4 /* NSLayoutConstraint.m in Sources */ = {isa = PBXBuildFile; fileRef = CCD51D991EFFC87000F795A4 /* NSLayoutConstraint.m */; };
		CCD51E371EFFC87000F795A4 /* NSLayoutDimension.m in Sources */ = {isa = PBXBuildFile; fileRef = CCD51D9B1EFFC87000F795A4 /* NSLayoutDimension.m */; };
		CCD51E381EFFC87000F795A4 /* NSLayoutXAxisAnchor.m in Sources */ = {isa = PBXBuildFile; fileRef = CCD51D9D1EFFC87000F795A4 /* NSLayoutXAxisAnchor.m */; };
		CCD51E391EFFC87000F795A4 /* NSLayoutYAxisAnchor.m in Sources */ = {isa = PBXBuildFile; fileRef = CCD51D9F1EFFC87000F795A4 /* NSLayoutYAxisAnchor.m */; };
		CCD51E3A1EFFC87000F795A4 /* NSLineBreakMode.m in Sources */ = {isa = PBXBuildFile; fileRef = CCD51DA11EFFC87000F795A4 /* NSLineBreakMode.m */; };
		CCD51E3B1EFFC87000F795A4 /* NSTextAlignmentLeft.m in Sources */ = {isa = PBXBuildFile; fileRef = CCD51DA31EFFC87000F795A4 /* NSTextAlignmentLeft.m */; };
		CCD51E3C1EFFC87000F795A4 /* UIActivityIndicatorView.m in Sources */ = {isa = PBXBuildFile; fileRef = CCD51DA51EFFC87000F795A4 /* UIActivityIndicatorView.m */; };
		CCD51E3D1EFFC87000F795A4 /* UIActivityIndicatorViewStub.m in Sources */ = {isa = PBXBuildFile; fileRef = CCD51DA71EFFC87000F795A4 /* UIActivityIndicatorViewStub.m */; };
		CCD51E3E1EFFC87000F795A4 /* UIButton.m in Sources */ = {isa = PBXBuildFile; fileRef = CCD51DA91EFFC87000F795A4 /* UIButton.m */; };
		CCD51E3F1EFFC87000F795A4 /* UIButtonStub.m in Sources */ = {isa = PBXBuildFile; fileRef = CCD51DAB1EFFC87000F795A4 /* UIButtonStub.m */; };
		CCD51E401EFFC87000F795A4 /* UIButtonType.m in Sources */ = {isa = PBXBuildFile; fileRef = CCD51DAD1EFFC87000F795A4 /* UIButtonType.m */; };
		CCD51E411EFFC87000F795A4 /* UIColor.m in Sources */ = {isa = PBXBuildFile; fileRef = CCD51DAF1EFFC87000F795A4 /* UIColor.m */; };
		CCD51E421EFFC87000F795A4 /* UIColorStub.m in Sources */ = {isa = PBXBuildFile; fileRef = CCD51DB11EFFC87000F795A4 /* UIColorStub.m */; };
		CCD51E431EFFC87000F795A4 /* UIControl.m in Sources */ = {isa = PBXBuildFile; fileRef = CCD51DB31EFFC87000F795A4 /* UIControl.m */; };
		CCD51E441EFFC87000F795A4 /* UIControlContentHorizontalAlignment.m in Sources */ = {isa = PBXBuildFile; fileRef = CCD51DB51EFFC87000F795A4 /* UIControlContentHorizontalAlignment.m */; };
		CCD51E451EFFC87000F795A4 /* UIControlContentVerticalAlignment.m in Sources */ = {isa = PBXBuildFile; fileRef = CCD51DB71EFFC87000F795A4 /* UIControlContentVerticalAlignment.m */; };
		CCD51E461EFFC87000F795A4 /* UIControlEvents.m in Sources */ = {isa = PBXBuildFile; fileRef = CCD51DB91EFFC87000F795A4 /* UIControlEvents.m */; };
		CCD51E471EFFC87000F795A4 /* UIControlState.m in Sources */ = {isa = PBXBuildFile; fileRef = CCD51DBB1EFFC87000F795A4 /* UIControlState.m */; };
		CCD51E481EFFC87000F795A4 /* UIControlStub.m in Sources */ = {isa = PBXBuildFile; fileRef = CCD51DBD1EFFC87000F795A4 /* UIControlStub.m */; };
		CCD51E491EFFC87000F795A4 /* UIDatePicker.m in Sources */ = {isa = PBXBuildFile; fileRef = CCD51DC01EFFC87000F795A4 /* UIDatePicker.m */; };
		CCD51E4A1EFFC87000F795A4 /* UIDatePickerStub.m in Sources */ = {isa = PBXBuildFile; fileRef = CCD51DC21EFFC87000F795A4 /* UIDatePickerStub.m */; };
		CCD51E4B1EFFC87000F795A4 /* UIEvent.m in Sources */ = {isa = PBXBuildFile; fileRef = CCD51DC41EFFC87000F795A4 /* UIEvent.m */; };
		CCD51E4C1EFFC87000F795A4 /* UIEventHandler.m in Sources */ = {isa = PBXBuildFile; fileRef = CCD51DC61EFFC87000F795A4 /* UIEventHandler.m */; };
		CCD51E4D1EFFC87000F795A4 /* UIFont.m in Sources */ = {isa = PBXBuildFile; fileRef = CCD51DC81EFFC87000F795A4 /* UIFont.m */; };
		CCD51E4E1EFFC87000F795A4 /* UIImage.m in Sources */ = {isa = PBXBuildFile; fileRef = CCD51DCA1EFFC87000F795A4 /* UIImage.m */; };
		CCD51E4F1EFFC87000F795A4 /* UIImageView.m in Sources */ = {isa = PBXBuildFile; fileRef = CCD51DCC1EFFC87000F795A4 /* UIImageView.m */; };
		CCD51E501EFFC87000F795A4 /* UIImageViewStub.m in Sources */ = {isa = PBXBuildFile; fileRef = CCD51DCE1EFFC87000F795A4 /* UIImageViewStub.m */; };
		CCD51E511EFFC87000F795A4 /* UILabel.m in Sources */ = {isa = PBXBuildFile; fileRef = CCD51DD01EFFC87000F795A4 /* UILabel.m */; };
		CCD51E521EFFC87000F795A4 /* UILabelStub.m in Sources */ = {isa = PBXBuildFile; fileRef = CCD51DD21EFFC87000F795A4 /* UILabelStub.m */; };
		CCD51E531EFFC87000F795A4 /* UINavigationController.m in Sources */ = {isa = PBXBuildFile; fileRef = CCD51DD41EFFC87000F795A4 /* UINavigationController.m */; };
		CCD51E541EFFC87000F795A4 /* UIPageViewController.m in Sources */ = {isa = PBXBuildFile; fileRef = CCD51DD61EFFC87000F795A4 /* UIPageViewController.m */; };
		CCD51E551EFFC87000F795A4 /* UIPickerView.m in Sources */ = {isa = PBXBuildFile; fileRef = CCD51DD81EFFC87000F795A4 /* UIPickerView.m */; };
		CCD51E561EFFC87000F795A4 /* UIPickerViewStub.m in Sources */ = {isa = PBXBuildFile; fileRef = CCD51DDA1EFFC87000F795A4 /* UIPickerViewStub.m */; };
		CCD51E571EFFC87000F795A4 /* UIProgressView.m in Sources */ = {isa = PBXBuildFile; fileRef = CCD51DDC1EFFC87000F795A4 /* UIProgressView.m */; };
		CCD51E581EFFC87000F795A4 /* UIProgressViewStub.m in Sources */ = {isa = PBXBuildFile; fileRef = CCD51DDE1EFFC87000F795A4 /* UIProgressViewStub.m */; };
		CCD51E591EFFC87000F795A4 /* UIResponder.m in Sources */ = {isa = PBXBuildFile; fileRef = CCD51DE01EFFC87000F795A4 /* UIResponder.m */; };
		CCD51E5A1EFFC87000F795A4 /* UIScrollView.m in Sources */ = {isa = PBXBuildFile; fileRef = CCD51DE21EFFC87000F795A4 /* UIScrollView.m */; };
		CCD51E5B1EFFC87000F795A4 /* UIScrollViewStub.m in Sources */ = {isa = PBXBuildFile; fileRef = CCD51DE41EFFC87000F795A4 /* UIScrollViewStub.m */; };
		CCD51E5C1EFFC87000F795A4 /* UISlider.m in Sources */ = {isa = PBXBuildFile; fileRef = CCD51DE61EFFC87000F795A4 /* UISlider.m */; };
		CCD51E5D1EFFC87000F795A4 /* UISliderStub.m in Sources */ = {isa = PBXBuildFile; fileRef = CCD51DE81EFFC87000F795A4 /* UISliderStub.m */; };
		CCD51E5E1EFFC87000F795A4 /* UISplitViewController.m in Sources */ = {isa = PBXBuildFile; fileRef = CCD51DEA1EFFC87000F795A4 /* UISplitViewController.m */; };
		CCD51E5F1EFFC87000F795A4 /* UIStackView.m in Sources */ = {isa = PBXBuildFile; fileRef = CCD51DEC1EFFC87000F795A4 /* UIStackView.m */; };
		CCD51E601EFFC87000F795A4 /* UIStackViewStub.m in Sources */ = {isa = PBXBuildFile; fileRef = CCD51DEE1EFFC87000F795A4 /* UIStackViewStub.m */; };
		CCD51E611EFFC87000F795A4 /* UIStepper.m in Sources */ = {isa = PBXBuildFile; fileRef = CCD51DF01EFFC87000F795A4 /* UIStepper.m */; };
		CCD51E621EFFC87000F795A4 /* UIStepperStub.m in Sources */ = {isa = PBXBuildFile; fileRef = CCD51DF21EFFC87000F795A4 /* UIStepperStub.m */; };
		CCD51E631EFFC87000F795A4 /* UISwitch.m in Sources */ = {isa = PBXBuildFile; fileRef = CCD51DF41EFFC87000F795A4 /* UISwitch.m */; };
		CCD51E641EFFC87000F795A4 /* UISwitchStub.m in Sources */ = {isa = PBXBuildFile; fileRef = CCD51DF61EFFC87000F795A4 /* UISwitchStub.m */; };
		CCD51E651EFFC87000F795A4 /* UIView.m in Sources */ = {isa = PBXBuildFile; fileRef = CCD51DF81EFFC87000F795A4 /* UIView.m */; };
		CCD51E661EFFC87000F795A4 /* UIViewAutoresizing.m in Sources */ = {isa = PBXBuildFile; fileRef = CCD51DFA1EFFC87000F795A4 /* UIViewAutoresizing.m */; };
		CCD51E671EFFC87000F795A4 /* UIViewContentMode.m in Sources */ = {isa = PBXBuildFile; fileRef = CCD51DFC1EFFC87000F795A4 /* UIViewContentMode.m */; };
		CCD51E681EFFC87000F795A4 /* UIViewController.m in Sources */ = {isa = PBXBuildFile; fileRef = CCD51DFE1EFFC87000F795A4 /* UIViewController.m */; };
		CCD51E691EFFC87000F795A4 /* UIViewControllerStub.m in Sources */ = {isa = PBXBuildFile; fileRef = CCD51E001EFFC87000F795A4 /* UIViewControllerStub.m */; };
		CCD51E6A1EFFC87000F795A4 /* UIViewStub.m in Sources */ = {isa = PBXBuildFile; fileRef = CCD51E021EFFC87000F795A4 /* UIViewStub.m */; };
		CCD51E6B1EFFC87000F795A4 /* UIViewTintAdjustmentMode.m in Sources */ = {isa = PBXBuildFile; fileRef = CCD51E051EFFC87000F795A4 /* UIViewTintAdjustmentMode.m */; };
		CCD51E6C1EFFC87000F795A4 /* UIWindow.m in Sources */ = {isa = PBXBuildFile; fileRef = CCD51E071EFFC87000F795A4 /* UIWindow.m */; };
		CCD51E6D1EFFC87000F795A4 /* NSURLAuthenticationChallenge.m in Sources */ = {isa = PBXBuildFile; fileRef = CCD51E0A1EFFC87000F795A4 /* NSURLAuthenticationChallenge.m */; };
		CCD51E6E1EFFC87000F795A4 /* WKBackForwardList.m in Sources */ = {isa = PBXBuildFile; fileRef = CCD51E0C1EFFC87000F795A4 /* WKBackForwardList.m */; };
		CCD51E6F1EFFC87000F795A4 /* WKFrameInfo.m in Sources */ = {isa = PBXBuildFile; fileRef = CCD51E0E1EFFC87000F795A4 /* WKFrameInfo.m */; };
		CCD51E701EFFC87000F795A4 /* WKNavigation.m in Sources */ = {isa = PBXBuildFile; fileRef = CCD51E101EFFC87000F795A4 /* WKNavigation.m */; };
		CCD51E711EFFC87000F795A4 /* WKNavigationAction.m in Sources */ = {isa = PBXBuildFile; fileRef = CCD51E121EFFC87000F795A4 /* WKNavigationAction.m */; };
		CCD51E721EFFC87000F795A4 /* WKNavigationActionPolicy.m in Sources */ = {isa = PBXBuildFile; fileRef = CCD51E141EFFC87000F795A4 /* WKNavigationActionPolicy.m */; };
		CCD51E731EFFC87000F795A4 /* WKNavigationDelegate.m in Sources */ = {isa = PBXBuildFile; fileRef = CCD51E161EFFC87000F795A4 /* WKNavigationDelegate.m */; };
		CCD51E741EFFC87000F795A4 /* WKNavigationResponse.m in Sources */ = {isa = PBXBuildFile; fileRef = CCD51E181EFFC87000F795A4 /* WKNavigationResponse.m */; };
		CCD51E751EFFC87000F795A4 /* WKNavigationResponsePolicy.m in Sources */ = {isa = PBXBuildFile; fileRef = CCD51E1A1EFFC87000F795A4 /* WKNavigationResponsePolicy.m */; };
		CCD51E761EFFC87000F795A4 /* WKOpenPanelParameters.m in Sources */ = {isa = PBXBuildFile; fileRef = CCD51E1C1EFFC87000F795A4 /* WKOpenPanelParameters.m */; };
		CCD51E771EFFC87000F795A4 /* WKPreviewElementInfo.m in Sources */ = {isa = PBXBuildFile; fileRef = CCD51E1E1EFFC87000F795A4 /* WKPreviewElementInfo.m */; };
		CCD51E781EFFC87000F795A4 /* WKUIDelegate.m in Sources */ = {isa = PBXBuildFile; fileRef = CCD51E201EFFC87000F795A4 /* WKUIDelegate.m */; };
		CCD51E791EFFC87000F795A4 /* WKWebView.m in Sources */ = {isa = PBXBuildFile; fileRef = CCD51E221EFFC87000F795A4 /* WKWebView.m */; };
		CCD51E7A1EFFC87000F795A4 /* WKWebViewConfiguration.m in Sources */ = {isa = PBXBuildFile; fileRef = CCD51E241EFFC87000F795A4 /* WKWebViewConfiguration.m */; };
		CCD51E7B1EFFC87000F795A4 /* WKWebViewStub.m in Sources */ = {isa = PBXBuildFile; fileRef = CCD51E261EFFC87000F795A4 /* WKWebViewStub.m */; };
		CCD51E7C1EFFC87000F795A4 /* WKWindowFeatures.m in Sources */ = {isa = PBXBuildFile; fileRef = CCD51E291EFFC87000F795A4 /* WKWindowFeatures.m */; };
/* End PBXBuildFile section */

/* Begin PBXFileReference section */
		CC3431EC1EF6888A00C48A8D /* libiconv.tbd */ = {isa = PBXFileReference; lastKnownFileType = "sourcecode.text-based-dylib-definition"; name = libiconv.tbd; path = usr/lib/libiconv.tbd; sourceTree = SDKROOT; };
		CCB521F21EF687E5008AC52F /* UIKit4J.app */ = {isa = PBXFileReference; explicitFileType = wrapper.application; includeInIndex = 0; path = UIKit4J.app; sourceTree = BUILT_PRODUCTS_DIR; };
		CCB521F61EF687E5008AC52F /* main.m */ = {isa = PBXFileReference; lastKnownFileType = sourcecode.c.objc; path = main.m; sourceTree = "<group>"; };
		CCB521F81EF687E5008AC52F /* AppDelegate.h */ = {isa = PBXFileReference; lastKnownFileType = sourcecode.c.h; path = AppDelegate.h; sourceTree = "<group>"; };
		CCB521F91EF687E5008AC52F /* AppDelegate.m */ = {isa = PBXFileReference; lastKnownFileType = sourcecode.c.objc; path = AppDelegate.m; sourceTree = "<group>"; };
		CCB521FB1EF687E5008AC52F /* ViewController.h */ = {isa = PBXFileReference; lastKnownFileType = sourcecode.c.h; path = ViewController.h; sourceTree = "<group>"; };
		CCB521FC1EF687E5008AC52F /* ViewController.m */ = {isa = PBXFileReference; lastKnownFileType = sourcecode.c.objc; path = ViewController.m; sourceTree = "<group>"; };
		CCB522011EF687E5008AC52F /* Assets.xcassets */ = {isa = PBXFileReference; lastKnownFileType = folder.assetcatalog; path = Assets.xcassets; sourceTree = "<group>"; };
		CCB522041EF687E5008AC52F /* Base */ = {isa = PBXFileReference; lastKnownFileType = file.storyboard; name = Base; path = Base.lproj/LaunchScreen.storyboard; sourceTree = "<group>"; };
		CCB522061EF687E5008AC52F /* Info.plist */ = {isa = PBXFileReference; lastKnownFileType = text.plist.xml; path = Info.plist; sourceTree = "<group>"; };
		CCD51D7E1EFFC87000F795A4 /* CGAffineTransform.h */ = {isa = PBXFileReference; fileEncoding = 4; lastKnownFileType = sourcecode.c.h; path = CGAffineTransform.h; sourceTree = "<group>"; };
		CCD51D7F1EFFC87000F795A4 /* CGAffineTransform.m */ = {isa = PBXFileReference; fileEncoding = 4; lastKnownFileType = sourcecode.c.objc; path = CGAffineTransform.m; sourceTree = "<group>"; };
		CCD51D801EFFC87000F795A4 /* CGPoint.h */ = {isa = PBXFileReference; fileEncoding = 4; lastKnownFileType = sourcecode.c.h; path = CGPoint.h; sourceTree = "<group>"; };
		CCD51D811EFFC87000F795A4 /* CGPoint.m */ = {isa = PBXFileReference; fileEncoding = 4; lastKnownFileType = sourcecode.c.objc; path = CGPoint.m; sourceTree = "<group>"; };
		CCD51D821EFFC87000F795A4 /* CGRect.h */ = {isa = PBXFileReference; fileEncoding = 4; lastKnownFileType = sourcecode.c.h; path = CGRect.h; sourceTree = "<group>"; };
		CCD51D831EFFC87000F795A4 /* CGRect.m */ = {isa = PBXFileReference; fileEncoding = 4; lastKnownFileType = sourcecode.c.objc; path = CGRect.m; sourceTree = "<group>"; };
		CCD51D841EFFC87000F795A4 /* CGSize.h */ = {isa = PBXFileReference; fileEncoding = 4; lastKnownFileType = sourcecode.c.h; path = CGSize.h; sourceTree = "<group>"; };
		CCD51D851EFFC87000F795A4 /* CGSize.m */ = {isa = PBXFileReference; fileEncoding = 4; lastKnownFileType = sourcecode.c.objc; path = CGSize.m; sourceTree = "<group>"; };
		CCD51D871EFFC87000F795A4 /* NSArray.h */ = {isa = PBXFileReference; fileEncoding = 4; lastKnownFileType = sourcecode.c.h; path = NSArray.h; sourceTree = "<group>"; };
		CCD51D881EFFC87000F795A4 /* NSArray.m */ = {isa = PBXFileReference; fileEncoding = 4; lastKnownFileType = sourcecode.c.objc; path = NSArray.m; sourceTree = "<group>"; };
		CCD51D891EFFC87000F795A4 /* NSAttributedString.h */ = {isa = PBXFileReference; fileEncoding = 4; lastKnownFileType = sourcecode.c.h; path = NSAttributedString.h; sourceTree = "<group>"; };
		CCD51D8A1EFFC87000F795A4 /* NSAttributedString.m */ = {isa = PBXFileReference; fileEncoding = 4; lastKnownFileType = sourcecode.c.objc; path = NSAttributedString.m; sourceTree = "<group>"; };
		CCD51D8B1EFFC87000F795A4 /* NSError.h */ = {isa = PBXFileReference; fileEncoding = 4; lastKnownFileType = sourcecode.c.h; path = NSError.h; sourceTree = "<group>"; };
		CCD51D8C1EFFC87000F795A4 /* NSError.m */ = {isa = PBXFileReference; fileEncoding = 4; lastKnownFileType = sourcecode.c.objc; path = NSError.m; sourceTree = "<group>"; };
		CCD51D8D1EFFC87000F795A4 /* NSObject.h */ = {isa = PBXFileReference; fileEncoding = 4; lastKnownFileType = sourcecode.c.h; path = NSObject.h; sourceTree = "<group>"; };
		CCD51D8E1EFFC87000F795A4 /* NSObject.m */ = {isa = PBXFileReference; fileEncoding = 4; lastKnownFileType = sourcecode.c.objc; path = NSObject.m; sourceTree = "<group>"; };
		CCD51D8F1EFFC87000F795A4 /* NSURL.h */ = {isa = PBXFileReference; fileEncoding = 4; lastKnownFileType = sourcecode.c.h; path = NSURL.h; sourceTree = "<group>"; };
		CCD51D901EFFC87000F795A4 /* NSURL.m */ = {isa = PBXFileReference; fileEncoding = 4; lastKnownFileType = sourcecode.c.objc; path = NSURL.m; sourceTree = "<group>"; };
		CCD51D911EFFC87000F795A4 /* NSURLRequest.h */ = {isa = PBXFileReference; fileEncoding = 4; lastKnownFileType = sourcecode.c.h; path = NSURLRequest.h; sourceTree = "<group>"; };
		CCD51D921EFFC87000F795A4 /* NSURLRequest.m */ = {isa = PBXFileReference; fileEncoding = 4; lastKnownFileType = sourcecode.c.objc; path = NSURLRequest.m; sourceTree = "<group>"; };
		CCD51D931EFFC87000F795A4 /* Showcase.h */ = {isa = PBXFileReference; fileEncoding = 4; lastKnownFileType = sourcecode.c.h; path = Showcase.h; sourceTree = "<group>"; };
		CCD51D941EFFC87000F795A4 /* Showcase.m */ = {isa = PBXFileReference; fileEncoding = 4; lastKnownFileType = sourcecode.c.objc; path = Showcase.m; sourceTree = "<group>"; };
		CCD51D961EFFC87000F795A4 /* NSLayoutAnchor.h */ = {isa = PBXFileReference; fileEncoding = 4; lastKnownFileType = sourcecode.c.h; path = NSLayoutAnchor.h; sourceTree = "<group>"; };
		CCD51D971EFFC87000F795A4 /* NSLayoutAnchor.m */ = {isa = PBXFileReference; fileEncoding = 4; lastKnownFileType = sourcecode.c.objc; path = NSLayoutAnchor.m; sourceTree = "<group>"; };
		CCD51D981EFFC87000F795A4 /* NSLayoutConstraint.h */ = {isa = PBXFileReference; fileEncoding = 4; lastKnownFileType = sourcecode.c.h; path = NSLayoutConstraint.h; sourceTree = "<group>"; };
		CCD51D991EFFC87000F795A4 /* NSLayoutConstraint.m */ = {isa = PBXFileReference; fileEncoding = 4; lastKnownFileType = sourcecode.c.objc; path = NSLayoutConstraint.m; sourceTree = "<group>"; };
		CCD51D9A1EFFC87000F795A4 /* NSLayoutDimension.h */ = {isa = PBXFileReference; fileEncoding = 4; lastKnownFileType = sourcecode.c.h; path = NSLayoutDimension.h; sourceTree = "<group>"; };
		CCD51D9B1EFFC87000F795A4 /* NSLayoutDimension.m */ = {isa = PBXFileReference; fileEncoding = 4; lastKnownFileType = sourcecode.c.objc; path = NSLayoutDimension.m; sourceTree = "<group>"; };
		CCD51D9C1EFFC87000F795A4 /* NSLayoutXAxisAnchor.h */ = {isa = PBXFileReference; fileEncoding = 4; lastKnownFileType = sourcecode.c.h; path = NSLayoutXAxisAnchor.h; sourceTree = "<group>"; };
		CCD51D9D1EFFC87000F795A4 /* NSLayoutXAxisAnchor.m */ = {isa = PBXFileReference; fileEncoding = 4; lastKnownFileType = sourcecode.c.objc; path = NSLayoutXAxisAnchor.m; sourceTree = "<group>"; };
		CCD51D9E1EFFC87000F795A4 /* NSLayoutYAxisAnchor.h */ = {isa = PBXFileReference; fileEncoding = 4; lastKnownFileType = sourcecode.c.h; path = NSLayoutYAxisAnchor.h; sourceTree = "<group>"; };
		CCD51D9F1EFFC87000F795A4 /* NSLayoutYAxisAnchor.m */ = {isa = PBXFileReference; fileEncoding = 4; lastKnownFileType = sourcecode.c.objc; path = NSLayoutYAxisAnchor.m; sourceTree = "<group>"; };
		CCD51DA01EFFC87000F795A4 /* NSLineBreakMode.h */ = {isa = PBXFileReference; fileEncoding = 4; lastKnownFileType = sourcecode.c.h; path = NSLineBreakMode.h; sourceTree = "<group>"; };
		CCD51DA11EFFC87000F795A4 /* NSLineBreakMode.m */ = {isa = PBXFileReference; fileEncoding = 4; lastKnownFileType = sourcecode.c.objc; path = NSLineBreakMode.m; sourceTree = "<group>"; };
		CCD51DA21EFFC87000F795A4 /* NSTextAlignmentLeft.h */ = {isa = PBXFileReference; fileEncoding = 4; lastKnownFileType = sourcecode.c.h; path = NSTextAlignmentLeft.h; sourceTree = "<group>"; };
		CCD51DA31EFFC87000F795A4 /* NSTextAlignmentLeft.m */ = {isa = PBXFileReference; fileEncoding = 4; lastKnownFileType = sourcecode.c.objc; path = NSTextAlignmentLeft.m; sourceTree = "<group>"; };
		CCD51DA41EFFC87000F795A4 /* UIActivityIndicatorView.h */ = {isa = PBXFileReference; fileEncoding = 4; lastKnownFileType = sourcecode.c.h; path = UIActivityIndicatorView.h; sourceTree = "<group>"; };
		CCD51DA51EFFC87000F795A4 /* UIActivityIndicatorView.m */ = {isa = PBXFileReference; fileEncoding = 4; lastKnownFileType = sourcecode.c.objc; path = UIActivityIndicatorView.m; sourceTree = "<group>"; };
		CCD51DA61EFFC87000F795A4 /* UIActivityIndicatorViewStub.h */ = {isa = PBXFileReference; fileEncoding = 4; lastKnownFileType = sourcecode.c.h; path = UIActivityIndicatorViewStub.h; sourceTree = "<group>"; };
		CCD51DA71EFFC87000F795A4 /* UIActivityIndicatorViewStub.m */ = {isa = PBXFileReference; fileEncoding = 4; lastKnownFileType = sourcecode.c.objc; path = UIActivityIndicatorViewStub.m; sourceTree = "<group>"; };
		CCD51DA81EFFC87000F795A4 /* UIButton.h */ = {isa = PBXFileReference; fileEncoding = 4; lastKnownFileType = sourcecode.c.h; path = UIButton.h; sourceTree = "<group>"; };
		CCD51DA91EFFC87000F795A4 /* UIButton.m */ = {isa = PBXFileReference; fileEncoding = 4; lastKnownFileType = sourcecode.c.objc; path = UIButton.m; sourceTree = "<group>"; };
		CCD51DAA1EFFC87000F795A4 /* UIButtonStub.h */ = {isa = PBXFileReference; fileEncoding = 4; lastKnownFileType = sourcecode.c.h; path = UIButtonStub.h; sourceTree = "<group>"; };
		CCD51DAB1EFFC87000F795A4 /* UIButtonStub.m */ = {isa = PBXFileReference; fileEncoding = 4; lastKnownFileType = sourcecode.c.objc; path = UIButtonStub.m; sourceTree = "<group>"; };
		CCD51DAC1EFFC87000F795A4 /* UIButtonType.h */ = {isa = PBXFileReference; fileEncoding = 4; lastKnownFileType = sourcecode.c.h; path = UIButtonType.h; sourceTree = "<group>"; };
		CCD51DAD1EFFC87000F795A4 /* UIButtonType.m */ = {isa = PBXFileReference; fileEncoding = 4; lastKnownFileType = sourcecode.c.objc; path = UIButtonType.m; sourceTree = "<group>"; };
		CCD51DAE1EFFC87000F795A4 /* UIColor.h */ = {isa = PBXFileReference; fileEncoding = 4; lastKnownFileType = sourcecode.c.h; path = UIColor.h; sourceTree = "<group>"; };
		CCD51DAF1EFFC87000F795A4 /* UIColor.m */ = {isa = PBXFileReference; fileEncoding = 4; lastKnownFileType = sourcecode.c.objc; path = UIColor.m; sourceTree = "<group>"; };
		CCD51DB01EFFC87000F795A4 /* UIColorStub.h */ = {isa = PBXFileReference; fileEncoding = 4; lastKnownFileType = sourcecode.c.h; path = UIColorStub.h; sourceTree = "<group>"; };
		CCD51DB11EFFC87000F795A4 /* UIColorStub.m */ = {isa = PBXFileReference; fileEncoding = 4; lastKnownFileType = sourcecode.c.objc; path = UIColorStub.m; sourceTree = "<group>"; };
		CCD51DB21EFFC87000F795A4 /* UIControl.h */ = {isa = PBXFileReference; fileEncoding = 4; lastKnownFileType = sourcecode.c.h; path = UIControl.h; sourceTree = "<group>"; };
		CCD51DB31EFFC87000F795A4 /* UIControl.m */ = {isa = PBXFileReference; fileEncoding = 4; lastKnownFileType = sourcecode.c.objc; path = UIControl.m; sourceTree = "<group>"; };
		CCD51DB41EFFC87000F795A4 /* UIControlContentHorizontalAlignment.h */ = {isa = PBXFileReference; fileEncoding = 4; lastKnownFileType = sourcecode.c.h; path = UIControlContentHorizontalAlignment.h; sourceTree = "<group>"; };
		CCD51DB51EFFC87000F795A4 /* UIControlContentHorizontalAlignment.m */ = {isa = PBXFileReference; fileEncoding = 4; lastKnownFileType = sourcecode.c.objc; path = UIControlContentHorizontalAlignment.m; sourceTree = "<group>"; };
		CCD51DB61EFFC87000F795A4 /* UIControlContentVerticalAlignment.h */ = {isa = PBXFileReference; fileEncoding = 4; lastKnownFileType = sourcecode.c.h; path = UIControlContentVerticalAlignment.h; sourceTree = "<group>"; };
		CCD51DB71EFFC87000F795A4 /* UIControlContentVerticalAlignment.m */ = {isa = PBXFileReference; fileEncoding = 4; lastKnownFileType = sourcecode.c.objc; path = UIControlContentVerticalAlignment.m; sourceTree = "<group>"; };
		CCD51DB81EFFC87000F795A4 /* UIControlEvents.h */ = {isa = PBXFileReference; fileEncoding = 4; lastKnownFileType = sourcecode.c.h; path = UIControlEvents.h; sourceTree = "<group>"; };
		CCD51DB91EFFC87000F795A4 /* UIControlEvents.m */ = {isa = PBXFileReference; fileEncoding = 4; lastKnownFileType = sourcecode.c.objc; path = UIControlEvents.m; sourceTree = "<group>"; };
		CCD51DBA1EFFC87000F795A4 /* UIControlState.h */ = {isa = PBXFileReference; fileEncoding = 4; lastKnownFileType = sourcecode.c.h; path = UIControlState.h; sourceTree = "<group>"; };
		CCD51DBB1EFFC87000F795A4 /* UIControlState.m */ = {isa = PBXFileReference; fileEncoding = 4; lastKnownFileType = sourcecode.c.objc; path = UIControlState.m; sourceTree = "<group>"; };
		CCD51DBC1EFFC87000F795A4 /* UIControlStub.h */ = {isa = PBXFileReference; fileEncoding = 4; lastKnownFileType = sourcecode.c.h; path = UIControlStub.h; sourceTree = "<group>"; };
		CCD51DBD1EFFC87000F795A4 /* UIControlStub.m */ = {isa = PBXFileReference; fileEncoding = 4; lastKnownFileType = sourcecode.c.objc; path = UIControlStub.m; sourceTree = "<group>"; };
		CCD51DBE1EFFC87000F795A4 /* UIControlStubImpl.h */ = {isa = PBXFileReference; fileEncoding = 4; lastKnownFileType = sourcecode.c.h; path = UIControlStubImpl.h; sourceTree = "<group>"; };
		CCD51DBF1EFFC87000F795A4 /* UIDatePicker.h */ = {isa = PBXFileReference; fileEncoding = 4; lastKnownFileType = sourcecode.c.h; path = UIDatePicker.h; sourceTree = "<group>"; };
		CCD51DC01EFFC87000F795A4 /* UIDatePicker.m */ = {isa = PBXFileReference; fileEncoding = 4; lastKnownFileType = sourcecode.c.objc; path = UIDatePicker.m; sourceTree = "<group>"; };
		CCD51DC11EFFC87000F795A4 /* UIDatePickerStub.h */ = {isa = PBXFileReference; fileEncoding = 4; lastKnownFileType = sourcecode.c.h; path = UIDatePickerStub.h; sourceTree = "<group>"; };
		CCD51DC21EFFC87000F795A4 /* UIDatePickerStub.m */ = {isa = PBXFileReference; fileEncoding = 4; lastKnownFileType = sourcecode.c.objc; path = UIDatePickerStub.m; sourceTree = "<group>"; };
		CCD51DC31EFFC87000F795A4 /* UIEvent.h */ = {isa = PBXFileReference; fileEncoding = 4; lastKnownFileType = sourcecode.c.h; path = UIEvent.h; sourceTree = "<group>"; };
		CCD51DC41EFFC87000F795A4 /* UIEvent.m */ = {isa = PBXFileReference; fileEncoding = 4; lastKnownFileType = sourcecode.c.objc; path = UIEvent.m; sourceTree = "<group>"; };
		CCD51DC51EFFC87000F795A4 /* UIEventHandler.h */ = {isa = PBXFileReference; fileEncoding = 4; lastKnownFileType = sourcecode.c.h; path = UIEventHandler.h; sourceTree = "<group>"; };
		CCD51DC61EFFC87000F795A4 /* UIEventHandler.m */ = {isa = PBXFileReference; fileEncoding = 4; lastKnownFileType = sourcecode.c.objc; path = UIEventHandler.m; sourceTree = "<group>"; };
		CCD51DC71EFFC87000F795A4 /* UIFont.h */ = {isa = PBXFileReference; fileEncoding = 4; lastKnownFileType = sourcecode.c.h; path = UIFont.h; sourceTree = "<group>"; };
		CCD51DC81EFFC87000F795A4 /* UIFont.m */ = {isa = PBXFileReference; fileEncoding = 4; lastKnownFileType = sourcecode.c.objc; path = UIFont.m; sourceTree = "<group>"; };
		CCD51DC91EFFC87000F795A4 /* UIImage.h */ = {isa = PBXFileReference; fileEncoding = 4; lastKnownFileType = sourcecode.c.h; path = UIImage.h; sourceTree = "<group>"; };
		CCD51DCA1EFFC87000F795A4 /* UIImage.m */ = {isa = PBXFileReference; fileEncoding = 4; lastKnownFileType = sourcecode.c.objc; path = UIImage.m; sourceTree = "<group>"; };
		CCD51DCB1EFFC87000F795A4 /* UIImageView.h */ = {isa = PBXFileReference; fileEncoding = 4; lastKnownFileType = sourcecode.c.h; path = UIImageView.h; sourceTree = "<group>"; };
		CCD51DCC1EFFC87000F795A4 /* UIImageView.m */ = {isa = PBXFileReference; fileEncoding = 4; lastKnownFileType = sourcecode.c.objc; path = UIImageView.m; sourceTree = "<group>"; };
		CCD51DCD1EFFC87000F795A4 /* UIImageViewStub.h */ = {isa = PBXFileReference; fileEncoding = 4; lastKnownFileType = sourcecode.c.h; path = UIImageViewStub.h; sourceTree = "<group>"; };
		CCD51DCE1EFFC87000F795A4 /* UIImageViewStub.m */ = {isa = PBXFileReference; fileEncoding = 4; lastKnownFileType = sourcecode.c.objc; path = UIImageViewStub.m; sourceTree = "<group>"; };
		CCD51DCF1EFFC87000F795A4 /* UILabel.h */ = {isa = PBXFileReference; fileEncoding = 4; lastKnownFileType = sourcecode.c.h; path = UILabel.h; sourceTree = "<group>"; };
		CCD51DD01EFFC87000F795A4 /* UILabel.m */ = {isa = PBXFileReference; fileEncoding = 4; lastKnownFileType = sourcecode.c.objc; path = UILabel.m; sourceTree = "<group>"; };
		CCD51DD11EFFC87000F795A4 /* UILabelStub.h */ = {isa = PBXFileReference; fileEncoding = 4; lastKnownFileType = sourcecode.c.h; path = UILabelStub.h; sourceTree = "<group>"; };
		CCD51DD21EFFC87000F795A4 /* UILabelStub.m */ = {isa = PBXFileReference; fileEncoding = 4; lastKnownFileType = sourcecode.c.objc; path = UILabelStub.m; sourceTree = "<group>"; };
		CCD51DD31EFFC87000F795A4 /* UINavigationController.h */ = {isa = PBXFileReference; fileEncoding = 4; lastKnownFileType = sourcecode.c.h; path = UINavigationController.h; sourceTree = "<group>"; };
		CCD51DD41EFFC87000F795A4 /* UINavigationController.m */ = {isa = PBXFileReference; fileEncoding = 4; lastKnownFileType = sourcecode.c.objc; path = UINavigationController.m; sourceTree = "<group>"; };
		CCD51DD51EFFC87000F795A4 /* UIPageViewController.h */ = {isa = PBXFileReference; fileEncoding = 4; lastKnownFileType = sourcecode.c.h; path = UIPageViewController.h; sourceTree = "<group>"; };
		CCD51DD61EFFC87000F795A4 /* UIPageViewController.m */ = {isa = PBXFileReference; fileEncoding = 4; lastKnownFileType = sourcecode.c.objc; path = UIPageViewController.m; sourceTree = "<group>"; };
		CCD51DD71EFFC87000F795A4 /* UIPickerView.h */ = {isa = PBXFileReference; fileEncoding = 4; lastKnownFileType = sourcecode.c.h; path = UIPickerView.h; sourceTree = "<group>"; };
		CCD51DD81EFFC87000F795A4 /* UIPickerView.m */ = {isa = PBXFileReference; fileEncoding = 4; lastKnownFileType = sourcecode.c.objc; path = UIPickerView.m; sourceTree = "<group>"; };
		CCD51DD91EFFC87000F795A4 /* UIPickerViewStub.h */ = {isa = PBXFileReference; fileEncoding = 4; lastKnownFileType = sourcecode.c.h; path = UIPickerViewStub.h; sourceTree = "<group>"; };
		CCD51DDA1EFFC87000F795A4 /* UIPickerViewStub.m */ = {isa = PBXFileReference; fileEncoding = 4; lastKnownFileType = sourcecode.c.objc; path = UIPickerViewStub.m; sourceTree = "<group>"; };
		CCD51DDB1EFFC87000F795A4 /* UIProgressView.h */ = {isa = PBXFileReference; fileEncoding = 4; lastKnownFileType = sourcecode.c.h; path = UIProgressView.h; sourceTree = "<group>"; };
		CCD51DDC1EFFC87000F795A4 /* UIProgressView.m */ = {isa = PBXFileReference; fileEncoding = 4; lastKnownFileType = sourcecode.c.objc; path = UIProgressView.m; sourceTree = "<group>"; };
		CCD51DDD1EFFC87000F795A4 /* UIProgressViewStub.h */ = {isa = PBXFileReference; fileEncoding = 4; lastKnownFileType = sourcecode.c.h; path = UIProgressViewStub.h; sourceTree = "<group>"; };
		CCD51DDE1EFFC87000F795A4 /* UIProgressViewStub.m */ = {isa = PBXFileReference; fileEncoding = 4; lastKnownFileType = sourcecode.c.objc; path = UIProgressViewStub.m; sourceTree = "<group>"; };
		CCD51DDF1EFFC87000F795A4 /* UIResponder.h */ = {isa = PBXFileReference; fileEncoding = 4; lastKnownFileType = sourcecode.c.h; path = UIResponder.h; sourceTree = "<group>"; };
		CCD51DE01EFFC87000F795A4 /* UIResponder.m */ = {isa = PBXFileReference; fileEncoding = 4; lastKnownFileType = sourcecode.c.objc; path = UIResponder.m; sourceTree = "<group>"; };
		CCD51DE11EFFC87000F795A4 /* UIScrollView.h */ = {isa = PBXFileReference; fileEncoding = 4; lastKnownFileType = sourcecode.c.h; path = UIScrollView.h; sourceTree = "<group>"; };
		CCD51DE21EFFC87000F795A4 /* UIScrollView.m */ = {isa = PBXFileReference; fileEncoding = 4; lastKnownFileType = sourcecode.c.objc; path = UIScrollView.m; sourceTree = "<group>"; };
		CCD51DE31EFFC87000F795A4 /* UIScrollViewStub.h */ = {isa = PBXFileReference; fileEncoding = 4; lastKnownFileType = sourcecode.c.h; path = UIScrollViewStub.h; sourceTree = "<group>"; };
		CCD51DE41EFFC87000F795A4 /* UIScrollViewStub.m */ = {isa = PBXFileReference; fileEncoding = 4; lastKnownFileType = sourcecode.c.objc; path = UIScrollViewStub.m; sourceTree = "<group>"; };
		CCD51DE51EFFC87000F795A4 /* UISlider.h */ = {isa = PBXFileReference; fileEncoding = 4; lastKnownFileType = sourcecode.c.h; path = UISlider.h; sourceTree = "<group>"; };
		CCD51DE61EFFC87000F795A4 /* UISlider.m */ = {isa = PBXFileReference; fileEncoding = 4; lastKnownFileType = sourcecode.c.objc; path = UISlider.m; sourceTree = "<group>"; };
		CCD51DE71EFFC87000F795A4 /* UISliderStub.h */ = {isa = PBXFileReference; fileEncoding = 4; lastKnownFileType = sourcecode.c.h; path = UISliderStub.h; sourceTree = "<group>"; };
		CCD51DE81EFFC87000F795A4 /* UISliderStub.m */ = {isa = PBXFileReference; fileEncoding = 4; lastKnownFileType = sourcecode.c.objc; path = UISliderStub.m; sourceTree = "<group>"; };
		CCD51DE91EFFC87000F795A4 /* UISplitViewController.h */ = {isa = PBXFileReference; fileEncoding = 4; lastKnownFileType = sourcecode.c.h; path = UISplitViewController.h; sourceTree = "<group>"; };
		CCD51DEA1EFFC87000F795A4 /* UISplitViewController.m */ = {isa = PBXFileReference; fileEncoding = 4; lastKnownFileType = sourcecode.c.objc; path = UISplitViewController.m; sourceTree = "<group>"; };
		CCD51DEB1EFFC87000F795A4 /* UIStackView.h */ = {isa = PBXFileReference; fileEncoding = 4; lastKnownFileType = sourcecode.c.h; path = UIStackView.h; sourceTree = "<group>"; };
		CCD51DEC1EFFC87000F795A4 /* UIStackView.m */ = {isa = PBXFileReference; fileEncoding = 4; lastKnownFileType = sourcecode.c.objc; path = UIStackView.m; sourceTree = "<group>"; };
		CCD51DED1EFFC87000F795A4 /* UIStackViewStub.h */ = {isa = PBXFileReference; fileEncoding = 4; lastKnownFileType = sourcecode.c.h; path = UIStackViewStub.h; sourceTree = "<group>"; };
		CCD51DEE1EFFC87000F795A4 /* UIStackViewStub.m */ = {isa = PBXFileReference; fileEncoding = 4; lastKnownFileType = sourcecode.c.objc; path = UIStackViewStub.m; sourceTree = "<group>"; };
		CCD51DEF1EFFC87000F795A4 /* UIStepper.h */ = {isa = PBXFileReference; fileEncoding = 4; lastKnownFileType = sourcecode.c.h; path = UIStepper.h; sourceTree = "<group>"; };
		CCD51DF01EFFC87000F795A4 /* UIStepper.m */ = {isa = PBXFileReference; fileEncoding = 4; lastKnownFileType = sourcecode.c.objc; path = UIStepper.m; sourceTree = "<group>"; };
		CCD51DF11EFFC87000F795A4 /* UIStepperStub.h */ = {isa = PBXFileReference; fileEncoding = 4; lastKnownFileType = sourcecode.c.h; path = UIStepperStub.h; sourceTree = "<group>"; };
		CCD51DF21EFFC87000F795A4 /* UIStepperStub.m */ = {isa = PBXFileReference; fileEncoding = 4; lastKnownFileType = sourcecode.c.objc; path = UIStepperStub.m; sourceTree = "<group>"; };
		CCD51DF31EFFC87000F795A4 /* UISwitch.h */ = {isa = PBXFileReference; fileEncoding = 4; lastKnownFileType = sourcecode.c.h; path = UISwitch.h; sourceTree = "<group>"; };
		CCD51DF41EFFC87000F795A4 /* UISwitch.m */ = {isa = PBXFileReference; fileEncoding = 4; lastKnownFileType = sourcecode.c.objc; path = UISwitch.m; sourceTree = "<group>"; };
		CCD51DF51EFFC87000F795A4 /* UISwitchStub.h */ = {isa = PBXFileReference; fileEncoding = 4; lastKnownFileType = sourcecode.c.h; path = UISwitchStub.h; sourceTree = "<group>"; };
		CCD51DF61EFFC87000F795A4 /* UISwitchStub.m */ = {isa = PBXFileReference; fileEncoding = 4; lastKnownFileType = sourcecode.c.objc; path = UISwitchStub.m; sourceTree = "<group>"; };
		CCD51DF71EFFC87000F795A4 /* UIView.h */ = {isa = PBXFileReference; fileEncoding = 4; lastKnownFileType = sourcecode.c.h; path = UIView.h; sourceTree = "<group>"; };
		CCD51DF81EFFC87000F795A4 /* UIView.m */ = {isa = PBXFileReference; fileEncoding = 4; lastKnownFileType = sourcecode.c.objc; path = UIView.m; sourceTree = "<group>"; };
		CCD51DF91EFFC87000F795A4 /* UIViewAutoresizing.h */ = {isa = PBXFileReference; fileEncoding = 4; lastKnownFileType = sourcecode.c.h; path = UIViewAutoresizing.h; sourceTree = "<group>"; };
		CCD51DFA1EFFC87000F795A4 /* UIViewAutoresizing.m */ = {isa = PBXFileReference; fileEncoding = 4; lastKnownFileType = sourcecode.c.objc; path = UIViewAutoresizing.m; sourceTree = "<group>"; };
		CCD51DFB1EFFC87000F795A4 /* UIViewContentMode.h */ = {isa = PBXFileReference; fileEncoding = 4; lastKnownFileType = sourcecode.c.h; path = UIViewContentMode.h; sourceTree = "<group>"; };
		CCD51DFC1EFFC87000F795A4 /* UIViewContentMode.m */ = {isa = PBXFileReference; fileEncoding = 4; lastKnownFileType = sourcecode.c.objc; path = UIViewContentMode.m; sourceTree = "<group>"; };
		CCD51DFD1EFFC87000F795A4 /* UIViewController.h */ = {isa = PBXFileReference; fileEncoding = 4; lastKnownFileType = sourcecode.c.h; path = UIViewController.h; sourceTree = "<group>"; };
		CCD51DFE1EFFC87000F795A4 /* UIViewController.m */ = {isa = PBXFileReference; fileEncoding = 4; lastKnownFileType = sourcecode.c.objc; path = UIViewController.m; sourceTree = "<group>"; };
		CCD51DFF1EFFC87000F795A4 /* UIViewControllerStub.h */ = {isa = PBXFileReference; fileEncoding = 4; lastKnownFileType = sourcecode.c.h; path = UIViewControllerStub.h; sourceTree = "<group>"; };
		CCD51E001EFFC87000F795A4 /* UIViewControllerStub.m */ = {isa = PBXFileReference; fileEncoding = 4; lastKnownFileType = sourcecode.c.objc; path = UIViewControllerStub.m; sourceTree = "<group>"; };
		CCD51E011EFFC87000F795A4 /* UIViewStub.h */ = {isa = PBXFileReference; fileEncoding = 4; lastKnownFileType = sourcecode.c.h; path = UIViewStub.h; sourceTree = "<group>"; };
		CCD51E021EFFC87000F795A4 /* UIViewStub.m */ = {isa = PBXFileReference; fileEncoding = 4; lastKnownFileType = sourcecode.c.objc; path = UIViewStub.m; sourceTree = "<group>"; };
		CCD51E031EFFC87000F795A4 /* UIViewStubImpl.h */ = {isa = PBXFileReference; fileEncoding = 4; lastKnownFileType = sourcecode.c.h; path = UIViewStubImpl.h; sourceTree = "<group>"; };
		CCD51E041EFFC87000F795A4 /* UIViewTintAdjustmentMode.h */ = {isa = PBXFileReference; fileEncoding = 4; lastKnownFileType = sourcecode.c.h; path = UIViewTintAdjustmentMode.h; sourceTree = "<group>"; };
		CCD51E051EFFC87000F795A4 /* UIViewTintAdjustmentMode.m */ = {isa = PBXFileReference; fileEncoding = 4; lastKnownFileType = sourcecode.c.objc; path = UIViewTintAdjustmentMode.m; sourceTree = "<group>"; };
		CCD51E061EFFC87000F795A4 /* UIWindow.h */ = {isa = PBXFileReference; fileEncoding = 4; lastKnownFileType = sourcecode.c.h; path = UIWindow.h; sourceTree = "<group>"; };
		CCD51E071EFFC87000F795A4 /* UIWindow.m */ = {isa = PBXFileReference; fileEncoding = 4; lastKnownFileType = sourcecode.c.objc; path = UIWindow.m; sourceTree = "<group>"; };
		CCD51E091EFFC87000F795A4 /* NSURLAuthenticationChallenge.h */ = {isa = PBXFileReference; fileEncoding = 4; lastKnownFileType = sourcecode.c.h; path = NSURLAuthenticationChallenge.h; sourceTree = "<group>"; };
		CCD51E0A1EFFC87000F795A4 /* NSURLAuthenticationChallenge.m */ = {isa = PBXFileReference; fileEncoding = 4; lastKnownFileType = sourcecode.c.objc; path = NSURLAuthenticationChallenge.m; sourceTree = "<group>"; };
		CCD51E0B1EFFC87000F795A4 /* WKBackForwardList.h */ = {isa = PBXFileReference; fileEncoding = 4; lastKnownFileType = sourcecode.c.h; path = WKBackForwardList.h; sourceTree = "<group>"; };
		CCD51E0C1EFFC87000F795A4 /* WKBackForwardList.m */ = {isa = PBXFileReference; fileEncoding = 4; lastKnownFileType = sourcecode.c.objc; path = WKBackForwardList.m; sourceTree = "<group>"; };
		CCD51E0D1EFFC87000F795A4 /* WKFrameInfo.h */ = {isa = PBXFileReference; fileEncoding = 4; lastKnownFileType = sourcecode.c.h; path = WKFrameInfo.h; sourceTree = "<group>"; };
		CCD51E0E1EFFC87000F795A4 /* WKFrameInfo.m */ = {isa = PBXFileReference; fileEncoding = 4; lastKnownFileType = sourcecode.c.objc; path = WKFrameInfo.m; sourceTree = "<group>"; };
		CCD51E0F1EFFC87000F795A4 /* WKNavigation.h */ = {isa = PBXFileReference; fileEncoding = 4; lastKnownFileType = sourcecode.c.h; path = WKNavigation.h; sourceTree = "<group>"; };
		CCD51E101EFFC87000F795A4 /* WKNavigation.m */ = {isa = PBXFileReference; fileEncoding = 4; lastKnownFileType = sourcecode.c.objc; path = WKNavigation.m; sourceTree = "<group>"; };
		CCD51E111EFFC87000F795A4 /* WKNavigationAction.h */ = {isa = PBXFileReference; fileEncoding = 4; lastKnownFileType = sourcecode.c.h; path = WKNavigationAction.h; sourceTree = "<group>"; };
		CCD51E121EFFC87000F795A4 /* WKNavigationAction.m */ = {isa = PBXFileReference; fileEncoding = 4; lastKnownFileType = sourcecode.c.objc; path = WKNavigationAction.m; sourceTree = "<group>"; };
		CCD51E131EFFC87000F795A4 /* WKNavigationActionPolicy.h */ = {isa = PBXFileReference; fileEncoding = 4; lastKnownFileType = sourcecode.c.h; path = WKNavigationActionPolicy.h; sourceTree = "<group>"; };
		CCD51E141EFFC87000F795A4 /* WKNavigationActionPolicy.m */ = {isa = PBXFileReference; fileEncoding = 4; lastKnownFileType = sourcecode.c.objc; path = WKNavigationActionPolicy.m; sourceTree = "<group>"; };
		CCD51E151EFFC87000F795A4 /* WKNavigationDelegate.h */ = {isa = PBXFileReference; fileEncoding = 4; lastKnownFileType = sourcecode.c.h; path = WKNavigationDelegate.h; sourceTree = "<group>"; };
		CCD51E161EFFC87000F795A4 /* WKNavigationDelegate.m */ = {isa = PBXFileReference; fileEncoding = 4; lastKnownFileType = sourcecode.c.objc; path = WKNavigationDelegate.m; sourceTree = "<group>"; };
		CCD51E171EFFC87000F795A4 /* WKNavigationResponse.h */ = {isa = PBXFileReference; fileEncoding = 4; lastKnownFileType = sourcecode.c.h; path = WKNavigationResponse.h; sourceTree = "<group>"; };
		CCD51E181EFFC87000F795A4 /* WKNavigationResponse.m */ = {isa = PBXFileReference; fileEncoding = 4; lastKnownFileType = sourcecode.c.objc; path = WKNavigationResponse.m; sourceTree = "<group>"; };
		CCD51E191EFFC87000F795A4 /* WKNavigationResponsePolicy.h */ = {isa = PBXFileReference; fileEncoding = 4; lastKnownFileType = sourcecode.c.h; path = WKNavigationResponsePolicy.h; sourceTree = "<group>"; };
		CCD51E1A1EFFC87000F795A4 /* WKNavigationResponsePolicy.m */ = {isa = PBXFileReference; fileEncoding = 4; lastKnownFileType = sourcecode.c.objc; path = WKNavigationResponsePolicy.m; sourceTree = "<group>"; };
		CCD51E1B1EFFC87000F795A4 /* WKOpenPanelParameters.h */ = {isa = PBXFileReference; fileEncoding = 4; lastKnownFileType = sourcecode.c.h; path = WKOpenPanelParameters.h; sourceTree = "<group>"; };
		CCD51E1C1EFFC87000F795A4 /* WKOpenPanelParameters.m */ = {isa = PBXFileReference; fileEncoding = 4; lastKnownFileType = sourcecode.c.objc; path = WKOpenPanelParameters.m; sourceTree = "<group>"; };
		CCD51E1D1EFFC87000F795A4 /* WKPreviewElementInfo.h */ = {isa = PBXFileReference; fileEncoding = 4; lastKnownFileType = sourcecode.c.h; path = WKPreviewElementInfo.h; sourceTree = "<group>"; };
		CCD51E1E1EFFC87000F795A4 /* WKPreviewElementInfo.m */ = {isa = PBXFileReference; fileEncoding = 4; lastKnownFileType = sourcecode.c.objc; path = WKPreviewElementInfo.m; sourceTree = "<group>"; };
		CCD51E1F1EFFC87000F795A4 /* WKUIDelegate.h */ = {isa = PBXFileReference; fileEncoding = 4; lastKnownFileType = sourcecode.c.h; path = WKUIDelegate.h; sourceTree = "<group>"; };
		CCD51E201EFFC87000F795A4 /* WKUIDelegate.m */ = {isa = PBXFileReference; fileEncoding = 4; lastKnownFileType = sourcecode.c.objc; path = WKUIDelegate.m; sourceTree = "<group>"; };
		CCD51E211EFFC87000F795A4 /* WKWebView.h */ = {isa = PBXFileReference; fileEncoding = 4; lastKnownFileType = sourcecode.c.h; path = WKWebView.h; sourceTree = "<group>"; };
		CCD51E221EFFC87000F795A4 /* WKWebView.m */ = {isa = PBXFileReference; fileEncoding = 4; lastKnownFileType = sourcecode.c.objc; path = WKWebView.m; sourceTree = "<group>"; };
		CCD51E231EFFC87000F795A4 /* WKWebViewConfiguration.h */ = {isa = PBXFileReference; fileEncoding = 4; lastKnownFileType = sourcecode.c.h; path = WKWebViewConfiguration.h; sourceTree = "<group>"; };
		CCD51E241EFFC87000F795A4 /* WKWebViewConfiguration.m */ = {isa = PBXFileReference; fileEncoding = 4; lastKnownFileType = sourcecode.c.objc; path = WKWebViewConfiguration.m; sourceTree = "<group>"; };
		CCD51E251EFFC87000F795A4 /* WKWebViewStub.h */ = {isa = PBXFileReference; fileEncoding = 4; lastKnownFileType = sourcecode.c.h; path = WKWebViewStub.h; sourceTree = "<group>"; };
		CCD51E261EFFC87000F795A4 /* WKWebViewStub.m */ = {isa = PBXFileReference; fileEncoding = 4; lastKnownFileType = sourcecode.c.objc; path = WKWebViewStub.m; sourceTree = "<group>"; };
		CCD51E271EFFC87000F795A4 /* WKWebViewStubImpl.h */ = {isa = PBXFileReference; fileEncoding = 4; lastKnownFileType = sourcecode.c.h; path = WKWebViewStubImpl.h; sourceTree = "<group>"; };
		CCD51E281EFFC87000F795A4 /* WKWindowFeatures.h */ = {isa = PBXFileReference; fileEncoding = 4; lastKnownFileType = sourcecode.c.h; path = WKWindowFeatures.h; sourceTree = "<group>"; };
		CCD51E291EFFC87000F795A4 /* WKWindowFeatures.m */ = {isa = PBXFileReference; fileEncoding = 4; lastKnownFileType = sourcecode.c.objc; path = WKWindowFeatures.m; sourceTree = "<group>"; };
/* End PBXFileReference section */

/* Begin PBXFrameworksBuildPhase section */
		CCB521EF1EF687E5008AC52F /* Frameworks */ = {
			isa = PBXFrameworksBuildPhase;
			buildActionMask = 2147483647;
			files = (
				CC3431ED1EF6888A00C48A8D /* libiconv.tbd in Frameworks */,
			);
			runOnlyForDeploymentPostprocessing = 0;
		};
/* End PBXFrameworksBuildPhase section */

/* Begin PBXGroup section */
		CC3431EB1EF6888A00C48A8D /* Frameworks */ = {
			isa = PBXGroup;
			children = (
				CC3431EC1EF6888A00C48A8D /* libiconv.tbd */,
			);
			name = Frameworks;
			sourceTree = "<group>";
		};
		CC3431EF1EF68D6900C48A8D /* java */ = {
			isa = PBXGroup;
			children = (
				CCD51D791EFFC87000F795A4 /* org */,
			);
			name = java;
			sourceTree = "<group>";
		};
		CCB521E91EF687E5008AC52F = {
			isa = PBXGroup;
			children = (
				CC3431EF1EF68D6900C48A8D /* java */,
				CCB521F41EF687E5008AC52F /* UIKit4J */,
				CCB521F31EF687E5008AC52F /* Products */,
				CC3431EB1EF6888A00C48A8D /* Frameworks */,
			);
			sourceTree = "<group>";
		};
		CCB521F31EF687E5008AC52F /* Products */ = {
			isa = PBXGroup;
			children = (
				CCB521F21EF687E5008AC52F /* UIKit4J.app */,
			);
			name = Products;
			sourceTree = "<group>";
		};
		CCB521F41EF687E5008AC52F /* UIKit4J */ = {
			isa = PBXGroup;
			children = (
				CCB521F81EF687E5008AC52F /* AppDelegate.h */,
				CCB521F91EF687E5008AC52F /* AppDelegate.m */,
				CCB521FB1EF687E5008AC52F /* ViewController.h */,
				CCB521FC1EF687E5008AC52F /* ViewController.m */,
				CCB522011EF687E5008AC52F /* Assets.xcassets */,
				CCB522031EF687E5008AC52F /* LaunchScreen.storyboard */,
				CCB522061EF687E5008AC52F /* Info.plist */,
				CCB521F51EF687E5008AC52F /* Supporting Files */,
			);
			path = UIKit4J;
			sourceTree = "<group>";
		};
		CCB521F51EF687E5008AC52F /* Supporting Files */ = {
			isa = PBXGroup;
			children = (
				CCB521F61EF687E5008AC52F /* main.m */,
			);
			name = "Supporting Files";
			sourceTree = "<group>";
		};
		CCD51D791EFFC87000F795A4 /* org */ = {
			isa = PBXGroup;
			children = (
				CCD51D7A1EFFC87000F795A4 /* chamomile */,
			);
			name = org;
			path = ../build/objc/org;
			sourceTree = "<group>";
		};
		CCD51D7A1EFFC87000F795A4 /* chamomile */ = {
			isa = PBXGroup;
			children = (
				CCD51D7B1EFFC87000F795A4 /* ios */,
			);
			path = chamomile;
			sourceTree = "<group>";
		};
		CCD51D7B1EFFC87000F795A4 /* ios */ = {
			isa = PBXGroup;
			children = (
				CCD51D7C1EFFC87000F795A4 /* core */,
				CCD51D861EFFC87000F795A4 /* foundation */,
				CCD51D931EFFC87000F795A4 /* Showcase.h */,
				CCD51D941EFFC87000F795A4 /* Showcase.m */,
				CCD51D951EFFC87000F795A4 /* uikit */,
				CCD51E081EFFC87000F795A4 /* webkit */,
			);
			path = ios;
			sourceTree = "<group>";
		};
		CCD51D7C1EFFC87000F795A4 /* core */ = {
			isa = PBXGroup;
			children = (
				CCD51D7D1EFFC87000F795A4 /* graphics */,
			);
			path = core;
			sourceTree = "<group>";
		};
		CCD51D7D1EFFC87000F795A4 /* graphics */ = {
			isa = PBXGroup;
			children = (
				CCD51D7E1EFFC87000F795A4 /* CGAffineTransform.h */,
				CCD51D7F1EFFC87000F795A4 /* CGAffineTransform.m */,
				CCD51D801EFFC87000F795A4 /* CGPoint.h */,
				CCD51D811EFFC87000F795A4 /* CGPoint.m */,
				CCD51D821EFFC87000F795A4 /* CGRect.h */,
				CCD51D831EFFC87000F795A4 /* CGRect.m */,
				CCD51D841EFFC87000F795A4 /* CGSize.h */,
				CCD51D851EFFC87000F795A4 /* CGSize.m */,
			);
			path = graphics;
			sourceTree = "<group>";
		};
		CCD51D861EFFC87000F795A4 /* foundation */ = {
			isa = PBXGroup;
			children = (
				CCD51D871EFFC87000F795A4 /* NSArray.h */,
				CCD51D881EFFC87000F795A4 /* NSArray.m */,
				CCD51D891EFFC87000F795A4 /* NSAttributedString.h */,
				CCD51D8A1EFFC87000F795A4 /* NSAttributedString.m */,
				CCD51D8B1EFFC87000F795A4 /* NSError.h */,
				CCD51D8C1EFFC87000F795A4 /* NSError.m */,
				CCD51D8D1EFFC87000F795A4 /* NSObject.h */,
				CCD51D8E1EFFC87000F795A4 /* NSObject.m */,
				CCD51D8F1EFFC87000F795A4 /* NSURL.h */,
				CCD51D901EFFC87000F795A4 /* NSURL.m */,
				CCD51D911EFFC87000F795A4 /* NSURLRequest.h */,
				CCD51D921EFFC87000F795A4 /* NSURLRequest.m */,
			);
			path = foundation;
			sourceTree = "<group>";
		};
		CCD51D951EFFC87000F795A4 /* uikit */ = {
			isa = PBXGroup;
			children = (
				CCD51D961EFFC87000F795A4 /* NSLayoutAnchor.h */,
				CCD51D971EFFC87000F795A4 /* NSLayoutAnchor.m */,
				CCD51D981EFFC87000F795A4 /* NSLayoutConstraint.h */,
				CCD51D991EFFC87000F795A4 /* NSLayoutConstraint.m */,
				CCD51D9A1EFFC87000F795A4 /* NSLayoutDimension.h */,
				CCD51D9B1EFFC87000F795A4 /* NSLayoutDimension.m */,
				CCD51D9C1EFFC87000F795A4 /* NSLayoutXAxisAnchor.h */,
				CCD51D9D1EFFC87000F795A4 /* NSLayoutXAxisAnchor.m */,
				CCD51D9E1EFFC87000F795A4 /* NSLayoutYAxisAnchor.h */,
				CCD51D9F1EFFC87000F795A4 /* NSLayoutYAxisAnchor.m */,
				CCD51DA01EFFC87000F795A4 /* NSLineBreakMode.h */,
				CCD51DA11EFFC87000F795A4 /* NSLineBreakMode.m */,
				CCD51DA21EFFC87000F795A4 /* NSTextAlignmentLeft.h */,
				CCD51DA31EFFC87000F795A4 /* NSTextAlignmentLeft.m */,
				CCD51DA41EFFC87000F795A4 /* UIActivityIndicatorView.h */,
				CCD51DA51EFFC87000F795A4 /* UIActivityIndicatorView.m */,
				CCD51DA61EFFC87000F795A4 /* UIActivityIndicatorViewStub.h */,
				CCD51DA71EFFC87000F795A4 /* UIActivityIndicatorViewStub.m */,
				CCD51DA81EFFC87000F795A4 /* UIButton.h */,
				CCD51DA91EFFC87000F795A4 /* UIButton.m */,
				CCD51DAA1EFFC87000F795A4 /* UIButtonStub.h */,
				CCD51DAB1EFFC87000F795A4 /* UIButtonStub.m */,
				CCD51DAC1EFFC87000F795A4 /* UIButtonType.h */,
				CCD51DAD1EFFC87000F795A4 /* UIButtonType.m */,
				CCD51DAE1EFFC87000F795A4 /* UIColor.h */,
				CCD51DAF1EFFC87000F795A4 /* UIColor.m */,
				CCD51DB01EFFC87000F795A4 /* UIColorStub.h */,
				CCD51DB11EFFC87000F795A4 /* UIColorStub.m */,
				CCD51DB21EFFC87000F795A4 /* UIControl.h */,
				CCD51DB31EFFC87000F795A4 /* UIControl.m */,
				CCD51DB41EFFC87000F795A4 /* UIControlContentHorizontalAlignment.h */,
				CCD51DB51EFFC87000F795A4 /* UIControlContentHorizontalAlignment.m */,
				CCD51DB61EFFC87000F795A4 /* UIControlContentVerticalAlignment.h */,
				CCD51DB71EFFC87000F795A4 /* UIControlContentVerticalAlignment.m */,
				CCD51DB81EFFC87000F795A4 /* UIControlEvents.h */,
				CCD51DB91EFFC87000F795A4 /* UIControlEvents.m */,
				CCD51DBA1EFFC87000F795A4 /* UIControlState.h */,
				CCD51DBB1EFFC87000F795A4 /* UIControlState.m */,
				CCD51DBC1EFFC87000F795A4 /* UIControlStub.h */,
				CCD51DBD1EFFC87000F795A4 /* UIControlStub.m */,
				CCD51DBE1EFFC87000F795A4 /* UIControlStubImpl.h */,
				CCD51DBF1EFFC87000F795A4 /* UIDatePicker.h */,
				CCD51DC01EFFC87000F795A4 /* UIDatePicker.m */,
				CCD51DC11EFFC87000F795A4 /* UIDatePickerStub.h */,
				CCD51DC21EFFC87000F795A4 /* UIDatePickerStub.m */,
				CCD51DC31EFFC87000F795A4 /* UIEvent.h */,
				CCD51DC41EFFC87000F795A4 /* UIEvent.m */,
				CCD51DC51EFFC87000F795A4 /* UIEventHandler.h */,
				CCD51DC61EFFC87000F795A4 /* UIEventHandler.m */,
				CCD51DC71EFFC87000F795A4 /* UIFont.h */,
				CCD51DC81EFFC87000F795A4 /* UIFont.m */,
				CCD51DC91EFFC87000F795A4 /* UIImage.h */,
				CCD51DCA1EFFC87000F795A4 /* UIImage.m */,
				CCD51DCB1EFFC87000F795A4 /* UIImageView.h */,
				CCD51DCC1EFFC87000F795A4 /* UIImageView.m */,
				CCD51DCD1EFFC87000F795A4 /* UIImageViewStub.h */,
				CCD51DCE1EFFC87000F795A4 /* UIImageViewStub.m */,
				CCD51DCF1EFFC87000F795A4 /* UILabel.h */,
				CCD51DD01EFFC87000F795A4 /* UILabel.m */,
				CCD51DD11EFFC87000F795A4 /* UILabelStub.h */,
				CCD51DD21EFFC87000F795A4 /* UILabelStub.m */,
				CCD51DD31EFFC87000F795A4 /* UINavigationController.h */,
				CCD51DD41EFFC87000F795A4 /* UINavigationController.m */,
				CCD51DD51EFFC87000F795A4 /* UIPageViewController.h */,
				CCD51DD61EFFC87000F795A4 /* UIPageViewController.m */,
				CCD51DD71EFFC87000F795A4 /* UIPickerView.h */,
				CCD51DD81EFFC87000F795A4 /* UIPickerView.m */,
				CCD51DD91EFFC87000F795A4 /* UIPickerViewStub.h */,
				CCD51DDA1EFFC87000F795A4 /* UIPickerViewStub.m */,
				CCD51DDB1EFFC87000F795A4 /* UIProgressView.h */,
				CCD51DDC1EFFC87000F795A4 /* UIProgressView.m */,
				CCD51DDD1EFFC87000F795A4 /* UIProgressViewStub.h */,
				CCD51DDE1EFFC87000F795A4 /* UIProgressViewStub.m */,
				CCD51DDF1EFFC87000F795A4 /* UIResponder.h */,
				CCD51DE01EFFC87000F795A4 /* UIResponder.m */,
				CCD51DE11EFFC87000F795A4 /* UIScrollView.h */,
				CCD51DE21EFFC87000F795A4 /* UIScrollView.m */,
				CCD51DE31EFFC87000F795A4 /* UIScrollViewStub.h */,
				CCD51DE41EFFC87000F795A4 /* UIScrollViewStub.m */,
				CCD51DE51EFFC87000F795A4 /* UISlider.h */,
				CCD51DE61EFFC87000F795A4 /* UISlider.m */,
				CCD51DE71EFFC87000F795A4 /* UISliderStub.h */,
				CCD51DE81EFFC87000F795A4 /* UISliderStub.m */,
				CCD51DE91EFFC87000F795A4 /* UISplitViewController.h */,
				CCD51DEA1EFFC87000F795A4 /* UISplitViewController.m */,
				CCD51DEB1EFFC87000F795A4 /* UIStackView.h */,
				CCD51DEC1EFFC87000F795A4 /* UIStackView.m */,
				CCD51DED1EFFC87000F795A4 /* UIStackViewStub.h */,
				CCD51DEE1EFFC87000F795A4 /* UIStackViewStub.m */,
				CCD51DEF1EFFC87000F795A4 /* UIStepper.h */,
				CCD51DF01EFFC87000F795A4 /* UIStepper.m */,
				CCD51DF11EFFC87000F795A4 /* UIStepperStub.h */,
				CCD51DF21EFFC87000F795A4 /* UIStepperStub.m */,
				CCD51DF31EFFC87000F795A4 /* UISwitch.h */,
				CCD51DF41EFFC87000F795A4 /* UISwitch.m */,
				CCD51DF51EFFC87000F795A4 /* UISwitchStub.h */,
				CCD51DF61EFFC87000F795A4 /* UISwitchStub.m */,
				CCD51DF71EFFC87000F795A4 /* UIView.h */,
				CCD51DF81EFFC87000F795A4 /* UIView.m */,
				CCD51DF91EFFC87000F795A4 /* UIViewAutoresizing.h */,
				CCD51DFA1EFFC87000F795A4 /* UIViewAutoresizing.m */,
				CCD51DFB1EFFC87000F795A4 /* UIViewContentMode.h */,
				CCD51DFC1EFFC87000F795A4 /* UIViewContentMode.m */,
				CCD51DFD1EFFC87000F795A4 /* UIViewController.h */,
				CCD51DFE1EFFC87000F795A4 /* UIViewController.m */,
				CCD51DFF1EFFC87000F795A4 /* UIViewControllerStub.h */,
				CCD51E001EFFC87000F795A4 /* UIViewControllerStub.m */,
				CCD51E011EFFC87000F795A4 /* UIViewStub.h */,
				CCD51E021EFFC87000F795A4 /* UIViewStub.m */,
				CCD51E031EFFC87000F795A4 /* UIViewStubImpl.h */,
				CCD51E041EFFC87000F795A4 /* UIViewTintAdjustmentMode.h */,
				CCD51E051EFFC87000F795A4 /* UIViewTintAdjustmentMode.m */,
				CCD51E061EFFC87000F795A4 /* UIWindow.h */,
				CCD51E071EFFC87000F795A4 /* UIWindow.m */,
			);
			path = uikit;
			sourceTree = "<group>";
		};
		CCD51E081EFFC87000F795A4 /* webkit */ = {
			isa = PBXGroup;
			children = (
				CCD51E091EFFC87000F795A4 /* NSURLAuthenticationChallenge.h */,
				CCD51E0A1EFFC87000F795A4 /* NSURLAuthenticationChallenge.m */,
				CCD51E0B1EFFC87000F795A4 /* WKBackForwardList.h */,
				CCD51E0C1EFFC87000F795A4 /* WKBackForwardList.m */,
				CCD51E0D1EFFC87000F795A4 /* WKFrameInfo.h */,
				CCD51E0E1EFFC87000F795A4 /* WKFrameInfo.m */,
				CCD51E0F1EFFC87000F795A4 /* WKNavigation.h */,
				CCD51E101EFFC87000F795A4 /* WKNavigation.m */,
				CCD51E111EFFC87000F795A4 /* WKNavigationAction.h */,
				CCD51E121EFFC87000F795A4 /* WKNavigationAction.m */,
				CCD51E131EFFC87000F795A4 /* WKNavigationActionPolicy.h */,
				CCD51E141EFFC87000F795A4 /* WKNavigationActionPolicy.m */,
				CCD51E151EFFC87000F795A4 /* WKNavigationDelegate.h */,
				CCD51E161EFFC87000F795A4 /* WKNavigationDelegate.m */,
				CCD51E171EFFC87000F795A4 /* WKNavigationResponse.h */,
				CCD51E181EFFC87000F795A4 /* WKNavigationResponse.m */,
				CCD51E191EFFC87000F795A4 /* WKNavigationResponsePolicy.h */,
				CCD51E1A1EFFC87000F795A4 /* WKNavigationResponsePolicy.m */,
				CCD51E1B1EFFC87000F795A4 /* WKOpenPanelParameters.h */,
				CCD51E1C1EFFC87000F795A4 /* WKOpenPanelParameters.m */,
				CCD51E1D1EFFC87000F795A4 /* WKPreviewElementInfo.h */,
				CCD51E1E1EFFC87000F795A4 /* WKPreviewElementInfo.m */,
				CCD51E1F1EFFC87000F795A4 /* WKUIDelegate.h */,
				CCD51E201EFFC87000F795A4 /* WKUIDelegate.m */,
				CCD51E211EFFC87000F795A4 /* WKWebView.h */,
				CCD51E221EFFC87000F795A4 /* WKWebView.m */,
				CCD51E231EFFC87000F795A4 /* WKWebViewConfiguration.h */,
				CCD51E241EFFC87000F795A4 /* WKWebViewConfiguration.m */,
				CCD51E251EFFC87000F795A4 /* WKWebViewStub.h */,
				CCD51E261EFFC87000F795A4 /* WKWebViewStub.m */,
				CCD51E271EFFC87000F795A4 /* WKWebViewStubImpl.h */,
				CCD51E281EFFC87000F795A4 /* WKWindowFeatures.h */,
				CCD51E291EFFC87000F795A4 /* WKWindowFeatures.m */,
			);
			path = webkit;
			sourceTree = "<group>";
		};
/* End PBXGroup section */

/* Begin PBXNativeTarget section */
		CCB521F11EF687E5008AC52F /* UIKit4J */ = {
			isa = PBXNativeTarget;
			buildConfigurationList = CCB522091EF687E5008AC52F /* Build configuration list for PBXNativeTarget "UIKit4J" */;
			buildPhases = (
				CCB521EE1EF687E5008AC52F /* Sources */,
				CCB521EF1EF687E5008AC52F /* Frameworks */,
				CCB521F01EF687E5008AC52F /* Resources */,
			);
			buildRules = (
			);
			dependencies = (
			);
			name = UIKit4J;
			productName = UIKit4J;
			productReference = CCB521F21EF687E5008AC52F /* UIKit4J.app */;
			productType = "com.apple.product-type.application";
		};
/* End PBXNativeTarget section */

/* Begin PBXProject section */
		CCB521EA1EF687E5008AC52F /* Project object */ = {
			isa = PBXProject;
			attributes = {
				LastUpgradeCheck = 0830;
				ORGANIZATIONNAME = Chamomile;
				TargetAttributes = {
					CCB521F11EF687E5008AC52F = {
						CreatedOnToolsVersion = 8.3.3;
						DevelopmentTeam = ME833V5D8D;
						ProvisioningStyle = Automatic;
					};
				};
			};
			buildConfigurationList = CCB521ED1EF687E5008AC52F /* Build configuration list for PBXProject "UIKit4J" */;
			compatibilityVersion = "Xcode 3.2";
			developmentRegion = English;
			hasScannedForEncodings = 0;
			knownRegions = (
				en,
				Base,
			);
			mainGroup = CCB521E91EF687E5008AC52F;
			productRefGroup = CCB521F31EF687E5008AC52F /* Products */;
			projectDirPath = "";
			projectRoot = "";
			targets = (
				CCB521F11EF687E5008AC52F /* UIKit4J */,
			);
		};
/* End PBXProject section */

/* Begin PBXResourcesBuildPhase section */
		CCB521F01EF687E5008AC52F /* Resources */ = {
			isa = PBXResourcesBuildPhase;
			buildActionMask = 2147483647;
			files = (
				CCB522051EF687E5008AC52F /* LaunchScreen.storyboard in Resources */,
				CCB522021EF687E5008AC52F /* Assets.xcassets in Resources */,
			);
			runOnlyForDeploymentPostprocessing = 0;
		};
/* End PBXResourcesBuildPhase section */

/* Begin PBXSourcesBuildPhase section */
		CCB521EE1EF687E5008AC52F /* Sources */ = {
			isa = PBXSourcesBuildPhase;
			buildActionMask = 2147483647;
			files = (
				CCD51E5D1EFFC87000F795A4 /* UISliderStub.m in Sources */,
				CCD51E6C1EFFC87000F795A4 /* UIWindow.m in Sources */,
				CCD51E641EFFC87000F795A4 /* UISwitchStub.m in Sources */,
				CCD51E701EFFC87000F795A4 /* WKNavigation.m in Sources */,
				CCD51E461EFFC87000F795A4 /* UIControlEvents.m in Sources */,
				CCD51E671EFFC87000F795A4 /* UIViewContentMode.m in Sources */,
				CCD51E4F1EFFC87000F795A4 /* UIImageView.m in Sources */,
				CCD51E3F1EFFC87000F795A4 /* UIButtonStub.m in Sources */,
				CCD51E391EFFC87000F795A4 /* NSLayoutYAxisAnchor.m in Sources */,
				CCD51E5B1EFFC87000F795A4 /* UIScrollViewStub.m in Sources */,
				CCD51E761EFFC87000F795A4 /* WKOpenPanelParameters.m in Sources */,
				CCD51E4C1EFFC87000F795A4 /* UIEventHandler.m in Sources */,
				CCD51E5F1EFFC87000F795A4 /* UIStackView.m in Sources */,
				CCD51E471EFFC87000F795A4 /* UIControlState.m in Sources */,
				CCD51E4D1EFFC87000F795A4 /* UIFont.m in Sources */,
				CCD51E651EFFC87000F795A4 /* UIView.m in Sources */,
				CCD51E3C1EFFC87000F795A4 /* UIActivityIndicatorView.m in Sources */,
				CCD51E401EFFC87000F795A4 /* UIButtonType.m in Sources */,
				CCB521FD1EF687E5008AC52F /* ViewController.m in Sources */,
				CCD51E511EFFC87000F795A4 /* UILabel.m in Sources */,
				CCD51E581EFFC87000F795A4 /* UIProgressViewStub.m in Sources */,
				CCD51E381EFFC87000F795A4 /* NSLayoutXAxisAnchor.m in Sources */,
				CCD51E5A1EFFC87000F795A4 /* UIScrollView.m in Sources */,
				CCD51E491EFFC87000F795A4 /* UIDatePicker.m in Sources */,
				CCD51E2B1EFFC87000F795A4 /* CGPoint.m in Sources */,
				CCD51E2D1EFFC87000F795A4 /* CGSize.m in Sources */,
				CCD51E7A1EFFC87000F795A4 /* WKWebViewConfiguration.m in Sources */,
				CCD51E361EFFC87000F795A4 /* NSLayoutConstraint.m in Sources */,
				CCD51E621EFFC87000F795A4 /* UIStepperStub.m in Sources */,
				CCD51E351EFFC87000F795A4 /* NSLayoutAnchor.m in Sources */,
				CCD51E6B1EFFC87000F795A4 /* UIViewTintAdjustmentMode.m in Sources */,
				CCD51E4A1EFFC87000F795A4 /* UIDatePickerStub.m in Sources */,
				CCD51E561EFFC87000F795A4 /* UIPickerViewStub.m in Sources */,
				CCD51E3D1EFFC87000F795A4 /* UIActivityIndicatorViewStub.m in Sources */,
				CCD51E411EFFC87000F795A4 /* UIColor.m in Sources */,
				CCD51E6A1EFFC87000F795A4 /* UIViewStub.m in Sources */,
				CCD51E711EFFC87000F795A4 /* WKNavigationAction.m in Sources */,
				CCD51E7B1EFFC87000F795A4 /* WKWebViewStub.m in Sources */,
				CCD51E3A1EFFC87000F795A4 /* NSLineBreakMode.m in Sources */,
				CCD51E631EFFC87000F795A4 /* UISwitch.m in Sources */,
				CCD51E301EFFC87000F795A4 /* NSError.m in Sources */,
				CCD51E2F1EFFC87000F795A4 /* NSAttributedString.m in Sources */,
				CCD51E531EFFC87000F795A4 /* UINavigationController.m in Sources */,
				CCD51E2A1EFFC87000F795A4 /* CGAffineTransform.m in Sources */,
				CCD51E721EFFC87000F795A4 /* WKNavigationActionPolicy.m in Sources */,
				CCD51E321EFFC87000F795A4 /* NSURL.m in Sources */,
				CCD51E331EFFC87000F795A4 /* NSURLRequest.m in Sources */,
				CCD51E681EFFC87000F795A4 /* UIViewController.m in Sources */,
				CCD51E3E1EFFC87000F795A4 /* UIButton.m in Sources */,
				CCD51E771EFFC87000F795A4 /* WKPreviewElementInfo.m in Sources */,
				CCD51E7C1EFFC87000F795A4 /* WKWindowFeatures.m in Sources */,
				CCD51E441EFFC87000F795A4 /* UIControlContentHorizontalAlignment.m in Sources */,
				CCD51E341EFFC87000F795A4 /* Showcase.m in Sources */,
				CCD51E481EFFC87000F795A4 /* UIControlStub.m in Sources */,
				CCD51E571EFFC87000F795A4 /* UIProgressView.m in Sources */,
				CCD51E2E1EFFC87000F795A4 /* NSArray.m in Sources */,
				CCD51E4B1EFFC87000F795A4 /* UIEvent.m in Sources */,
				CCD51E6F1EFFC87000F795A4 /* WKFrameInfo.m in Sources */,
				CCD51E661EFFC87000F795A4 /* UIViewAutoresizing.m in Sources */,
				CCD51E451EFFC87000F795A4 /* UIControlContentVerticalAlignment.m in Sources */,
				CCD51E2C1EFFC87000F795A4 /* CGRect.m in Sources */,
				CCD51E541EFFC87000F795A4 /* UIPageViewController.m in Sources */,
				CCD51E591EFFC87000F795A4 /* UIResponder.m in Sources */,
				CCD51E741EFFC87000F795A4 /* WKNavigationResponse.m in Sources */,
				CCB521FA1EF687E5008AC52F /* AppDelegate.m in Sources */,
				CCD51E731EFFC87000F795A4 /* WKNavigationDelegate.m in Sources */,
				CCD51E611EFFC87000F795A4 /* UIStepper.m in Sources */,
				CCD51E781EFFC87000F795A4 /* WKUIDelegate.m in Sources */,
				CCD51E6D1EFFC87000F795A4 /* NSURLAuthenticationChallenge.m in Sources */,
				CCD51E501EFFC87000F795A4 /* UIImageViewStub.m in Sources */,
				CCD51E5C1EFFC87000F795A4 /* UISlider.m in Sources */,
				CCD51E521EFFC87000F795A4 /* UILabelStub.m in Sources */,
				CCD51E421EFFC87000F795A4 /* UIColorStub.m in Sources */,
				CCD51E3B1EFFC87000F795A4 /* NSTextAlignmentLeft.m in Sources */,
				CCD51E311EFFC87000F795A4 /* NSObject.m in Sources */,
				CCD51E371EFFC87000F795A4 /* NSLayoutDimension.m in Sources */,
				CCD51E5E1EFFC87000F795A4 /* UISplitViewController.m in Sources */,
				CCD51E4E1EFFC87000F795A4 /* UIImage.m in Sources */,
				CCD51E6E1EFFC87000F795A4 /* WKBackForwardList.m in Sources */,
				CCD51E431EFFC87000F795A4 /* UIControl.m in Sources */,
				CCD51E791EFFC87000F795A4 /* WKWebView.m in Sources */,
				CCD51E551EFFC87000F795A4 /* UIPickerView.m in Sources */,
				CCD51E751EFFC87000F795A4 /* WKNavigationResponsePolicy.m in Sources */,
				CCB521F71EF687E5008AC52F /* main.m in Sources */,
				CCD51E691EFFC87000F795A4 /* UIViewControllerStub.m in Sources */,
				CCD51E601EFFC87000F795A4 /* UIStackViewStub.m in Sources */,
			);
			runOnlyForDeploymentPostprocessing = 0;
		};
/* End PBXSourcesBuildPhase section */

/* Begin PBXVariantGroup section */
		CCB522031EF687E5008AC52F /* LaunchScreen.storyboard */ = {
			isa = PBXVariantGroup;
			children = (
				CCB522041EF687E5008AC52F /* Base */,
			);
			name = LaunchScreen.storyboard;
			sourceTree = "<group>";
		};
/* End PBXVariantGroup section */

/* Begin XCBuildConfiguration section */
		CCB522071EF687E5008AC52F /* Debug */ = {
			isa = XCBuildConfiguration;
			buildSettings = {
				ALWAYS_SEARCH_USER_PATHS = NO;
				CLANG_ANALYZER_NONNULL = YES;
				CLANG_ANALYZER_NUMBER_OBJECT_CONVERSION = YES_AGGRESSIVE;
				CLANG_CXX_LANGUAGE_STANDARD = "gnu++0x";
				CLANG_CXX_LIBRARY = "libc++";
				CLANG_ENABLE_MODULES = YES;
				CLANG_ENABLE_OBJC_ARC = YES;
				CLANG_WARN_BOOL_CONVERSION = YES;
				CLANG_WARN_CONSTANT_CONVERSION = YES;
				CLANG_WARN_DIRECT_OBJC_ISA_USAGE = YES_ERROR;
				CLANG_WARN_DOCUMENTATION_COMMENTS = YES;
				CLANG_WARN_EMPTY_BODY = YES;
				CLANG_WARN_ENUM_CONVERSION = YES;
				CLANG_WARN_INFINITE_RECURSION = YES;
				CLANG_WARN_INT_CONVERSION = YES;
				CLANG_WARN_OBJC_ROOT_CLASS = YES_ERROR;
				CLANG_WARN_SUSPICIOUS_MOVE = YES;
				CLANG_WARN_UNREACHABLE_CODE = YES;
				CLANG_WARN__DUPLICATE_METHOD_MATCH = YES;
				"CODE_SIGN_IDENTITY[sdk=iphoneos*]" = "iPhone Developer";
				COPY_PHASE_STRIP = NO;
				DEBUG_INFORMATION_FORMAT = dwarf;
				ENABLE_STRICT_OBJC_MSGSEND = YES;
				ENABLE_TESTABILITY = YES;
				GCC_C_LANGUAGE_STANDARD = gnu99;
				GCC_DYNAMIC_NO_PIC = NO;
				GCC_NO_COMMON_BLOCKS = YES;
				GCC_OPTIMIZATION_LEVEL = 0;
				GCC_PREPROCESSOR_DEFINITIONS = (
					"DEBUG=1",
					"$(inherited)",
				);
				GCC_WARN_64_TO_32_BIT_CONVERSION = YES;
				GCC_WARN_ABOUT_RETURN_TYPE = YES_ERROR;
				GCC_WARN_UNDECLARED_SELECTOR = YES;
				GCC_WARN_UNINITIALIZED_AUTOS = YES_AGGRESSIVE;
				GCC_WARN_UNUSED_FUNCTION = YES;
				GCC_WARN_UNUSED_VARIABLE = YES;
				IPHONEOS_DEPLOYMENT_TARGET = 10.3;
				MTL_ENABLE_DEBUG_INFO = YES;
				ONLY_ACTIVE_ARCH = YES;
				SDKROOT = iphoneos;
				TARGETED_DEVICE_FAMILY = "1,2";
			};
			name = Debug;
		};
		CCB522081EF687E5008AC52F /* Release */ = {
			isa = XCBuildConfiguration;
			buildSettings = {
				ALWAYS_SEARCH_USER_PATHS = NO;
				CLANG_ANALYZER_NONNULL = YES;
				CLANG_ANALYZER_NUMBER_OBJECT_CONVERSION = YES_AGGRESSIVE;
				CLANG_CXX_LANGUAGE_STANDARD = "gnu++0x";
				CLANG_CXX_LIBRARY = "libc++";
				CLANG_ENABLE_MODULES = YES;
				CLANG_ENABLE_OBJC_ARC = YES;
				CLANG_WARN_BOOL_CONVERSION = YES;
				CLANG_WARN_CONSTANT_CONVERSION = YES;
				CLANG_WARN_DIRECT_OBJC_ISA_USAGE = YES_ERROR;
				CLANG_WARN_DOCUMENTATION_COMMENTS = YES;
				CLANG_WARN_EMPTY_BODY = YES;
				CLANG_WARN_ENUM_CONVERSION = YES;
				CLANG_WARN_INFINITE_RECURSION = YES;
				CLANG_WARN_INT_CONVERSION = YES;
				CLANG_WARN_OBJC_ROOT_CLASS = YES_ERROR;
				CLANG_WARN_SUSPICIOUS_MOVE = YES;
				CLANG_WARN_UNREACHABLE_CODE = YES;
				CLANG_WARN__DUPLICATE_METHOD_MATCH = YES;
				"CODE_SIGN_IDENTITY[sdk=iphoneos*]" = "iPhone Developer";
				COPY_PHASE_STRIP = NO;
				DEBUG_INFORMATION_FORMAT = "dwarf-with-dsym";
				ENABLE_NS_ASSERTIONS = NO;
				ENABLE_STRICT_OBJC_MSGSEND = YES;
				GCC_C_LANGUAGE_STANDARD = gnu99;
				GCC_NO_COMMON_BLOCKS = YES;
				GCC_WARN_64_TO_32_BIT_CONVERSION = YES;
				GCC_WARN_ABOUT_RETURN_TYPE = YES_ERROR;
				GCC_WARN_UNDECLARED_SELECTOR = YES;
				GCC_WARN_UNINITIALIZED_AUTOS = YES_AGGRESSIVE;
				GCC_WARN_UNUSED_FUNCTION = YES;
				GCC_WARN_UNUSED_VARIABLE = YES;
				IPHONEOS_DEPLOYMENT_TARGET = 10.3;
				MTL_ENABLE_DEBUG_INFO = NO;
				SDKROOT = iphoneos;
				TARGETED_DEVICE_FAMILY = "1,2";
				VALIDATE_PRODUCT = YES;
			};
			name = Release;
		};
		CCB5220A1EF687E5008AC52F /* Debug */ = {
			isa = XCBuildConfiguration;
			buildSettings = {
				ALWAYS_SEARCH_USER_PATHS = NO;
				ASSETCATALOG_COMPILER_APPICON_NAME = AppIcon;
				CLANG_ENABLE_OBJC_ARC = NO;
				DEVELOPMENT_TEAM = ME833V5D8D;
				FRAMEWORK_SEARCH_PATHS = "${J2OBJC_HOME}/frameworks";
				HEADER_SEARCH_PATHS = "${J2OBJC_HOME}/include";
				INFOPLIST_FILE = UIKit4J/Info.plist;
				J2OBJC_HOME = "/Users/ggeorg/Applications/j2objc-2.0.1";
				LD_RUNPATH_SEARCH_PATHS = "$(inherited) @executable_path/Frameworks";
				LIBRARY_SEARCH_PATHS = "${J2OBJC_HOME}/lib";
				OTHER_LDFLAGS = "-ljre_emul";
				PRODUCT_BUNDLE_IDENTIFIER = org.chamomile.UIKit4J;
				PRODUCT_NAME = "$(TARGET_NAME)";
				SCAN_ALL_SOURCE_FILES_FOR_INCLUDES = NO;
				USER_HEADER_SEARCH_PATHS = ../build/objc;
			};
			name = Debug;
		};
		CCB5220B1EF687E5008AC52F /* Release */ = {
			isa = XCBuildConfiguration;
			buildSettings = {
				ALWAYS_SEARCH_USER_PATHS = NO;
				ASSETCATALOG_COMPILER_APPICON_NAME = AppIcon;
				CLANG_ENABLE_OBJC_ARC = NO;
				DEVELOPMENT_TEAM = ME833V5D8D;
				FRAMEWORK_SEARCH_PATHS = "${J2OBJC_HOME}/frameworks";
				HEADER_SEARCH_PATHS = "${J2OBJC_HOME}/include";
				INFOPLIST_FILE = UIKit4J/Info.plist;
				J2OBJC_HOME = "/Users/ggeorg/Applications/j2objc-2.0.1";
				LD_RUNPATH_SEARCH_PATHS = "$(inherited) @executable_path/Frameworks";
				LIBRARY_SEARCH_PATHS = "${J2OBJC_HOME}/lib";
				OTHER_LDFLAGS = "-ljre_emul";
				PRODUCT_BUNDLE_IDENTIFIER = org.chamomile.UIKit4J;
				PRODUCT_NAME = "$(TARGET_NAME)";
				SCAN_ALL_SOURCE_FILES_FOR_INCLUDES = NO;
				USER_HEADER_SEARCH_PATHS = ../build/objc;
			};
			name = Release;
		};
/* End XCBuildConfiguration section */

/* Begin XCConfigurationList section */
		CCB521ED1EF687E5008AC52F /* Build configuration list for PBXProject "UIKit4J" */ = {
			isa = XCConfigurationList;
			buildConfigurations = (
				CCB522071EF687E5008AC52F /* Debug */,
				CCB522081EF687E5008AC52F /* Release */,
			);
			defaultConfigurationIsVisible = 0;
			defaultConfigurationName = Release;
		};
		CCB522091EF687E5008AC52F /* Build configuration list for PBXNativeTarget "UIKit4J" */ = {
			isa = XCConfigurationList;
			buildConfigurations = (
				CCB5220A1EF687E5008AC52F /* Debug */,
				CCB5220B1EF687E5008AC52F /* Release */,
			);
			defaultConfigurationIsVisible = 0;
			defaultConfigurationName = Release;
		};
/* End XCConfigurationList section */
	};
	rootObject = CCB521EA1EF687E5008AC52F /* Project object */;
}
