// !$*UTF8*$!
{
	archiveVersion = 1;
	classes = {
	};
	objectVersion = 46;
	objects = {

/* Begin PBXBuildFile section */
		CC11078E1EFD9D8100F92220 /* CGAffineTransform.m in Sources */ = {isa = PBXBuildFile; fileRef = CC1107131EFD9D8100F92220 /* CGAffineTransform.m */; };
		CC11078F1EFD9D8100F92220 /* CGPoint.m in Sources */ = {isa = PBXBuildFile; fileRef = CC1107151EFD9D8100F92220 /* CGPoint.m */; };
		CC1107901EFD9D8100F92220 /* CGRect.m in Sources */ = {isa = PBXBuildFile; fileRef = CC1107171EFD9D8100F92220 /* CGRect.m */; };
		CC1107911EFD9D8100F92220 /* CGSize.m in Sources */ = {isa = PBXBuildFile; fileRef = CC1107191EFD9D8100F92220 /* CGSize.m */; };
		CC1107921EFD9D8100F92220 /* NSArray.m in Sources */ = {isa = PBXBuildFile; fileRef = CC11071C1EFD9D8100F92220 /* NSArray.m */; };
		CC1107931EFD9D8100F92220 /* NSAttributedString.m in Sources */ = {isa = PBXBuildFile; fileRef = CC11071E1EFD9D8100F92220 /* NSAttributedString.m */; };
		CC1107941EFD9D8100F92220 /* NSError.m in Sources */ = {isa = PBXBuildFile; fileRef = CC1107201EFD9D8100F92220 /* NSError.m */; };
		CC1107951EFD9D8100F92220 /* NSObject.m in Sources */ = {isa = PBXBuildFile; fileRef = CC1107221EFD9D8100F92220 /* NSObject.m */; };
		CC1107961EFD9D8100F92220 /* NSURL.m in Sources */ = {isa = PBXBuildFile; fileRef = CC1107241EFD9D8100F92220 /* NSURL.m */; };
		CC1107971EFD9D8100F92220 /* NSURLRequest.m in Sources */ = {isa = PBXBuildFile; fileRef = CC1107261EFD9D8100F92220 /* NSURLRequest.m */; };
		CC1107981EFD9D8100F92220 /* Showcase.m in Sources */ = {isa = PBXBuildFile; fileRef = CC1107281EFD9D8100F92220 /* Showcase.m */; };
		CC1107991EFD9D8100F92220 /* NSLayoutAnchor.m in Sources */ = {isa = PBXBuildFile; fileRef = CC11072B1EFD9D8100F92220 /* NSLayoutAnchor.m */; };
		CC11079A1EFD9D8100F92220 /* NSLayoutConstraint.m in Sources */ = {isa = PBXBuildFile; fileRef = CC11072D1EFD9D8100F92220 /* NSLayoutConstraint.m */; };
		CC11079B1EFD9D8100F92220 /* NSLayoutDimension.m in Sources */ = {isa = PBXBuildFile; fileRef = CC11072F1EFD9D8100F92220 /* NSLayoutDimension.m */; };
		CC11079C1EFD9D8100F92220 /* NSLayoutXAxisAnchor.m in Sources */ = {isa = PBXBuildFile; fileRef = CC1107311EFD9D8100F92220 /* NSLayoutXAxisAnchor.m */; };
		CC11079D1EFD9D8100F92220 /* NSLayoutYAxisAnchor.m in Sources */ = {isa = PBXBuildFile; fileRef = CC1107331EFD9D8100F92220 /* NSLayoutYAxisAnchor.m */; };
		CC11079E1EFD9D8100F92220 /* NSLineBreakMode.m in Sources */ = {isa = PBXBuildFile; fileRef = CC1107351EFD9D8100F92220 /* NSLineBreakMode.m */; };
		CC11079F1EFD9D8100F92220 /* NSTextAlignmentLeft.m in Sources */ = {isa = PBXBuildFile; fileRef = CC1107371EFD9D8100F92220 /* NSTextAlignmentLeft.m */; };
		CC1107A01EFD9D8100F92220 /* UIButton.m in Sources */ = {isa = PBXBuildFile; fileRef = CC1107391EFD9D8100F92220 /* UIButton.m */; };
		CC1107A11EFD9D8100F92220 /* UIButtonStub.m in Sources */ = {isa = PBXBuildFile; fileRef = CC11073B1EFD9D8100F92220 /* UIButtonStub.m */; };
		CC1107A21EFD9D8100F92220 /* UIButtonType.m in Sources */ = {isa = PBXBuildFile; fileRef = CC11073D1EFD9D8100F92220 /* UIButtonType.m */; };
		CC1107A31EFD9D8100F92220 /* UIColor.m in Sources */ = {isa = PBXBuildFile; fileRef = CC11073F1EFD9D8100F92220 /* UIColor.m */; };
		CC1107A41EFD9D8100F92220 /* UIColorStub.m in Sources */ = {isa = PBXBuildFile; fileRef = CC1107411EFD9D8100F92220 /* UIColorStub.m */; };
		CC1107A51EFD9D8100F92220 /* UIControl.m in Sources */ = {isa = PBXBuildFile; fileRef = CC1107431EFD9D8100F92220 /* UIControl.m */; };
		CC1107A61EFD9D8100F92220 /* UIControlContentHorizontalAlignment.m in Sources */ = {isa = PBXBuildFile; fileRef = CC1107451EFD9D8100F92220 /* UIControlContentHorizontalAlignment.m */; };
		CC1107A71EFD9D8100F92220 /* UIControlContentVerticalAlignment.m in Sources */ = {isa = PBXBuildFile; fileRef = CC1107471EFD9D8100F92220 /* UIControlContentVerticalAlignment.m */; };
		CC1107A81EFD9D8100F92220 /* UIControlEvents.m in Sources */ = {isa = PBXBuildFile; fileRef = CC1107491EFD9D8100F92220 /* UIControlEvents.m */; };
		CC1107A91EFD9D8100F92220 /* UIControlState.m in Sources */ = {isa = PBXBuildFile; fileRef = CC11074B1EFD9D8100F92220 /* UIControlState.m */; };
		CC1107AA1EFD9D8100F92220 /* UIControlStub.m in Sources */ = {isa = PBXBuildFile; fileRef = CC11074D1EFD9D8100F92220 /* UIControlStub.m */; };
		CC1107AB1EFD9D8100F92220 /* UIEvent.m in Sources */ = {isa = PBXBuildFile; fileRef = CC1107501EFD9D8100F92220 /* UIEvent.m */; };
		CC1107AC1EFD9D8100F92220 /* UIEventHandler.m in Sources */ = {isa = PBXBuildFile; fileRef = CC1107521EFD9D8100F92220 /* UIEventHandler.m */; };
		CC1107AD1EFD9D8100F92220 /* UIFont.m in Sources */ = {isa = PBXBuildFile; fileRef = CC1107541EFD9D8100F92220 /* UIFont.m */; };
		CC1107AE1EFD9D8100F92220 /* UILabel.m in Sources */ = {isa = PBXBuildFile; fileRef = CC1107561EFD9D8100F92220 /* UILabel.m */; };
		CC1107AF1EFD9D8100F92220 /* UILabelStub.m in Sources */ = {isa = PBXBuildFile; fileRef = CC1107581EFD9D8100F92220 /* UILabelStub.m */; };
		CC1107B01EFD9D8100F92220 /* UINavigationController.m in Sources */ = {isa = PBXBuildFile; fileRef = CC11075A1EFD9D8100F92220 /* UINavigationController.m */; };
		CC1107B11EFD9D8100F92220 /* UIPageViewController.m in Sources */ = {isa = PBXBuildFile; fileRef = CC11075C1EFD9D8100F92220 /* UIPageViewController.m */; };
		CC1107B21EFD9D8100F92220 /* UIResponder.m in Sources */ = {isa = PBXBuildFile; fileRef = CC11075E1EFD9D8100F92220 /* UIResponder.m */; };
		CC1107B31EFD9D8100F92220 /* UIScrollView.m in Sources */ = {isa = PBXBuildFile; fileRef = CC1107601EFD9D8100F92220 /* UIScrollView.m */; };
		CC1107B41EFD9D8100F92220 /* UISplitViewController.m in Sources */ = {isa = PBXBuildFile; fileRef = CC1107621EFD9D8100F92220 /* UISplitViewController.m */; };
		CC1107B51EFD9D8100F92220 /* UIView.m in Sources */ = {isa = PBXBuildFile; fileRef = CC1107641EFD9D8100F92220 /* UIView.m */; };
		CC1107B61EFD9D8100F92220 /* UIViewAutoresizing.m in Sources */ = {isa = PBXBuildFile; fileRef = CC1107661EFD9D8100F92220 /* UIViewAutoresizing.m */; };
		CC1107B71EFD9D8100F92220 /* UIViewContentMode.m in Sources */ = {isa = PBXBuildFile; fileRef = CC1107681EFD9D8100F92220 /* UIViewContentMode.m */; };
		CC1107B81EFD9D8100F92220 /* UIViewController.m in Sources */ = {isa = PBXBuildFile; fileRef = CC11076A1EFD9D8100F92220 /* UIViewController.m */; };
		CC1107B91EFD9D8100F92220 /* UIViewControllerStub.m in Sources */ = {isa = PBXBuildFile; fileRef = CC11076C1EFD9D8100F92220 /* UIViewControllerStub.m */; };
		CC1107BA1EFD9D8100F92220 /* UIViewStub.m in Sources */ = {isa = PBXBuildFile; fileRef = CC11076E1EFD9D8100F92220 /* UIViewStub.m */; };
		CC1107BB1EFD9D8100F92220 /* UIViewTintAdjustmentMode.m in Sources */ = {isa = PBXBuildFile; fileRef = CC1107711EFD9D8100F92220 /* UIViewTintAdjustmentMode.m */; };
		CC1107BC1EFD9D8100F92220 /* UIWindow.m in Sources */ = {isa = PBXBuildFile; fileRef = CC1107731EFD9D8100F92220 /* UIWindow.m */; };
		CC1107BD1EFD9D8100F92220 /* NSURLAuthenticationChallenge.m in Sources */ = {isa = PBXBuildFile; fileRef = CC1107761EFD9D8100F92220 /* NSURLAuthenticationChallenge.m */; };
		CC1107BE1EFD9D8100F92220 /* WKBackForwardList.m in Sources */ = {isa = PBXBuildFile; fileRef = CC1107781EFD9D8100F92220 /* WKBackForwardList.m */; };
		CC1107BF1EFD9D8100F92220 /* WKNavigation.m in Sources */ = {isa = PBXBuildFile; fileRef = CC11077A1EFD9D8100F92220 /* WKNavigation.m */; };
		CC1107C01EFD9D8100F92220 /* WKNavigationAction.m in Sources */ = {isa = PBXBuildFile; fileRef = CC11077C1EFD9D8100F92220 /* WKNavigationAction.m */; };
		CC1107C11EFD9D8100F92220 /* WKNavigationActionPolicy.m in Sources */ = {isa = PBXBuildFile; fileRef = CC11077E1EFD9D8100F92220 /* WKNavigationActionPolicy.m */; };
		CC1107C21EFD9D8100F92220 /* WKNavigationDelegate.m in Sources */ = {isa = PBXBuildFile; fileRef = CC1107801EFD9D8100F92220 /* WKNavigationDelegate.m */; };
		CC1107C31EFD9D8100F92220 /* WKNavigationResponse.m in Sources */ = {isa = PBXBuildFile; fileRef = CC1107821EFD9D8100F92220 /* WKNavigationResponse.m */; };
		CC1107C41EFD9D8100F92220 /* WKNavigationResponsePolicy.m in Sources */ = {isa = PBXBuildFile; fileRef = CC1107841EFD9D8100F92220 /* WKNavigationResponsePolicy.m */; };
		CC1107C51EFD9D8100F92220 /* WKUIDelegate.m in Sources */ = {isa = PBXBuildFile; fileRef = CC1107861EFD9D8100F92220 /* WKUIDelegate.m */; };
		CC1107C61EFD9D8100F92220 /* WKWebView.m in Sources */ = {isa = PBXBuildFile; fileRef = CC1107881EFD9D8100F92220 /* WKWebView.m */; };
		CC1107C71EFD9D8100F92220 /* WKWebViewConfiguration.m in Sources */ = {isa = PBXBuildFile; fileRef = CC11078A1EFD9D8100F92220 /* WKWebViewConfiguration.m */; };
		CC1107C81EFD9D8100F92220 /* WKWebViewStub.m in Sources */ = {isa = PBXBuildFile; fileRef = CC11078C1EFD9D8100F92220 /* WKWebViewStub.m */; };
		CC3431ED1EF6888A00C48A8D /* libiconv.tbd in Frameworks */ = {isa = PBXBuildFile; fileRef = CC3431EC1EF6888A00C48A8D /* libiconv.tbd */; };
		CCB521F71EF687E5008AC52F /* main.m in Sources */ = {isa = PBXBuildFile; fileRef = CCB521F61EF687E5008AC52F /* main.m */; };
		CCB521FA1EF687E5008AC52F /* AppDelegate.m in Sources */ = {isa = PBXBuildFile; fileRef = CCB521F91EF687E5008AC52F /* AppDelegate.m */; };
		CCB521FD1EF687E5008AC52F /* ViewController.m in Sources */ = {isa = PBXBuildFile; fileRef = CCB521FC1EF687E5008AC52F /* ViewController.m */; };
		CCB522021EF687E5008AC52F /* Assets.xcassets in Resources */ = {isa = PBXBuildFile; fileRef = CCB522011EF687E5008AC52F /* Assets.xcassets */; };
		CCB522051EF687E5008AC52F /* LaunchScreen.storyboard in Resources */ = {isa = PBXBuildFile; fileRef = CCB522031EF687E5008AC52F /* LaunchScreen.storyboard */; };
/* End PBXBuildFile section */

/* Begin PBXFileReference section */
		CC1107121EFD9D8100F92220 /* CGAffineTransform.h */ = {isa = PBXFileReference; fileEncoding = 4; lastKnownFileType = sourcecode.c.h; path = CGAffineTransform.h; sourceTree = "<group>"; };
		CC1107131EFD9D8100F92220 /* CGAffineTransform.m */ = {isa = PBXFileReference; fileEncoding = 4; lastKnownFileType = sourcecode.c.objc; path = CGAffineTransform.m; sourceTree = "<group>"; };
		CC1107141EFD9D8100F92220 /* CGPoint.h */ = {isa = PBXFileReference; fileEncoding = 4; lastKnownFileType = sourcecode.c.h; path = CGPoint.h; sourceTree = "<group>"; };
		CC1107151EFD9D8100F92220 /* CGPoint.m */ = {isa = PBXFileReference; fileEncoding = 4; lastKnownFileType = sourcecode.c.objc; path = CGPoint.m; sourceTree = "<group>"; };
		CC1107161EFD9D8100F92220 /* CGRect.h */ = {isa = PBXFileReference; fileEncoding = 4; lastKnownFileType = sourcecode.c.h; path = CGRect.h; sourceTree = "<group>"; };
		CC1107171EFD9D8100F92220 /* CGRect.m */ = {isa = PBXFileReference; fileEncoding = 4; lastKnownFileType = sourcecode.c.objc; path = CGRect.m; sourceTree = "<group>"; };
		CC1107181EFD9D8100F92220 /* CGSize.h */ = {isa = PBXFileReference; fileEncoding = 4; lastKnownFileType = sourcecode.c.h; path = CGSize.h; sourceTree = "<group>"; };
		CC1107191EFD9D8100F92220 /* CGSize.m */ = {isa = PBXFileReference; fileEncoding = 4; lastKnownFileType = sourcecode.c.objc; path = CGSize.m; sourceTree = "<group>"; };
		CC11071B1EFD9D8100F92220 /* NSArray.h */ = {isa = PBXFileReference; fileEncoding = 4; lastKnownFileType = sourcecode.c.h; path = NSArray.h; sourceTree = "<group>"; };
		CC11071C1EFD9D8100F92220 /* NSArray.m */ = {isa = PBXFileReference; fileEncoding = 4; lastKnownFileType = sourcecode.c.objc; path = NSArray.m; sourceTree = "<group>"; };
		CC11071D1EFD9D8100F92220 /* NSAttributedString.h */ = {isa = PBXFileReference; fileEncoding = 4; lastKnownFileType = sourcecode.c.h; path = NSAttributedString.h; sourceTree = "<group>"; };
		CC11071E1EFD9D8100F92220 /* NSAttributedString.m */ = {isa = PBXFileReference; fileEncoding = 4; lastKnownFileType = sourcecode.c.objc; path = NSAttributedString.m; sourceTree = "<group>"; };
		CC11071F1EFD9D8100F92220 /* NSError.h */ = {isa = PBXFileReference; fileEncoding = 4; lastKnownFileType = sourcecode.c.h; path = NSError.h; sourceTree = "<group>"; };
		CC1107201EFD9D8100F92220 /* NSError.m */ = {isa = PBXFileReference; fileEncoding = 4; lastKnownFileType = sourcecode.c.objc; path = NSError.m; sourceTree = "<group>"; };
		CC1107211EFD9D8100F92220 /* NSObject.h */ = {isa = PBXFileReference; fileEncoding = 4; lastKnownFileType = sourcecode.c.h; path = NSObject.h; sourceTree = "<group>"; };
		CC1107221EFD9D8100F92220 /* NSObject.m */ = {isa = PBXFileReference; fileEncoding = 4; lastKnownFileType = sourcecode.c.objc; path = NSObject.m; sourceTree = "<group>"; };
		CC1107231EFD9D8100F92220 /* NSURL.h */ = {isa = PBXFileReference; fileEncoding = 4; lastKnownFileType = sourcecode.c.h; path = NSURL.h; sourceTree = "<group>"; };
		CC1107241EFD9D8100F92220 /* NSURL.m */ = {isa = PBXFileReference; fileEncoding = 4; lastKnownFileType = sourcecode.c.objc; path = NSURL.m; sourceTree = "<group>"; };
		CC1107251EFD9D8100F92220 /* NSURLRequest.h */ = {isa = PBXFileReference; fileEncoding = 4; lastKnownFileType = sourcecode.c.h; path = NSURLRequest.h; sourceTree = "<group>"; };
		CC1107261EFD9D8100F92220 /* NSURLRequest.m */ = {isa = PBXFileReference; fileEncoding = 4; lastKnownFileType = sourcecode.c.objc; path = NSURLRequest.m; sourceTree = "<group>"; };
		CC1107271EFD9D8100F92220 /* Showcase.h */ = {isa = PBXFileReference; fileEncoding = 4; lastKnownFileType = sourcecode.c.h; path = Showcase.h; sourceTree = "<group>"; };
		CC1107281EFD9D8100F92220 /* Showcase.m */ = {isa = PBXFileReference; fileEncoding = 4; lastKnownFileType = sourcecode.c.objc; path = Showcase.m; sourceTree = "<group>"; };
		CC11072A1EFD9D8100F92220 /* NSLayoutAnchor.h */ = {isa = PBXFileReference; fileEncoding = 4; lastKnownFileType = sourcecode.c.h; path = NSLayoutAnchor.h; sourceTree = "<group>"; };
		CC11072B1EFD9D8100F92220 /* NSLayoutAnchor.m */ = {isa = PBXFileReference; fileEncoding = 4; lastKnownFileType = sourcecode.c.objc; path = NSLayoutAnchor.m; sourceTree = "<group>"; };
		CC11072C1EFD9D8100F92220 /* NSLayoutConstraint.h */ = {isa = PBXFileReference; fileEncoding = 4; lastKnownFileType = sourcecode.c.h; path = NSLayoutConstraint.h; sourceTree = "<group>"; };
		CC11072D1EFD9D8100F92220 /* NSLayoutConstraint.m */ = {isa = PBXFileReference; fileEncoding = 4; lastKnownFileType = sourcecode.c.objc; path = NSLayoutConstraint.m; sourceTree = "<group>"; };
		CC11072E1EFD9D8100F92220 /* NSLayoutDimension.h */ = {isa = PBXFileReference; fileEncoding = 4; lastKnownFileType = sourcecode.c.h; path = NSLayoutDimension.h; sourceTree = "<group>"; };
		CC11072F1EFD9D8100F92220 /* NSLayoutDimension.m */ = {isa = PBXFileReference; fileEncoding = 4; lastKnownFileType = sourcecode.c.objc; path = NSLayoutDimension.m; sourceTree = "<group>"; };
		CC1107301EFD9D8100F92220 /* NSLayoutXAxisAnchor.h */ = {isa = PBXFileReference; fileEncoding = 4; lastKnownFileType = sourcecode.c.h; path = NSLayoutXAxisAnchor.h; sourceTree = "<group>"; };
		CC1107311EFD9D8100F92220 /* NSLayoutXAxisAnchor.m */ = {isa = PBXFileReference; fileEncoding = 4; lastKnownFileType = sourcecode.c.objc; path = NSLayoutXAxisAnchor.m; sourceTree = "<group>"; };
		CC1107321EFD9D8100F92220 /* NSLayoutYAxisAnchor.h */ = {isa = PBXFileReference; fileEncoding = 4; lastKnownFileType = sourcecode.c.h; path = NSLayoutYAxisAnchor.h; sourceTree = "<group>"; };
		CC1107331EFD9D8100F92220 /* NSLayoutYAxisAnchor.m */ = {isa = PBXFileReference; fileEncoding = 4; lastKnownFileType = sourcecode.c.objc; path = NSLayoutYAxisAnchor.m; sourceTree = "<group>"; };
		CC1107341EFD9D8100F92220 /* NSLineBreakMode.h */ = {isa = PBXFileReference; fileEncoding = 4; lastKnownFileType = sourcecode.c.h; path = NSLineBreakMode.h; sourceTree = "<group>"; };
		CC1107351EFD9D8100F92220 /* NSLineBreakMode.m */ = {isa = PBXFileReference; fileEncoding = 4; lastKnownFileType = sourcecode.c.objc; path = NSLineBreakMode.m; sourceTree = "<group>"; };
		CC1107361EFD9D8100F92220 /* NSTextAlignmentLeft.h */ = {isa = PBXFileReference; fileEncoding = 4; lastKnownFileType = sourcecode.c.h; path = NSTextAlignmentLeft.h; sourceTree = "<group>"; };
		CC1107371EFD9D8100F92220 /* NSTextAlignmentLeft.m */ = {isa = PBXFileReference; fileEncoding = 4; lastKnownFileType = sourcecode.c.objc; path = NSTextAlignmentLeft.m; sourceTree = "<group>"; };
		CC1107381EFD9D8100F92220 /* UIButton.h */ = {isa = PBXFileReference; fileEncoding = 4; lastKnownFileType = sourcecode.c.h; path = UIButton.h; sourceTree = "<group>"; };
		CC1107391EFD9D8100F92220 /* UIButton.m */ = {isa = PBXFileReference; fileEncoding = 4; lastKnownFileType = sourcecode.c.objc; path = UIButton.m; sourceTree = "<group>"; };
		CC11073A1EFD9D8100F92220 /* UIButtonStub.h */ = {isa = PBXFileReference; fileEncoding = 4; lastKnownFileType = sourcecode.c.h; path = UIButtonStub.h; sourceTree = "<group>"; };
		CC11073B1EFD9D8100F92220 /* UIButtonStub.m */ = {isa = PBXFileReference; fileEncoding = 4; lastKnownFileType = sourcecode.c.objc; path = UIButtonStub.m; sourceTree = "<group>"; };
		CC11073C1EFD9D8100F92220 /* UIButtonType.h */ = {isa = PBXFileReference; fileEncoding = 4; lastKnownFileType = sourcecode.c.h; path = UIButtonType.h; sourceTree = "<group>"; };
		CC11073D1EFD9D8100F92220 /* UIButtonType.m */ = {isa = PBXFileReference; fileEncoding = 4; lastKnownFileType = sourcecode.c.objc; path = UIButtonType.m; sourceTree = "<group>"; };
		CC11073E1EFD9D8100F92220 /* UIColor.h */ = {isa = PBXFileReference; fileEncoding = 4; lastKnownFileType = sourcecode.c.h; path = UIColor.h; sourceTree = "<group>"; };
		CC11073F1EFD9D8100F92220 /* UIColor.m */ = {isa = PBXFileReference; fileEncoding = 4; lastKnownFileType = sourcecode.c.objc; path = UIColor.m; sourceTree = "<group>"; };
		CC1107401EFD9D8100F92220 /* UIColorStub.h */ = {isa = PBXFileReference; fileEncoding = 4; lastKnownFileType = sourcecode.c.h; path = UIColorStub.h; sourceTree = "<group>"; };
		CC1107411EFD9D8100F92220 /* UIColorStub.m */ = {isa = PBXFileReference; fileEncoding = 4; lastKnownFileType = sourcecode.c.objc; path = UIColorStub.m; sourceTree = "<group>"; };
		CC1107421EFD9D8100F92220 /* UIControl.h */ = {isa = PBXFileReference; fileEncoding = 4; lastKnownFileType = sourcecode.c.h; path = UIControl.h; sourceTree = "<group>"; };
		CC1107431EFD9D8100F92220 /* UIControl.m */ = {isa = PBXFileReference; fileEncoding = 4; lastKnownFileType = sourcecode.c.objc; path = UIControl.m; sourceTree = "<group>"; };
		CC1107441EFD9D8100F92220 /* UIControlContentHorizontalAlignment.h */ = {isa = PBXFileReference; fileEncoding = 4; lastKnownFileType = sourcecode.c.h; path = UIControlContentHorizontalAlignment.h; sourceTree = "<group>"; };
		CC1107451EFD9D8100F92220 /* UIControlContentHorizontalAlignment.m */ = {isa = PBXFileReference; fileEncoding = 4; lastKnownFileType = sourcecode.c.objc; path = UIControlContentHorizontalAlignment.m; sourceTree = "<group>"; };
		CC1107461EFD9D8100F92220 /* UIControlContentVerticalAlignment.h */ = {isa = PBXFileReference; fileEncoding = 4; lastKnownFileType = sourcecode.c.h; path = UIControlContentVerticalAlignment.h; sourceTree = "<group>"; };
		CC1107471EFD9D8100F92220 /* UIControlContentVerticalAlignment.m */ = {isa = PBXFileReference; fileEncoding = 4; lastKnownFileType = sourcecode.c.objc; path = UIControlContentVerticalAlignment.m; sourceTree = "<group>"; };
		CC1107481EFD9D8100F92220 /* UIControlEvents.h */ = {isa = PBXFileReference; fileEncoding = 4; lastKnownFileType = sourcecode.c.h; path = UIControlEvents.h; sourceTree = "<group>"; };
		CC1107491EFD9D8100F92220 /* UIControlEvents.m */ = {isa = PBXFileReference; fileEncoding = 4; lastKnownFileType = sourcecode.c.objc; path = UIControlEvents.m; sourceTree = "<group>"; };
		CC11074A1EFD9D8100F92220 /* UIControlState.h */ = {isa = PBXFileReference; fileEncoding = 4; lastKnownFileType = sourcecode.c.h; path = UIControlState.h; sourceTree = "<group>"; };
		CC11074B1EFD9D8100F92220 /* UIControlState.m */ = {isa = PBXFileReference; fileEncoding = 4; lastKnownFileType = sourcecode.c.objc; path = UIControlState.m; sourceTree = "<group>"; };
		CC11074C1EFD9D8100F92220 /* UIControlStub.h */ = {isa = PBXFileReference; fileEncoding = 4; lastKnownFileType = sourcecode.c.h; path = UIControlStub.h; sourceTree = "<group>"; };
		CC11074D1EFD9D8100F92220 /* UIControlStub.m */ = {isa = PBXFileReference; fileEncoding = 4; lastKnownFileType = sourcecode.c.objc; path = UIControlStub.m; sourceTree = "<group>"; };
		CC11074E1EFD9D8100F92220 /* UIControlStubImpl.h */ = {isa = PBXFileReference; fileEncoding = 4; lastKnownFileType = sourcecode.c.h; path = UIControlStubImpl.h; sourceTree = "<group>"; };
		CC11074F1EFD9D8100F92220 /* UIEvent.h */ = {isa = PBXFileReference; fileEncoding = 4; lastKnownFileType = sourcecode.c.h; path = UIEvent.h; sourceTree = "<group>"; };
		CC1107501EFD9D8100F92220 /* UIEvent.m */ = {isa = PBXFileReference; fileEncoding = 4; lastKnownFileType = sourcecode.c.objc; path = UIEvent.m; sourceTree = "<group>"; };
		CC1107511EFD9D8100F92220 /* UIEventHandler.h */ = {isa = PBXFileReference; fileEncoding = 4; lastKnownFileType = sourcecode.c.h; path = UIEventHandler.h; sourceTree = "<group>"; };
		CC1107521EFD9D8100F92220 /* UIEventHandler.m */ = {isa = PBXFileReference; fileEncoding = 4; lastKnownFileType = sourcecode.c.objc; path = UIEventHandler.m; sourceTree = "<group>"; };
		CC1107531EFD9D8100F92220 /* UIFont.h */ = {isa = PBXFileReference; fileEncoding = 4; lastKnownFileType = sourcecode.c.h; path = UIFont.h; sourceTree = "<group>"; };
		CC1107541EFD9D8100F92220 /* UIFont.m */ = {isa = PBXFileReference; fileEncoding = 4; lastKnownFileType = sourcecode.c.objc; path = UIFont.m; sourceTree = "<group>"; };
		CC1107551EFD9D8100F92220 /* UILabel.h */ = {isa = PBXFileReference; fileEncoding = 4; lastKnownFileType = sourcecode.c.h; path = UILabel.h; sourceTree = "<group>"; };
		CC1107561EFD9D8100F92220 /* UILabel.m */ = {isa = PBXFileReference; fileEncoding = 4; lastKnownFileType = sourcecode.c.objc; path = UILabel.m; sourceTree = "<group>"; };
		CC1107571EFD9D8100F92220 /* UILabelStub.h */ = {isa = PBXFileReference; fileEncoding = 4; lastKnownFileType = sourcecode.c.h; path = UILabelStub.h; sourceTree = "<group>"; };
		CC1107581EFD9D8100F92220 /* UILabelStub.m */ = {isa = PBXFileReference; fileEncoding = 4; lastKnownFileType = sourcecode.c.objc; path = UILabelStub.m; sourceTree = "<group>"; };
		CC1107591EFD9D8100F92220 /* UINavigationController.h */ = {isa = PBXFileReference; fileEncoding = 4; lastKnownFileType = sourcecode.c.h; path = UINavigationController.h; sourceTree = "<group>"; };
		CC11075A1EFD9D8100F92220 /* UINavigationController.m */ = {isa = PBXFileReference; fileEncoding = 4; lastKnownFileType = sourcecode.c.objc; path = UINavigationController.m; sourceTree = "<group>"; };
		CC11075B1EFD9D8100F92220 /* UIPageViewController.h */ = {isa = PBXFileReference; fileEncoding = 4; lastKnownFileType = sourcecode.c.h; path = UIPageViewController.h; sourceTree = "<group>"; };
		CC11075C1EFD9D8100F92220 /* UIPageViewController.m */ = {isa = PBXFileReference; fileEncoding = 4; lastKnownFileType = sourcecode.c.objc; path = UIPageViewController.m; sourceTree = "<group>"; };
		CC11075D1EFD9D8100F92220 /* UIResponder.h */ = {isa = PBXFileReference; fileEncoding = 4; lastKnownFileType = sourcecode.c.h; path = UIResponder.h; sourceTree = "<group>"; };
		CC11075E1EFD9D8100F92220 /* UIResponder.m */ = {isa = PBXFileReference; fileEncoding = 4; lastKnownFileType = sourcecode.c.objc; path = UIResponder.m; sourceTree = "<group>"; };
		CC11075F1EFD9D8100F92220 /* UIScrollView.h */ = {isa = PBXFileReference; fileEncoding = 4; lastKnownFileType = sourcecode.c.h; path = UIScrollView.h; sourceTree = "<group>"; };
		CC1107601EFD9D8100F92220 /* UIScrollView.m */ = {isa = PBXFileReference; fileEncoding = 4; lastKnownFileType = sourcecode.c.objc; path = UIScrollView.m; sourceTree = "<group>"; };
		CC1107611EFD9D8100F92220 /* UISplitViewController.h */ = {isa = PBXFileReference; fileEncoding = 4; lastKnownFileType = sourcecode.c.h; path = UISplitViewController.h; sourceTree = "<group>"; };
		CC1107621EFD9D8100F92220 /* UISplitViewController.m */ = {isa = PBXFileReference; fileEncoding = 4; lastKnownFileType = sourcecode.c.objc; path = UISplitViewController.m; sourceTree = "<group>"; };
		CC1107631EFD9D8100F92220 /* UIView.h */ = {isa = PBXFileReference; fileEncoding = 4; lastKnownFileType = sourcecode.c.h; path = UIView.h; sourceTree = "<group>"; };
		CC1107641EFD9D8100F92220 /* UIView.m */ = {isa = PBXFileReference; fileEncoding = 4; lastKnownFileType = sourcecode.c.objc; path = UIView.m; sourceTree = "<group>"; };
		CC1107651EFD9D8100F92220 /* UIViewAutoresizing.h */ = {isa = PBXFileReference; fileEncoding = 4; lastKnownFileType = sourcecode.c.h; path = UIViewAutoresizing.h; sourceTree = "<group>"; };
		CC1107661EFD9D8100F92220 /* UIViewAutoresizing.m */ = {isa = PBXFileReference; fileEncoding = 4; lastKnownFileType = sourcecode.c.objc; path = UIViewAutoresizing.m; sourceTree = "<group>"; };
		CC1107671EFD9D8100F92220 /* UIViewContentMode.h */ = {isa = PBXFileReference; fileEncoding = 4; lastKnownFileType = sourcecode.c.h; path = UIViewContentMode.h; sourceTree = "<group>"; };
		CC1107681EFD9D8100F92220 /* UIViewContentMode.m */ = {isa = PBXFileReference; fileEncoding = 4; lastKnownFileType = sourcecode.c.objc; path = UIViewContentMode.m; sourceTree = "<group>"; };
		CC1107691EFD9D8100F92220 /* UIViewController.h */ = {isa = PBXFileReference; fileEncoding = 4; lastKnownFileType = sourcecode.c.h; path = UIViewController.h; sourceTree = "<group>"; };
		CC11076A1EFD9D8100F92220 /* UIViewController.m */ = {isa = PBXFileReference; fileEncoding = 4; lastKnownFileType = sourcecode.c.objc; path = UIViewController.m; sourceTree = "<group>"; };
		CC11076B1EFD9D8100F92220 /* UIViewControllerStub.h */ = {isa = PBXFileReference; fileEncoding = 4; lastKnownFileType = sourcecode.c.h; path = UIViewControllerStub.h; sourceTree = "<group>"; };
		CC11076C1EFD9D8100F92220 /* UIViewControllerStub.m */ = {isa = PBXFileReference; fileEncoding = 4; lastKnownFileType = sourcecode.c.objc; path = UIViewControllerStub.m; sourceTree = "<group>"; };
		CC11076D1EFD9D8100F92220 /* UIViewStub.h */ = {isa = PBXFileReference; fileEncoding = 4; lastKnownFileType = sourcecode.c.h; path = UIViewStub.h; sourceTree = "<group>"; };
		CC11076E1EFD9D8100F92220 /* UIViewStub.m */ = {isa = PBXFileReference; fileEncoding = 4; lastKnownFileType = sourcecode.c.objc; path = UIViewStub.m; sourceTree = "<group>"; };
		CC11076F1EFD9D8100F92220 /* UIViewStubImpl.h */ = {isa = PBXFileReference; fileEncoding = 4; lastKnownFileType = sourcecode.c.h; path = UIViewStubImpl.h; sourceTree = "<group>"; };
		CC1107701EFD9D8100F92220 /* UIViewTintAdjustmentMode.h */ = {isa = PBXFileReference; fileEncoding = 4; lastKnownFileType = sourcecode.c.h; path = UIViewTintAdjustmentMode.h; sourceTree = "<group>"; };
		CC1107711EFD9D8100F92220 /* UIViewTintAdjustmentMode.m */ = {isa = PBXFileReference; fileEncoding = 4; lastKnownFileType = sourcecode.c.objc; path = UIViewTintAdjustmentMode.m; sourceTree = "<group>"; };
		CC1107721EFD9D8100F92220 /* UIWindow.h */ = {isa = PBXFileReference; fileEncoding = 4; lastKnownFileType = sourcecode.c.h; path = UIWindow.h; sourceTree = "<group>"; };
		CC1107731EFD9D8100F92220 /* UIWindow.m */ = {isa = PBXFileReference; fileEncoding = 4; lastKnownFileType = sourcecode.c.objc; path = UIWindow.m; sourceTree = "<group>"; };
		CC1107751EFD9D8100F92220 /* NSURLAuthenticationChallenge.h */ = {isa = PBXFileReference; fileEncoding = 4; lastKnownFileType = sourcecode.c.h; path = NSURLAuthenticationChallenge.h; sourceTree = "<group>"; };
		CC1107761EFD9D8100F92220 /* NSURLAuthenticationChallenge.m */ = {isa = PBXFileReference; fileEncoding = 4; lastKnownFileType = sourcecode.c.objc; path = NSURLAuthenticationChallenge.m; sourceTree = "<group>"; };
		CC1107771EFD9D8100F92220 /* WKBackForwardList.h */ = {isa = PBXFileReference; fileEncoding = 4; lastKnownFileType = sourcecode.c.h; path = WKBackForwardList.h; sourceTree = "<group>"; };
		CC1107781EFD9D8100F92220 /* WKBackForwardList.m */ = {isa = PBXFileReference; fileEncoding = 4; lastKnownFileType = sourcecode.c.objc; path = WKBackForwardList.m; sourceTree = "<group>"; };
		CC1107791EFD9D8100F92220 /* WKNavigation.h */ = {isa = PBXFileReference; fileEncoding = 4; lastKnownFileType = sourcecode.c.h; path = WKNavigation.h; sourceTree = "<group>"; };
		CC11077A1EFD9D8100F92220 /* WKNavigation.m */ = {isa = PBXFileReference; fileEncoding = 4; lastKnownFileType = sourcecode.c.objc; path = WKNavigation.m; sourceTree = "<group>"; };
		CC11077B1EFD9D8100F92220 /* WKNavigationAction.h */ = {isa = PBXFileReference; fileEncoding = 4; lastKnownFileType = sourcecode.c.h; path = WKNavigationAction.h; sourceTree = "<group>"; };
		CC11077C1EFD9D8100F92220 /* WKNavigationAction.m */ = {isa = PBXFileReference; fileEncoding = 4; lastKnownFileType = sourcecode.c.objc; path = WKNavigationAction.m; sourceTree = "<group>"; };
		CC11077D1EFD9D8100F92220 /* WKNavigationActionPolicy.h */ = {isa = PBXFileReference; fileEncoding = 4; lastKnownFileType = sourcecode.c.h; path = WKNavigationActionPolicy.h; sourceTree = "<group>"; };
		CC11077E1EFD9D8100F92220 /* WKNavigationActionPolicy.m */ = {isa = PBXFileReference; fileEncoding = 4; lastKnownFileType = sourcecode.c.objc; path = WKNavigationActionPolicy.m; sourceTree = "<group>"; };
		CC11077F1EFD9D8100F92220 /* WKNavigationDelegate.h */ = {isa = PBXFileReference; fileEncoding = 4; lastKnownFileType = sourcecode.c.h; path = WKNavigationDelegate.h; sourceTree = "<group>"; };
		CC1107801EFD9D8100F92220 /* WKNavigationDelegate.m */ = {isa = PBXFileReference; fileEncoding = 4; lastKnownFileType = sourcecode.c.objc; path = WKNavigationDelegate.m; sourceTree = "<group>"; };
		CC1107811EFD9D8100F92220 /* WKNavigationResponse.h */ = {isa = PBXFileReference; fileEncoding = 4; lastKnownFileType = sourcecode.c.h; path = WKNavigationResponse.h; sourceTree = "<group>"; };
		CC1107821EFD9D8100F92220 /* WKNavigationResponse.m */ = {isa = PBXFileReference; fileEncoding = 4; lastKnownFileType = sourcecode.c.objc; path = WKNavigationResponse.m; sourceTree = "<group>"; };
		CC1107831EFD9D8100F92220 /* WKNavigationResponsePolicy.h */ = {isa = PBXFileReference; fileEncoding = 4; lastKnownFileType = sourcecode.c.h; path = WKNavigationResponsePolicy.h; sourceTree = "<group>"; };
		CC1107841EFD9D8100F92220 /* WKNavigationResponsePolicy.m */ = {isa = PBXFileReference; fileEncoding = 4; lastKnownFileType = sourcecode.c.objc; path = WKNavigationResponsePolicy.m; sourceTree = "<group>"; };
		CC1107851EFD9D8100F92220 /* WKUIDelegate.h */ = {isa = PBXFileReference; fileEncoding = 4; lastKnownFileType = sourcecode.c.h; path = WKUIDelegate.h; sourceTree = "<group>"; };
		CC1107861EFD9D8100F92220 /* WKUIDelegate.m */ = {isa = PBXFileReference; fileEncoding = 4; lastKnownFileType = sourcecode.c.objc; path = WKUIDelegate.m; sourceTree = "<group>"; };
		CC1107871EFD9D8100F92220 /* WKWebView.h */ = {isa = PBXFileReference; fileEncoding = 4; lastKnownFileType = sourcecode.c.h; path = WKWebView.h; sourceTree = "<group>"; };
		CC1107881EFD9D8100F92220 /* WKWebView.m */ = {isa = PBXFileReference; fileEncoding = 4; lastKnownFileType = sourcecode.c.objc; path = WKWebView.m; sourceTree = "<group>"; };
		CC1107891EFD9D8100F92220 /* WKWebViewConfiguration.h */ = {isa = PBXFileReference; fileEncoding = 4; lastKnownFileType = sourcecode.c.h; path = WKWebViewConfiguration.h; sourceTree = "<group>"; };
		CC11078A1EFD9D8100F92220 /* WKWebViewConfiguration.m */ = {isa = PBXFileReference; fileEncoding = 4; lastKnownFileType = sourcecode.c.objc; path = WKWebViewConfiguration.m; sourceTree = "<group>"; };
		CC11078B1EFD9D8100F92220 /* WKWebViewStub.h */ = {isa = PBXFileReference; fileEncoding = 4; lastKnownFileType = sourcecode.c.h; path = WKWebViewStub.h; sourceTree = "<group>"; };
		CC11078C1EFD9D8100F92220 /* WKWebViewStub.m */ = {isa = PBXFileReference; fileEncoding = 4; lastKnownFileType = sourcecode.c.objc; path = WKWebViewStub.m; sourceTree = "<group>"; };
		CC11078D1EFD9D8100F92220 /* WKWebViewStubImpl.h */ = {isa = PBXFileReference; fileEncoding = 4; lastKnownFileType = sourcecode.c.h; path = WKWebViewStubImpl.h; sourceTree = "<group>"; };
		CC3431EC1EF6888A00C48A8D /* libiconv.tbd */ = {isa = PBXFileReference; lastKnownFileType = "sourcecode.text-based-dylib-definition"; name = libiconv.tbd; path = usr/lib/libiconv.tbd; sourceTree = SDKROOT; };
		CCB521F21EF687E5008AC52F /* UIKit4J.app */ = {isa = PBXFileReference; explicitFileType = wrapper.application; includeInIndex = 0; path = UIKit4J.app; sourceTree = BUILT_PRODUCTS_DIR; };
		CCB521F61EF687E5008AC52F /* main.m */ = {isa = PBXFileReference; lastKnownFileType = sourcecode.c.objc; path = main.m; sourceTree = "<group>"; };
		CCB521F81EF687E5008AC52F /* AppDelegate.h */ = {isa = PBXFileReference; lastKnownFileType = sourcecode.c.h; path = AppDelegate.h; sourceTree = "<group>"; };
		CCB521F91EF687E5008AC52F /* AppDelegate.m */ = {isa = PBXFileReference; lastKnownFileType = sourcecode.c.objc; path = AppDelegate.m; sourceTree = "<group>"; };
		CCB521FB1EF687E5008AC52F /* ViewController.h */ = {isa = PBXFileReference; lastKnownFileType = sourcecode.c.h; path = ViewController.h; sourceTree = "<group>"; };
		CCB521FC1EF687E5008AC52F /* ViewController.m */ = {isa = PBXFileReference; lastKnownFileType = sourcecode.c.objc; path = ViewController.m; sourceTree = "<group>"; };
		CCB522011EF687E5008AC52F /* Assets.xcassets */ = {isa = PBXFileReference; lastKnownFileType = folder.assetcatalog; path = Assets.xcassets; sourceTree = "<group>"; };
		CCB522041EF687E5008AC52F /* Base */ = {isa = PBXFileReference; lastKnownFileType = file.storyboard; name = Base; path = Base.lproj/LaunchScreen.storyboard; sourceTree = "<group>"; };
		CCB522061EF687E5008AC52F /* Info.plist */ = {isa = PBXFileReference; lastKnownFileType = text.plist.xml; path = Info.plist; sourceTree = "<group>"; };
/* End PBXFileReference section */

/* Begin PBXFrameworksBuildPhase section */
		CCB521EF1EF687E5008AC52F /* Frameworks */ = {
			isa = PBXFrameworksBuildPhase;
			buildActionMask = 2147483647;
			files = (
				CC3431ED1EF6888A00C48A8D /* libiconv.tbd in Frameworks */,
			);
			runOnlyForDeploymentPostprocessing = 0;
		};
/* End PBXFrameworksBuildPhase section */

/* Begin PBXGroup section */
		CC11070D1EFD9D8100F92220 /* org */ = {
			isa = PBXGroup;
			children = (
				CC11070E1EFD9D8100F92220 /* chamomile */,
			);
			name = org;
			path = ../build/objc/org;
			sourceTree = "<group>";
		};
		CC11070E1EFD9D8100F92220 /* chamomile */ = {
			isa = PBXGroup;
			children = (
				CC11070F1EFD9D8100F92220 /* ios */,
			);
			path = chamomile;
			sourceTree = "<group>";
		};
		CC11070F1EFD9D8100F92220 /* ios */ = {
			isa = PBXGroup;
			children = (
				CC1107101EFD9D8100F92220 /* core */,
				CC11071A1EFD9D8100F92220 /* foundation */,
				CC1107271EFD9D8100F92220 /* Showcase.h */,
				CC1107281EFD9D8100F92220 /* Showcase.m */,
				CC1107291EFD9D8100F92220 /* uikit */,
				CC1107741EFD9D8100F92220 /* webkit */,
			);
			path = ios;
			sourceTree = "<group>";
		};
		CC1107101EFD9D8100F92220 /* core */ = {
			isa = PBXGroup;
			children = (
				CC1107111EFD9D8100F92220 /* graphics */,
			);
			path = core;
			sourceTree = "<group>";
		};
		CC1107111EFD9D8100F92220 /* graphics */ = {
			isa = PBXGroup;
			children = (
				CC1107121EFD9D8100F92220 /* CGAffineTransform.h */,
				CC1107131EFD9D8100F92220 /* CGAffineTransform.m */,
				CC1107141EFD9D8100F92220 /* CGPoint.h */,
				CC1107151EFD9D8100F92220 /* CGPoint.m */,
				CC1107161EFD9D8100F92220 /* CGRect.h */,
				CC1107171EFD9D8100F92220 /* CGRect.m */,
				CC1107181EFD9D8100F92220 /* CGSize.h */,
				CC1107191EFD9D8100F92220 /* CGSize.m */,
			);
			path = graphics;
			sourceTree = "<group>";
		};
		CC11071A1EFD9D8100F92220 /* foundation */ = {
			isa = PBXGroup;
			children = (
				CC11071B1EFD9D8100F92220 /* NSArray.h */,
				CC11071C1EFD9D8100F92220 /* NSArray.m */,
				CC11071D1EFD9D8100F92220 /* NSAttributedString.h */,
				CC11071E1EFD9D8100F92220 /* NSAttributedString.m */,
				CC11071F1EFD9D8100F92220 /* NSError.h */,
				CC1107201EFD9D8100F92220 /* NSError.m */,
				CC1107211EFD9D8100F92220 /* NSObject.h */,
				CC1107221EFD9D8100F92220 /* NSObject.m */,
				CC1107231EFD9D8100F92220 /* NSURL.h */,
				CC1107241EFD9D8100F92220 /* NSURL.m */,
				CC1107251EFD9D8100F92220 /* NSURLRequest.h */,
				CC1107261EFD9D8100F92220 /* NSURLRequest.m */,
			);
			path = foundation;
			sourceTree = "<group>";
		};
		CC1107291EFD9D8100F92220 /* uikit */ = {
			isa = PBXGroup;
			children = (
				CC11072A1EFD9D8100F92220 /* NSLayoutAnchor.h */,
				CC11072B1EFD9D8100F92220 /* NSLayoutAnchor.m */,
				CC11072C1EFD9D8100F92220 /* NSLayoutConstraint.h */,
				CC11072D1EFD9D8100F92220 /* NSLayoutConstraint.m */,
				CC11072E1EFD9D8100F92220 /* NSLayoutDimension.h */,
				CC11072F1EFD9D8100F92220 /* NSLayoutDimension.m */,
				CC1107301EFD9D8100F92220 /* NSLayoutXAxisAnchor.h */,
				CC1107311EFD9D8100F92220 /* NSLayoutXAxisAnchor.m */,
				CC1107321EFD9D8100F92220 /* NSLayoutYAxisAnchor.h */,
				CC1107331EFD9D8100F92220 /* NSLayoutYAxisAnchor.m */,
				CC1107341EFD9D8100F92220 /* NSLineBreakMode.h */,
				CC1107351EFD9D8100F92220 /* NSLineBreakMode.m */,
				CC1107361EFD9D8100F92220 /* NSTextAlignmentLeft.h */,
				CC1107371EFD9D8100F92220 /* NSTextAlignmentLeft.m */,
				CC1107381EFD9D8100F92220 /* UIButton.h */,
				CC1107391EFD9D8100F92220 /* UIButton.m */,
				CC11073A1EFD9D8100F92220 /* UIButtonStub.h */,
				CC11073B1EFD9D8100F92220 /* UIButtonStub.m */,
				CC11073C1EFD9D8100F92220 /* UIButtonType.h */,
				CC11073D1EFD9D8100F92220 /* UIButtonType.m */,
				CC11073E1EFD9D8100F92220 /* UIColor.h */,
				CC11073F1EFD9D8100F92220 /* UIColor.m */,
				CC1107401EFD9D8100F92220 /* UIColorStub.h */,
				CC1107411EFD9D8100F92220 /* UIColorStub.m */,
				CC1107421EFD9D8100F92220 /* UIControl.h */,
				CC1107431EFD9D8100F92220 /* UIControl.m */,
				CC1107441EFD9D8100F92220 /* UIControlContentHorizontalAlignment.h */,
				CC1107451EFD9D8100F92220 /* UIControlContentHorizontalAlignment.m */,
				CC1107461EFD9D8100F92220 /* UIControlContentVerticalAlignment.h */,
				CC1107471EFD9D8100F92220 /* UIControlContentVerticalAlignment.m */,
				CC1107481EFD9D8100F92220 /* UIControlEvents.h */,
				CC1107491EFD9D8100F92220 /* UIControlEvents.m */,
				CC11074A1EFD9D8100F92220 /* UIControlState.h */,
				CC11074B1EFD9D8100F92220 /* UIControlState.m */,
				CC11074C1EFD9D8100F92220 /* UIControlStub.h */,
				CC11074D1EFD9D8100F92220 /* UIControlStub.m */,
				CC11074E1EFD9D8100F92220 /* UIControlStubImpl.h */,
				CC11074F1EFD9D8100F92220 /* UIEvent.h */,
				CC1107501EFD9D8100F92220 /* UIEvent.m */,
				CC1107511EFD9D8100F92220 /* UIEventHandler.h */,
				CC1107521EFD9D8100F92220 /* UIEventHandler.m */,
				CC1107531EFD9D8100F92220 /* UIFont.h */,
				CC1107541EFD9D8100F92220 /* UIFont.m */,
				CC1107551EFD9D8100F92220 /* UILabel.h */,
				CC1107561EFD9D8100F92220 /* UILabel.m */,
				CC1107571EFD9D8100F92220 /* UILabelStub.h */,
				CC1107581EFD9D8100F92220 /* UILabelStub.m */,
				CC1107591EFD9D8100F92220 /* UINavigationController.h */,
				CC11075A1EFD9D8100F92220 /* UINavigationController.m */,
				CC11075B1EFD9D8100F92220 /* UIPageViewController.h */,
				CC11075C1EFD9D8100F92220 /* UIPageViewController.m */,
				CC11075D1EFD9D8100F92220 /* UIResponder.h */,
				CC11075E1EFD9D8100F92220 /* UIResponder.m */,
				CC11075F1EFD9D8100F92220 /* UIScrollView.h */,
				CC1107601EFD9D8100F92220 /* UIScrollView.m */,
				CC1107611EFD9D8100F92220 /* UISplitViewController.h */,
				CC1107621EFD9D8100F92220 /* UISplitViewController.m */,
				CC1107631EFD9D8100F92220 /* UIView.h */,
				CC1107641EFD9D8100F92220 /* UIView.m */,
				CC1107651EFD9D8100F92220 /* UIViewAutoresizing.h */,
				CC1107661EFD9D8100F92220 /* UIViewAutoresizing.m */,
				CC1107671EFD9D8100F92220 /* UIViewContentMode.h */,
				CC1107681EFD9D8100F92220 /* UIViewContentMode.m */,
				CC1107691EFD9D8100F92220 /* UIViewController.h */,
				CC11076A1EFD9D8100F92220 /* UIViewController.m */,
				CC11076B1EFD9D8100F92220 /* UIViewControllerStub.h */,
				CC11076C1EFD9D8100F92220 /* UIViewControllerStub.m */,
				CC11076D1EFD9D8100F92220 /* UIViewStub.h */,
				CC11076E1EFD9D8100F92220 /* UIViewStub.m */,
				CC11076F1EFD9D8100F92220 /* UIViewStubImpl.h */,
				CC1107701EFD9D8100F92220 /* UIViewTintAdjustmentMode.h */,
				CC1107711EFD9D8100F92220 /* UIViewTintAdjustmentMode.m */,
				CC1107721EFD9D8100F92220 /* UIWindow.h */,
				CC1107731EFD9D8100F92220 /* UIWindow.m */,
			);
			path = uikit;
			sourceTree = "<group>";
		};
		CC1107741EFD9D8100F92220 /* webkit */ = {
			isa = PBXGroup;
			children = (
				CC1107751EFD9D8100F92220 /* NSURLAuthenticationChallenge.h */,
				CC1107761EFD9D8100F92220 /* NSURLAuthenticationChallenge.m */,
				CC1107771EFD9D8100F92220 /* WKBackForwardList.h */,
				CC1107781EFD9D8100F92220 /* WKBackForwardList.m */,
				CC1107791EFD9D8100F92220 /* WKNavigation.h */,
				CC11077A1EFD9D8100F92220 /* WKNavigation.m */,
				CC11077B1EFD9D8100F92220 /* WKNavigationAction.h */,
				CC11077C1EFD9D8100F92220 /* WKNavigationAction.m */,
				CC11077D1EFD9D8100F92220 /* WKNavigationActionPolicy.h */,
				CC11077E1EFD9D8100F92220 /* WKNavigationActionPolicy.m */,
				CC11077F1EFD9D8100F92220 /* WKNavigationDelegate.h */,
				CC1107801EFD9D8100F92220 /* WKNavigationDelegate.m */,
				CC1107811EFD9D8100F92220 /* WKNavigationResponse.h */,
				CC1107821EFD9D8100F92220 /* WKNavigationResponse.m */,
				CC1107831EFD9D8100F92220 /* WKNavigationResponsePolicy.h */,
				CC1107841EFD9D8100F92220 /* WKNavigationResponsePolicy.m */,
				CC1107851EFD9D8100F92220 /* WKUIDelegate.h */,
				CC1107861EFD9D8100F92220 /* WKUIDelegate.m */,
				CC1107871EFD9D8100F92220 /* WKWebView.h */,
				CC1107881EFD9D8100F92220 /* WKWebView.m */,
				CC1107891EFD9D8100F92220 /* WKWebViewConfiguration.h */,
				CC11078A1EFD9D8100F92220 /* WKWebViewConfiguration.m */,
				CC11078B1EFD9D8100F92220 /* WKWebViewStub.h */,
				CC11078C1EFD9D8100F92220 /* WKWebViewStub.m */,
				CC11078D1EFD9D8100F92220 /* WKWebViewStubImpl.h */,
			);
			path = webkit;
			sourceTree = "<group>";
		};
		CC3431EB1EF6888A00C48A8D /* Frameworks */ = {
			isa = PBXGroup;
			children = (
				CC3431EC1EF6888A00C48A8D /* libiconv.tbd */,
			);
			name = Frameworks;
			sourceTree = "<group>";
		};
		CC3431EF1EF68D6900C48A8D /* java */ = {
			isa = PBXGroup;
			children = (
				CC11070D1EFD9D8100F92220 /* org */,
			);
			name = java;
			sourceTree = "<group>";
		};
		CCB521E91EF687E5008AC52F = {
			isa = PBXGroup;
			children = (
				CC3431EF1EF68D6900C48A8D /* java */,
				CCB521F41EF687E5008AC52F /* UIKit4J */,
				CCB521F31EF687E5008AC52F /* Products */,
				CC3431EB1EF6888A00C48A8D /* Frameworks */,
			);
			sourceTree = "<group>";
		};
		CCB521F31EF687E5008AC52F /* Products */ = {
			isa = PBXGroup;
			children = (
				CCB521F21EF687E5008AC52F /* UIKit4J.app */,
			);
			name = Products;
			sourceTree = "<group>";
		};
		CCB521F41EF687E5008AC52F /* UIKit4J */ = {
			isa = PBXGroup;
			children = (
				CCB521F81EF687E5008AC52F /* AppDelegate.h */,
				CCB521F91EF687E5008AC52F /* AppDelegate.m */,
				CCB521FB1EF687E5008AC52F /* ViewController.h */,
				CCB521FC1EF687E5008AC52F /* ViewController.m */,
				CCB522011EF687E5008AC52F /* Assets.xcassets */,
				CCB522031EF687E5008AC52F /* LaunchScreen.storyboard */,
				CCB522061EF687E5008AC52F /* Info.plist */,
				CCB521F51EF687E5008AC52F /* Supporting Files */,
			);
			path = UIKit4J;
			sourceTree = "<group>";
		};
		CCB521F51EF687E5008AC52F /* Supporting Files */ = {
			isa = PBXGroup;
			children = (
				CCB521F61EF687E5008AC52F /* main.m */,
			);
			name = "Supporting Files";
			sourceTree = "<group>";
		};
/* End PBXGroup section */

/* Begin PBXNativeTarget section */
		CCB521F11EF687E5008AC52F /* UIKit4J */ = {
			isa = PBXNativeTarget;
			buildConfigurationList = CCB522091EF687E5008AC52F /* Build configuration list for PBXNativeTarget "UIKit4J" */;
			buildPhases = (
				CCB521EE1EF687E5008AC52F /* Sources */,
				CCB521EF1EF687E5008AC52F /* Frameworks */,
				CCB521F01EF687E5008AC52F /* Resources */,
			);
			buildRules = (
			);
			dependencies = (
			);
			name = UIKit4J;
			productName = UIKit4J;
			productReference = CCB521F21EF687E5008AC52F /* UIKit4J.app */;
			productType = "com.apple.product-type.application";
		};
/* End PBXNativeTarget section */

/* Begin PBXProject section */
		CCB521EA1EF687E5008AC52F /* Project object */ = {
			isa = PBXProject;
			attributes = {
				LastUpgradeCheck = 0830;
				ORGANIZATIONNAME = Chamomile;
				TargetAttributes = {
					CCB521F11EF687E5008AC52F = {
						CreatedOnToolsVersion = 8.3.3;
						DevelopmentTeam = ME833V5D8D;
						ProvisioningStyle = Automatic;
					};
				};
			};
			buildConfigurationList = CCB521ED1EF687E5008AC52F /* Build configuration list for PBXProject "UIKit4J" */;
			compatibilityVersion = "Xcode 3.2";
			developmentRegion = English;
			hasScannedForEncodings = 0;
			knownRegions = (
				en,
				Base,
			);
			mainGroup = CCB521E91EF687E5008AC52F;
			productRefGroup = CCB521F31EF687E5008AC52F /* Products */;
			projectDirPath = "";
			projectRoot = "";
			targets = (
				CCB521F11EF687E5008AC52F /* UIKit4J */,
			);
		};
/* End PBXProject section */

/* Begin PBXResourcesBuildPhase section */
		CCB521F01EF687E5008AC52F /* Resources */ = {
			isa = PBXResourcesBuildPhase;
			buildActionMask = 2147483647;
			files = (
				CCB522051EF687E5008AC52F /* LaunchScreen.storyboard in Resources */,
				CCB522021EF687E5008AC52F /* Assets.xcassets in Resources */,
			);
			runOnlyForDeploymentPostprocessing = 0;
		};
/* End PBXResourcesBuildPhase section */

/* Begin PBXSourcesBuildPhase section */
		CCB521EE1EF687E5008AC52F /* Sources */ = {
			isa = PBXSourcesBuildPhase;
			buildActionMask = 2147483647;
			files = (
				CC1107C51EFD9D8100F92220 /* WKUIDelegate.m in Sources */,
				CC1107C81EFD9D8100F92220 /* WKWebViewStub.m in Sources */,
				CC1107B61EFD9D8100F92220 /* UIViewAutoresizing.m in Sources */,
				CC11079D1EFD9D8100F92220 /* NSLayoutYAxisAnchor.m in Sources */,
				CC1107A51EFD9D8100F92220 /* UIControl.m in Sources */,
				CC1107AE1EFD9D8100F92220 /* UILabel.m in Sources */,
				CCB521FD1EF687E5008AC52F /* ViewController.m in Sources */,
				CC1107AC1EFD9D8100F92220 /* UIEventHandler.m in Sources */,
				CC11079C1EFD9D8100F92220 /* NSLayoutXAxisAnchor.m in Sources */,
				CC1107A31EFD9D8100F92220 /* UIColor.m in Sources */,
				CC11078F1EFD9D8100F92220 /* CGPoint.m in Sources */,
				CC1107B31EFD9D8100F92220 /* UIScrollView.m in Sources */,
				CC1107B41EFD9D8100F92220 /* UISplitViewController.m in Sources */,
				CC1107BC1EFD9D8100F92220 /* UIWindow.m in Sources */,
				CC1107A81EFD9D8100F92220 /* UIControlEvents.m in Sources */,
				CC1107B01EFD9D8100F92220 /* UINavigationController.m in Sources */,
				CC1107AA1EFD9D8100F92220 /* UIControlStub.m in Sources */,
				CC1107BA1EFD9D8100F92220 /* UIViewStub.m in Sources */,
				CC1107AD1EFD9D8100F92220 /* UIFont.m in Sources */,
				CC1107911EFD9D8100F92220 /* CGSize.m in Sources */,
				CC1107A71EFD9D8100F92220 /* UIControlContentVerticalAlignment.m in Sources */,
				CC1107C01EFD9D8100F92220 /* WKNavigationAction.m in Sources */,
				CC11079A1EFD9D8100F92220 /* NSLayoutConstraint.m in Sources */,
				CC1107BD1EFD9D8100F92220 /* NSURLAuthenticationChallenge.m in Sources */,
				CC1107A11EFD9D8100F92220 /* UIButtonStub.m in Sources */,
				CC1107991EFD9D8100F92220 /* NSLayoutAnchor.m in Sources */,
				CC11079E1EFD9D8100F92220 /* NSLineBreakMode.m in Sources */,
				CC1107AF1EFD9D8100F92220 /* UILabelStub.m in Sources */,
				CC1107B11EFD9D8100F92220 /* UIPageViewController.m in Sources */,
				CC1107BE1EFD9D8100F92220 /* WKBackForwardList.m in Sources */,
				CC1107C61EFD9D8100F92220 /* WKWebView.m in Sources */,
				CC1107941EFD9D8100F92220 /* NSError.m in Sources */,
				CC1107931EFD9D8100F92220 /* NSAttributedString.m in Sources */,
				CC11078E1EFD9D8100F92220 /* CGAffineTransform.m in Sources */,
				CC1107AB1EFD9D8100F92220 /* UIEvent.m in Sources */,
				CC1107B21EFD9D8100F92220 /* UIResponder.m in Sources */,
				CC1107B91EFD9D8100F92220 /* UIViewControllerStub.m in Sources */,
				CC1107C31EFD9D8100F92220 /* WKNavigationResponse.m in Sources */,
				CC1107B81EFD9D8100F92220 /* UIViewController.m in Sources */,
				CC1107961EFD9D8100F92220 /* NSURL.m in Sources */,
				CC1107971EFD9D8100F92220 /* NSURLRequest.m in Sources */,
				CC1107A41EFD9D8100F92220 /* UIColorStub.m in Sources */,
				CC1107C21EFD9D8100F92220 /* WKNavigationDelegate.m in Sources */,
				CC1107C41EFD9D8100F92220 /* WKNavigationResponsePolicy.m in Sources */,
				CC1107981EFD9D8100F92220 /* Showcase.m in Sources */,
				CC1107921EFD9D8100F92220 /* NSArray.m in Sources */,
				CC1107B71EFD9D8100F92220 /* UIViewContentMode.m in Sources */,
				CC1107B51EFD9D8100F92220 /* UIView.m in Sources */,
				CC1107BF1EFD9D8100F92220 /* WKNavigation.m in Sources */,
				CC1107C11EFD9D8100F92220 /* WKNavigationActionPolicy.m in Sources */,
				CC1107901EFD9D8100F92220 /* CGRect.m in Sources */,
				CCB521FA1EF687E5008AC52F /* AppDelegate.m in Sources */,
				CC11079F1EFD9D8100F92220 /* NSTextAlignmentLeft.m in Sources */,
				CC1107951EFD9D8100F92220 /* NSObject.m in Sources */,
				CC1107BB1EFD9D8100F92220 /* UIViewTintAdjustmentMode.m in Sources */,
				CC1107A91EFD9D8100F92220 /* UIControlState.m in Sources */,
				CC1107A61EFD9D8100F92220 /* UIControlContentHorizontalAlignment.m in Sources */,
				CC1107A01EFD9D8100F92220 /* UIButton.m in Sources */,
				CC1107A21EFD9D8100F92220 /* UIButtonType.m in Sources */,
				CC11079B1EFD9D8100F92220 /* NSLayoutDimension.m in Sources */,
				CC1107C71EFD9D8100F92220 /* WKWebViewConfiguration.m in Sources */,
				CCB521F71EF687E5008AC52F /* main.m in Sources */,
			);
			runOnlyForDeploymentPostprocessing = 0;
		};
/* End PBXSourcesBuildPhase section */

/* Begin PBXVariantGroup section */
		CCB522031EF687E5008AC52F /* LaunchScreen.storyboard */ = {
			isa = PBXVariantGroup;
			children = (
				CCB522041EF687E5008AC52F /* Base */,
			);
			name = LaunchScreen.storyboard;
			sourceTree = "<group>";
		};
/* End PBXVariantGroup section */

/* Begin XCBuildConfiguration section */
		CCB522071EF687E5008AC52F /* Debug */ = {
			isa = XCBuildConfiguration;
			buildSettings = {
				ALWAYS_SEARCH_USER_PATHS = NO;
				CLANG_ANALYZER_NONNULL = YES;
				CLANG_ANALYZER_NUMBER_OBJECT_CONVERSION = YES_AGGRESSIVE;
				CLANG_CXX_LANGUAGE_STANDARD = "gnu++0x";
				CLANG_CXX_LIBRARY = "libc++";
				CLANG_ENABLE_MODULES = YES;
				CLANG_ENABLE_OBJC_ARC = YES;
				CLANG_WARN_BOOL_CONVERSION = YES;
				CLANG_WARN_CONSTANT_CONVERSION = YES;
				CLANG_WARN_DIRECT_OBJC_ISA_USAGE = YES_ERROR;
				CLANG_WARN_DOCUMENTATION_COMMENTS = YES;
				CLANG_WARN_EMPTY_BODY = YES;
				CLANG_WARN_ENUM_CONVERSION = YES;
				CLANG_WARN_INFINITE_RECURSION = YES;
				CLANG_WARN_INT_CONVERSION = YES;
				CLANG_WARN_OBJC_ROOT_CLASS = YES_ERROR;
				CLANG_WARN_SUSPICIOUS_MOVE = YES;
				CLANG_WARN_UNREACHABLE_CODE = YES;
				CLANG_WARN__DUPLICATE_METHOD_MATCH = YES;
				"CODE_SIGN_IDENTITY[sdk=iphoneos*]" = "iPhone Developer";
				COPY_PHASE_STRIP = NO;
				DEBUG_INFORMATION_FORMAT = dwarf;
				ENABLE_STRICT_OBJC_MSGSEND = YES;
				ENABLE_TESTABILITY = YES;
				GCC_C_LANGUAGE_STANDARD = gnu99;
				GCC_DYNAMIC_NO_PIC = NO;
				GCC_NO_COMMON_BLOCKS = YES;
				GCC_OPTIMIZATION_LEVEL = 0;
				GCC_PREPROCESSOR_DEFINITIONS = (
					"DEBUG=1",
					"$(inherited)",
				);
				GCC_WARN_64_TO_32_BIT_CONVERSION = YES;
				GCC_WARN_ABOUT_RETURN_TYPE = YES_ERROR;
				GCC_WARN_UNDECLARED_SELECTOR = YES;
				GCC_WARN_UNINITIALIZED_AUTOS = YES_AGGRESSIVE;
				GCC_WARN_UNUSED_FUNCTION = YES;
				GCC_WARN_UNUSED_VARIABLE = YES;
				IPHONEOS_DEPLOYMENT_TARGET = 10.3;
				MTL_ENABLE_DEBUG_INFO = YES;
				ONLY_ACTIVE_ARCH = YES;
				SDKROOT = iphoneos;
				TARGETED_DEVICE_FAMILY = "1,2";
			};
			name = Debug;
		};
		CCB522081EF687E5008AC52F /* Release */ = {
			isa = XCBuildConfiguration;
			buildSettings = {
				ALWAYS_SEARCH_USER_PATHS = NO;
				CLANG_ANALYZER_NONNULL = YES;
				CLANG_ANALYZER_NUMBER_OBJECT_CONVERSION = YES_AGGRESSIVE;
				CLANG_CXX_LANGUAGE_STANDARD = "gnu++0x";
				CLANG_CXX_LIBRARY = "libc++";
				CLANG_ENABLE_MODULES = YES;
				CLANG_ENABLE_OBJC_ARC = YES;
				CLANG_WARN_BOOL_CONVERSION = YES;
				CLANG_WARN_CONSTANT_CONVERSION = YES;
				CLANG_WARN_DIRECT_OBJC_ISA_USAGE = YES_ERROR;
				CLANG_WARN_DOCUMENTATION_COMMENTS = YES;
				CLANG_WARN_EMPTY_BODY = YES;
				CLANG_WARN_ENUM_CONVERSION = YES;
				CLANG_WARN_INFINITE_RECURSION = YES;
				CLANG_WARN_INT_CONVERSION = YES;
				CLANG_WARN_OBJC_ROOT_CLASS = YES_ERROR;
				CLANG_WARN_SUSPICIOUS_MOVE = YES;
				CLANG_WARN_UNREACHABLE_CODE = YES;
				CLANG_WARN__DUPLICATE_METHOD_MATCH = YES;
				"CODE_SIGN_IDENTITY[sdk=iphoneos*]" = "iPhone Developer";
				COPY_PHASE_STRIP = NO;
				DEBUG_INFORMATION_FORMAT = "dwarf-with-dsym";
				ENABLE_NS_ASSERTIONS = NO;
				ENABLE_STRICT_OBJC_MSGSEND = YES;
				GCC_C_LANGUAGE_STANDARD = gnu99;
				GCC_NO_COMMON_BLOCKS = YES;
				GCC_WARN_64_TO_32_BIT_CONVERSION = YES;
				GCC_WARN_ABOUT_RETURN_TYPE = YES_ERROR;
				GCC_WARN_UNDECLARED_SELECTOR = YES;
				GCC_WARN_UNINITIALIZED_AUTOS = YES_AGGRESSIVE;
				GCC_WARN_UNUSED_FUNCTION = YES;
				GCC_WARN_UNUSED_VARIABLE = YES;
				IPHONEOS_DEPLOYMENT_TARGET = 10.3;
				MTL_ENABLE_DEBUG_INFO = NO;
				SDKROOT = iphoneos;
				TARGETED_DEVICE_FAMILY = "1,2";
				VALIDATE_PRODUCT = YES;
			};
			name = Release;
		};
		CCB5220A1EF687E5008AC52F /* Debug */ = {
			isa = XCBuildConfiguration;
			buildSettings = {
				ALWAYS_SEARCH_USER_PATHS = NO;
				ASSETCATALOG_COMPILER_APPICON_NAME = AppIcon;
				CLANG_ENABLE_OBJC_ARC = NO;
				DEVELOPMENT_TEAM = ME833V5D8D;
				FRAMEWORK_SEARCH_PATHS = "${J2OBJC_HOME}/frameworks";
				HEADER_SEARCH_PATHS = "${J2OBJC_HOME}/include";
				INFOPLIST_FILE = UIKit4J/Info.plist;
				J2OBJC_HOME = "/Users/ggeorg/Applications/j2objc-2.0.1";
				LD_RUNPATH_SEARCH_PATHS = "$(inherited) @executable_path/Frameworks";
				LIBRARY_SEARCH_PATHS = "${J2OBJC_HOME}/lib";
				OTHER_LDFLAGS = "-ljre_emul";
				PRODUCT_BUNDLE_IDENTIFIER = org.chamomile.UIKit4J;
				PRODUCT_NAME = "$(TARGET_NAME)";
				SCAN_ALL_SOURCE_FILES_FOR_INCLUDES = NO;
				USER_HEADER_SEARCH_PATHS = ../build/objc;
			};
			name = Debug;
		};
		CCB5220B1EF687E5008AC52F /* Release */ = {
			isa = XCBuildConfiguration;
			buildSettings = {
				ALWAYS_SEARCH_USER_PATHS = NO;
				ASSETCATALOG_COMPILER_APPICON_NAME = AppIcon;
				CLANG_ENABLE_OBJC_ARC = NO;
				DEVELOPMENT_TEAM = ME833V5D8D;
				FRAMEWORK_SEARCH_PATHS = "${J2OBJC_HOME}/frameworks";
				HEADER_SEARCH_PATHS = "${J2OBJC_HOME}/include";
				INFOPLIST_FILE = UIKit4J/Info.plist;
				J2OBJC_HOME = "/Users/ggeorg/Applications/j2objc-2.0.1";
				LD_RUNPATH_SEARCH_PATHS = "$(inherited) @executable_path/Frameworks";
				LIBRARY_SEARCH_PATHS = "${J2OBJC_HOME}/lib";
				OTHER_LDFLAGS = "-ljre_emul";
				PRODUCT_BUNDLE_IDENTIFIER = org.chamomile.UIKit4J;
				PRODUCT_NAME = "$(TARGET_NAME)";
				SCAN_ALL_SOURCE_FILES_FOR_INCLUDES = NO;
				USER_HEADER_SEARCH_PATHS = ../build/objc;
			};
			name = Release;
		};
/* End XCBuildConfiguration section */

/* Begin XCConfigurationList section */
		CCB521ED1EF687E5008AC52F /* Build configuration list for PBXProject "UIKit4J" */ = {
			isa = XCConfigurationList;
			buildConfigurations = (
				CCB522071EF687E5008AC52F /* Debug */,
				CCB522081EF687E5008AC52F /* Release */,
			);
			defaultConfigurationIsVisible = 0;
			defaultConfigurationName = Release;
		};
		CCB522091EF687E5008AC52F /* Build configuration list for PBXNativeTarget "UIKit4J" */ = {
			isa = XCConfigurationList;
			buildConfigurations = (
				CCB5220A1EF687E5008AC52F /* Debug */,
				CCB5220B1EF687E5008AC52F /* Release */,
			);
			defaultConfigurationIsVisible = 0;
			defaultConfigurationName = Release;
		};
/* End XCConfigurationList section */
	};
	rootObject = CCB521EA1EF687E5008AC52F /* Project object */;
}
